{
  "version": 4,
  "terraform_version": "1.3.5",
  "serial": 1670,
  "lineage": "49201a48-c0ad-7ca8-6b18-fa8c7ac80393",
  "outputs": {
    "ansible_inventory": {
      "value": "[controllers]\n172.16.102.145 ansible_host=172.16.102.145 ansible_user=vxw59196\n172.16.102.158 ansible_host=172.16.102.158 ansible_user=vxw59196\n172.16.102.95 ansible_host=172.16.102.95 ansible_user=vxw59196\n\n[workers]\n172.16.102.97 ansible_host=172.16.102.97 ansible_user=vxw59196\n172.16.102.174 ansible_host=172.16.102.174 ansible_user=vxw59196\n172.16.102.131 ansible_host=172.16.102.131 ansible_user=vxw59196\n172.16.113.58 ansible_host=172.16.113.58 ansible_user=vxw59196\n172.16.102.80 ansible_host=172.16.102.80 ansible_user=vxw59196\n172.16.102.233 ansible_host=172.16.102.233 ansible_user=vxw59196\n172.16.102.124 ansible_host=172.16.102.124 ansible_user=vxw59196\n172.16.102.161 ansible_host=172.16.102.161 ansible_user=vxw59196\n172.16.113.112 ansible_host=172.16.113.112 ansible_user=vxw59196\n172.16.102.242 ansible_host=172.16.102.242 ansible_user=vxw59196\n172.16.102.231 ansible_host=172.16.102.231 ansible_user=vxw59196\n172.16.113.242 ansible_host=172.16.113.242 ansible_user=vxw59196\n172.16.112.211 ansible_host=172.16.112.211 ansible_user=vxw59196\n172.16.102.204 ansible_host=172.16.102.204 ansible_user=vxw59196\n172.16.102.159 ansible_host=172.16.102.159 ansible_user=vxw59196\n172.16.113.87 ansible_host=172.16.113.87 ansible_user=vxw59196\n\n[loadbalancer]\n172.16.102.222 ansible_host=172.16.102.222 ansible_user=vxw59196",
      "type": "string"
    },
    "haproxy_config": {
      "value": "frontend kubeAPI\n    bind :6443\n    mode tcp\n    default_backend kubeAPI_backend\nfrontend konnectivity\n    bind :8132\n    mode tcp\n    default_backend konnectivity_backend\nfrontend controllerJoinAPI\n    bind :9443\n    mode tcp\n    default_backend controllerJoinAPI_backend\n\nbackend kubeAPI_backend\n    mode tcp\n    server k0s-controller-1 172.16.102.145:6443 check check-ssl verify none\n    server k0s-controller-2 172.16.102.158:6443 check check-ssl verify none\n    server k0s-controller-3 172.16.102.95:6443 check check-ssl verify none\nbackend konnectivity_backend\n    mode tcp\n    server k0s-controller-1 172.16.102.145:8132 check check-ssl verify none\n    server k0s-controller-2 172.16.102.158:8132 check check-ssl verify none\n    server k0s-controller-3 172.16.102.95:8132 check check-ssl verify none\nbackend controllerJoinAPI_backend\n    mode tcp\n    server k0s-controller-1 172.16.102.145:9443 check check-ssl verify none\n    server k0s-controller-2 172.16.102.158:9443 check check-ssl verify none\n    server k0s-controller-3 172.16.102.95:9443 check check-ssl verify none\n\nlisten stats\n   bind *:9000\n   mode http\n   stats enable\n   stats uri /",
      "type": "string"
    },
    "k0s_cluster": {
      "value": "\"apiVersion\": \"k0sctl.k0sproject.io/v1beta1\"\n\"kind\": \"cluster\"\n\"metadata\":\n  \"name\": \"k0s-cluster\"\n\"spec\":\n  \"hosts\":\n  - \"role\": \"controller\"\n    \"ssh\":\n      \"address\": \"172.16.102.145\"\n      \"port\": 22\n      \"user\": \"vxw59196\"\n  - \"role\": \"controller\"\n    \"ssh\":\n      \"address\": \"172.16.102.158\"\n      \"port\": 22\n      \"user\": \"vxw59196\"\n  - \"role\": \"controller\"\n    \"ssh\":\n      \"address\": \"172.16.102.95\"\n      \"port\": 22\n      \"user\": \"vxw59196\"\n  - \"role\": \"worker\"\n    \"ssh\":\n      \"address\": \"172.16.102.97\"\n      \"port\": 22\n      \"user\": \"vxw59196\"\n  - \"role\": \"worker\"\n    \"ssh\":\n      \"address\": \"172.16.102.174\"\n      \"port\": 22\n      \"user\": \"vxw59196\"\n  - \"role\": \"worker\"\n    \"ssh\":\n      \"address\": \"172.16.102.131\"\n      \"port\": 22\n      \"user\": \"vxw59196\"\n  - \"role\": \"worker\"\n    \"ssh\":\n      \"address\": \"172.16.113.58\"\n      \"port\": 22\n      \"user\": \"vxw59196\"\n  - \"role\": \"worker\"\n    \"ssh\":\n      \"address\": \"172.16.102.80\"\n      \"port\": 22\n      \"user\": \"vxw59196\"\n  - \"role\": \"worker\"\n    \"ssh\":\n      \"address\": \"172.16.102.233\"\n      \"port\": 22\n      \"user\": \"vxw59196\"\n  - \"role\": \"worker\"\n    \"ssh\":\n      \"address\": \"172.16.102.124\"\n      \"port\": 22\n      \"user\": \"vxw59196\"\n  - \"role\": \"worker\"\n    \"ssh\":\n      \"address\": \"172.16.102.161\"\n      \"port\": 22\n      \"user\": \"vxw59196\"\n  - \"role\": \"worker\"\n    \"ssh\":\n      \"address\": \"172.16.113.112\"\n      \"port\": 22\n      \"user\": \"vxw59196\"\n  - \"role\": \"worker\"\n    \"ssh\":\n      \"address\": \"172.16.102.242\"\n      \"port\": 22\n      \"user\": \"vxw59196\"\n  - \"role\": \"worker\"\n    \"ssh\":\n      \"address\": \"172.16.102.231\"\n      \"port\": 22\n      \"user\": \"vxw59196\"\n  - \"role\": \"worker\"\n    \"ssh\":\n      \"address\": \"172.16.113.242\"\n      \"port\": 22\n      \"user\": \"vxw59196\"\n  - \"role\": \"worker\"\n    \"ssh\":\n      \"address\": \"172.16.112.211\"\n      \"port\": 22\n      \"user\": \"vxw59196\"\n  - \"role\": \"worker\"\n    \"ssh\":\n      \"address\": \"172.16.102.204\"\n      \"port\": 22\n      \"user\": \"vxw59196\"\n  - \"role\": \"worker\"\n    \"ssh\":\n      \"address\": \"172.16.102.159\"\n      \"port\": 22\n      \"user\": \"vxw59196\"\n  - \"role\": \"worker\"\n    \"ssh\":\n      \"address\": \"172.16.113.87\"\n      \"port\": 22\n      \"user\": \"vxw59196\"\n  \"k0s\":\n    \"config\":\n      \"apiVersion\": \"k0s.k0sproject.io/v1beta1\"\n      \"kind\": \"cluster\"\n      \"metadata\":\n        \"name\": \"k0s\"\n      \"spec\":\n        \"api\":\n          \"externalAddress\": \"172.16.102.222\"\n          \"sans\": \"172.16.102.222\"\n        \"network\":\n          \"provider\": \"custom\"\n    \"dynamicConfig\": false\n    \"version\": \"1.25.6+k0s.0\"\n",
      "type": "string"
    }
  },
  "resources": [
    {
      "mode": "managed",
      "type": "openstack_compute_instance_v2",
      "name": "k0s-app-workers",
      "provider": "provider[\"registry.terraform.io/terraform-provider-openstack/openstack\"]",
      "instances": [
        {
          "index_key": 0,
          "schema_version": 0,
          "attributes": {
            "access_ip_v4": "172.16.102.97",
            "access_ip_v6": "",
            "admin_pass": null,
            "all_metadata": {},
            "all_tags": [],
            "availability_zone": "ceph",
            "availability_zone_hints": null,
            "block_device": [],
            "config_drive": null,
            "flavor_id": "eb971b0d-c346-449f-b847-e0446132881e",
            "flavor_name": "l2.tiny",
            "floating_ip": null,
            "force_delete": false,
            "id": "570d2e15-51c3-49de-8053-ae43b7055e92",
            "image_id": "505b750a-5a85-45dc-a519-6c1261d3bd34",
            "image_name": "ubuntu-focal-20.04-nogui",
            "key_pair": "vxw59196",
            "metadata": null,
            "name": "k0s-app-worker-1",
            "network": [
              {
                "access_network": false,
                "fixed_ip_v4": "172.16.102.97",
                "fixed_ip_v6": "",
                "floating_ip": "",
                "mac": "fa:ca:ad:c4:b3:8d",
                "name": "Internal",
                "port": "",
                "uuid": ""
              }
            ],
            "network_mode": null,
            "personality": [],
            "power_state": "active",
            "region": "RegionOne",
            "scheduler_hints": [],
            "security_groups": [
              "use-host-firewall"
            ],
            "stop_before_destroy": false,
            "tags": null,
            "timeouts": null,
            "user_data": null,
            "vendor_options": [],
            "volume": []
          },
          "sensitive_attributes": [],
          "private": "eyJlMmJmYjczMC1lY2FhLTExZTYtOGY4OC0zNDM2M2JjN2M0YzAiOnsiY3JlYXRlIjoxODAwMDAwMDAwMDAwLCJkZWxldGUiOjE4MDAwMDAwMDAwMDAsInVwZGF0ZSI6MTgwMDAwMDAwMDAwMH19",
          "dependencies": [
            "openstack_compute_keypair_v2.keypair"
          ]
        },
        {
          "index_key": 1,
          "schema_version": 0,
          "attributes": {
            "access_ip_v4": "172.16.102.174",
            "access_ip_v6": "",
            "admin_pass": null,
            "all_metadata": {},
            "all_tags": [],
            "availability_zone": "ceph",
            "availability_zone_hints": null,
            "block_device": [],
            "config_drive": null,
            "flavor_id": "eb971b0d-c346-449f-b847-e0446132881e",
            "flavor_name": "l2.tiny",
            "floating_ip": null,
            "force_delete": false,
            "id": "b8193179-6030-485c-ab7e-f6a184ca51ed",
            "image_id": "505b750a-5a85-45dc-a519-6c1261d3bd34",
            "image_name": "ubuntu-focal-20.04-nogui",
            "key_pair": "vxw59196",
            "metadata": null,
            "name": "k0s-app-worker-2",
            "network": [
              {
                "access_network": false,
                "fixed_ip_v4": "172.16.102.174",
                "fixed_ip_v6": "",
                "floating_ip": "",
                "mac": "fa:ca:ad:53:8d:d8",
                "name": "Internal",
                "port": "",
                "uuid": ""
              }
            ],
            "network_mode": null,
            "personality": [],
            "power_state": "active",
            "region": "RegionOne",
            "scheduler_hints": [],
            "security_groups": [
              "use-host-firewall"
            ],
            "stop_before_destroy": false,
            "tags": null,
            "timeouts": null,
            "user_data": null,
            "vendor_options": [],
            "volume": []
          },
          "sensitive_attributes": [],
          "private": "eyJlMmJmYjczMC1lY2FhLTExZTYtOGY4OC0zNDM2M2JjN2M0YzAiOnsiY3JlYXRlIjoxODAwMDAwMDAwMDAwLCJkZWxldGUiOjE4MDAwMDAwMDAwMDAsInVwZGF0ZSI6MTgwMDAwMDAwMDAwMH19",
          "dependencies": [
            "openstack_compute_keypair_v2.keypair"
          ]
        },
        {
          "index_key": 2,
          "schema_version": 0,
          "attributes": {
            "access_ip_v4": "172.16.102.131",
            "access_ip_v6": "",
            "admin_pass": null,
            "all_metadata": {},
            "all_tags": [],
            "availability_zone": "ceph",
            "availability_zone_hints": null,
            "block_device": [],
            "config_drive": null,
            "flavor_id": "eb971b0d-c346-449f-b847-e0446132881e",
            "flavor_name": "l2.tiny",
            "floating_ip": null,
            "force_delete": false,
            "id": "cf57a7e6-0d0f-4581-8666-16df02fae926",
            "image_id": "505b750a-5a85-45dc-a519-6c1261d3bd34",
            "image_name": "ubuntu-focal-20.04-nogui",
            "key_pair": "vxw59196",
            "metadata": null,
            "name": "k0s-app-worker-3",
            "network": [
              {
                "access_network": false,
                "fixed_ip_v4": "172.16.102.131",
                "fixed_ip_v6": "",
                "floating_ip": "",
                "mac": "fa:ca:ad:7e:3b:6b",
                "name": "Internal",
                "port": "",
                "uuid": ""
              }
            ],
            "network_mode": null,
            "personality": [],
            "power_state": "active",
            "region": "RegionOne",
            "scheduler_hints": [],
            "security_groups": [
              "use-host-firewall"
            ],
            "stop_before_destroy": false,
            "tags": null,
            "timeouts": null,
            "user_data": null,
            "vendor_options": [],
            "volume": []
          },
          "sensitive_attributes": [],
          "private": "eyJlMmJmYjczMC1lY2FhLTExZTYtOGY4OC0zNDM2M2JjN2M0YzAiOnsiY3JlYXRlIjoxODAwMDAwMDAwMDAwLCJkZWxldGUiOjE4MDAwMDAwMDAwMDAsInVwZGF0ZSI6MTgwMDAwMDAwMDAwMH19",
          "dependencies": [
            "openstack_compute_keypair_v2.keypair"
          ]
        },
        {
          "index_key": 3,
          "schema_version": 0,
          "attributes": {
            "access_ip_v4": "172.16.113.58",
            "access_ip_v6": "",
            "admin_pass": null,
            "all_metadata": {},
            "all_tags": [],
            "availability_zone": "ceph",
            "availability_zone_hints": null,
            "block_device": [],
            "config_drive": null,
            "flavor_id": "eb971b0d-c346-449f-b847-e0446132881e",
            "flavor_name": "l2.tiny",
            "floating_ip": null,
            "force_delete": false,
            "id": "8ed08e26-6aef-4331-b54c-b5a83ad3fe7e",
            "image_id": "505b750a-5a85-45dc-a519-6c1261d3bd34",
            "image_name": "ubuntu-focal-20.04-nogui",
            "key_pair": "vxw59196",
            "metadata": null,
            "name": "k0s-app-worker-4",
            "network": [
              {
                "access_network": false,
                "fixed_ip_v4": "172.16.113.58",
                "fixed_ip_v6": "",
                "floating_ip": "",
                "mac": "fa:ca:ad:f8:86:2e",
                "name": "Internal",
                "port": "",
                "uuid": ""
              }
            ],
            "network_mode": null,
            "personality": [],
            "power_state": "active",
            "region": "RegionOne",
            "scheduler_hints": [],
            "security_groups": [
              "use-host-firewall"
            ],
            "stop_before_destroy": false,
            "tags": null,
            "timeouts": null,
            "user_data": null,
            "vendor_options": [],
            "volume": []
          },
          "sensitive_attributes": [],
          "private": "eyJlMmJmYjczMC1lY2FhLTExZTYtOGY4OC0zNDM2M2JjN2M0YzAiOnsiY3JlYXRlIjoxODAwMDAwMDAwMDAwLCJkZWxldGUiOjE4MDAwMDAwMDAwMDAsInVwZGF0ZSI6MTgwMDAwMDAwMDAwMH19",
          "dependencies": [
            "openstack_compute_keypair_v2.keypair"
          ]
        },
        {
          "index_key": 4,
          "schema_version": 0,
          "attributes": {
            "access_ip_v4": "172.16.102.80",
            "access_ip_v6": "",
            "admin_pass": null,
            "all_metadata": {},
            "all_tags": [],
            "availability_zone": "ceph",
            "availability_zone_hints": null,
            "block_device": [],
            "config_drive": null,
            "flavor_id": "eb971b0d-c346-449f-b847-e0446132881e",
            "flavor_name": "l2.tiny",
            "floating_ip": null,
            "force_delete": false,
            "id": "00370077-e06c-47c6-9035-3fcc701e12b5",
            "image_id": "505b750a-5a85-45dc-a519-6c1261d3bd34",
            "image_name": "ubuntu-focal-20.04-nogui",
            "key_pair": "vxw59196",
            "metadata": null,
            "name": "k0s-app-worker-5",
            "network": [
              {
                "access_network": false,
                "fixed_ip_v4": "172.16.102.80",
                "fixed_ip_v6": "",
                "floating_ip": "",
                "mac": "fa:ca:ad:d0:7c:f2",
                "name": "Internal",
                "port": "",
                "uuid": ""
              }
            ],
            "network_mode": null,
            "personality": [],
            "power_state": "active",
            "region": "RegionOne",
            "scheduler_hints": [],
            "security_groups": [
              "use-host-firewall"
            ],
            "stop_before_destroy": false,
            "tags": null,
            "timeouts": null,
            "user_data": null,
            "vendor_options": [],
            "volume": []
          },
          "sensitive_attributes": [],
          "private": "eyJlMmJmYjczMC1lY2FhLTExZTYtOGY4OC0zNDM2M2JjN2M0YzAiOnsiY3JlYXRlIjoxODAwMDAwMDAwMDAwLCJkZWxldGUiOjE4MDAwMDAwMDAwMDAsInVwZGF0ZSI6MTgwMDAwMDAwMDAwMH19",
          "dependencies": [
            "openstack_compute_keypair_v2.keypair"
          ]
        },
        {
          "index_key": 5,
          "schema_version": 0,
          "attributes": {
            "access_ip_v4": "172.16.102.233",
            "access_ip_v6": "",
            "admin_pass": null,
            "all_metadata": {},
            "all_tags": [],
            "availability_zone": "ceph",
            "availability_zone_hints": null,
            "block_device": [],
            "config_drive": null,
            "flavor_id": "eb971b0d-c346-449f-b847-e0446132881e",
            "flavor_name": "l2.tiny",
            "floating_ip": null,
            "force_delete": false,
            "id": "cc4c5f96-b625-47a1-b2ad-940f2c29338a",
            "image_id": "505b750a-5a85-45dc-a519-6c1261d3bd34",
            "image_name": "ubuntu-focal-20.04-nogui",
            "key_pair": "vxw59196",
            "metadata": null,
            "name": "k0s-app-worker-6",
            "network": [
              {
                "access_network": false,
                "fixed_ip_v4": "172.16.102.233",
                "fixed_ip_v6": "",
                "floating_ip": "",
                "mac": "fa:ca:ad:0d:c5:b6",
                "name": "Internal",
                "port": "",
                "uuid": ""
              }
            ],
            "network_mode": null,
            "personality": [],
            "power_state": "active",
            "region": "RegionOne",
            "scheduler_hints": [],
            "security_groups": [
              "use-host-firewall"
            ],
            "stop_before_destroy": false,
            "tags": null,
            "timeouts": null,
            "user_data": null,
            "vendor_options": [],
            "volume": []
          },
          "sensitive_attributes": [],
          "private": "eyJlMmJmYjczMC1lY2FhLTExZTYtOGY4OC0zNDM2M2JjN2M0YzAiOnsiY3JlYXRlIjoxODAwMDAwMDAwMDAwLCJkZWxldGUiOjE4MDAwMDAwMDAwMDAsInVwZGF0ZSI6MTgwMDAwMDAwMDAwMH19",
          "dependencies": [
            "openstack_compute_keypair_v2.keypair"
          ]
        }
      ]
    },
    {
      "mode": "managed",
      "type": "openstack_compute_instance_v2",
      "name": "k0s-controllers",
      "provider": "provider[\"registry.terraform.io/terraform-provider-openstack/openstack\"]",
      "instances": [
        {
          "index_key": 0,
          "schema_version": 0,
          "attributes": {
            "access_ip_v4": "172.16.102.145",
            "access_ip_v6": "",
            "admin_pass": null,
            "all_metadata": {},
            "all_tags": [],
            "availability_zone": "ceph",
            "availability_zone_hints": null,
            "block_device": [],
            "config_drive": null,
            "flavor_id": "300f36c7-603d-4c69-80d1-1dc610c309b8",
            "flavor_name": "l3.micro",
            "floating_ip": null,
            "force_delete": false,
            "id": "065ed435-c3cc-4cfc-9d1e-637b0cf3a578",
            "image_id": "505b750a-5a85-45dc-a519-6c1261d3bd34",
            "image_name": "ubuntu-focal-20.04-nogui",
            "key_pair": "vxw59196",
            "metadata": null,
            "name": "k0s-controller-1",
            "network": [
              {
                "access_network": false,
                "fixed_ip_v4": "172.16.102.145",
                "fixed_ip_v6": "",
                "floating_ip": "",
                "mac": "fa:ca:ad:58:7f:cd",
                "name": "Internal",
                "port": "",
                "uuid": ""
              }
            ],
            "network_mode": null,
            "personality": [],
            "power_state": "active",
            "region": "RegionOne",
            "scheduler_hints": [
              {
                "additional_properties": null,
                "build_near_host_ip": "",
                "different_cell": [],
                "different_host": [],
                "group": "d4578c7e-d9ff-4c86-8345-7e4157211a0b",
                "query": [],
                "same_host": [],
                "target_cell": ""
              }
            ],
            "security_groups": [
              "use-host-firewall"
            ],
            "stop_before_destroy": false,
            "tags": null,
            "timeouts": null,
            "user_data": null,
            "vendor_options": [],
            "volume": []
          },
          "sensitive_attributes": [],
          "private": "eyJlMmJmYjczMC1lY2FhLTExZTYtOGY4OC0zNDM2M2JjN2M0YzAiOnsiY3JlYXRlIjoxODAwMDAwMDAwMDAwLCJkZWxldGUiOjE4MDAwMDAwMDAwMDAsInVwZGF0ZSI6MTgwMDAwMDAwMDAwMH19",
          "dependencies": [
            "openstack_compute_keypair_v2.keypair",
            "openstack_compute_servergroup_v2.controllers-group"
          ]
        },
        {
          "index_key": 1,
          "schema_version": 0,
          "attributes": {
            "access_ip_v4": "172.16.102.158",
            "access_ip_v6": "",
            "admin_pass": null,
            "all_metadata": {},
            "all_tags": [],
            "availability_zone": "ceph",
            "availability_zone_hints": null,
            "block_device": [],
            "config_drive": null,
            "flavor_id": "300f36c7-603d-4c69-80d1-1dc610c309b8",
            "flavor_name": "l3.micro",
            "floating_ip": null,
            "force_delete": false,
            "id": "a28129d4-06ea-408c-8cc9-595e9058af47",
            "image_id": "505b750a-5a85-45dc-a519-6c1261d3bd34",
            "image_name": "ubuntu-focal-20.04-nogui",
            "key_pair": "vxw59196",
            "metadata": null,
            "name": "k0s-controller-2",
            "network": [
              {
                "access_network": false,
                "fixed_ip_v4": "172.16.102.158",
                "fixed_ip_v6": "",
                "floating_ip": "",
                "mac": "fa:ca:ad:5a:d4:a0",
                "name": "Internal",
                "port": "",
                "uuid": ""
              }
            ],
            "network_mode": null,
            "personality": [],
            "power_state": "active",
            "region": "RegionOne",
            "scheduler_hints": [
              {
                "additional_properties": null,
                "build_near_host_ip": "",
                "different_cell": [],
                "different_host": [],
                "group": "d4578c7e-d9ff-4c86-8345-7e4157211a0b",
                "query": [],
                "same_host": [],
                "target_cell": ""
              }
            ],
            "security_groups": [
              "use-host-firewall"
            ],
            "stop_before_destroy": false,
            "tags": null,
            "timeouts": null,
            "user_data": null,
            "vendor_options": [],
            "volume": []
          },
          "sensitive_attributes": [],
          "private": "eyJlMmJmYjczMC1lY2FhLTExZTYtOGY4OC0zNDM2M2JjN2M0YzAiOnsiY3JlYXRlIjoxODAwMDAwMDAwMDAwLCJkZWxldGUiOjE4MDAwMDAwMDAwMDAsInVwZGF0ZSI6MTgwMDAwMDAwMDAwMH19",
          "dependencies": [
            "openstack_compute_keypair_v2.keypair",
            "openstack_compute_servergroup_v2.controllers-group"
          ]
        },
        {
          "index_key": 2,
          "schema_version": 0,
          "attributes": {
            "access_ip_v4": "172.16.102.95",
            "access_ip_v6": "",
            "admin_pass": null,
            "all_metadata": {},
            "all_tags": [],
            "availability_zone": "ceph",
            "availability_zone_hints": null,
            "block_device": [],
            "config_drive": null,
            "flavor_id": "300f36c7-603d-4c69-80d1-1dc610c309b8",
            "flavor_name": "l3.micro",
            "floating_ip": null,
            "force_delete": false,
            "id": "81a9d6f4-f4b0-431d-a7ed-09c3fea4b1d3",
            "image_id": "505b750a-5a85-45dc-a519-6c1261d3bd34",
            "image_name": "ubuntu-focal-20.04-nogui",
            "key_pair": "vxw59196",
            "metadata": null,
            "name": "k0s-controller-3",
            "network": [
              {
                "access_network": false,
                "fixed_ip_v4": "172.16.102.95",
                "fixed_ip_v6": "",
                "floating_ip": "",
                "mac": "fa:ca:ad:28:61:99",
                "name": "Internal",
                "port": "",
                "uuid": ""
              }
            ],
            "network_mode": null,
            "personality": [],
            "power_state": "active",
            "region": "RegionOne",
            "scheduler_hints": [
              {
                "additional_properties": null,
                "build_near_host_ip": "",
                "different_cell": [],
                "different_host": [],
                "group": "d4578c7e-d9ff-4c86-8345-7e4157211a0b",
                "query": [],
                "same_host": [],
                "target_cell": ""
              }
            ],
            "security_groups": [
              "use-host-firewall"
            ],
            "stop_before_destroy": false,
            "tags": null,
            "timeouts": null,
            "user_data": null,
            "vendor_options": [],
            "volume": []
          },
          "sensitive_attributes": [],
          "private": "eyJlMmJmYjczMC1lY2FhLTExZTYtOGY4OC0zNDM2M2JjN2M0YzAiOnsiY3JlYXRlIjoxODAwMDAwMDAwMDAwLCJkZWxldGUiOjE4MDAwMDAwMDAwMDAsInVwZGF0ZSI6MTgwMDAwMDAwMDAwMH19",
          "dependencies": [
            "openstack_compute_keypair_v2.keypair",
            "openstack_compute_servergroup_v2.controllers-group"
          ]
        }
      ]
    },
    {
      "mode": "managed",
      "type": "openstack_compute_instance_v2",
      "name": "k0s-load-balancer",
      "provider": "provider[\"registry.terraform.io/terraform-provider-openstack/openstack\"]",
      "instances": [
        {
          "schema_version": 0,
          "attributes": {
            "access_ip_v4": "172.16.102.222",
            "access_ip_v6": "",
            "admin_pass": null,
            "all_metadata": {},
            "all_tags": [],
            "availability_zone": "ceph",
            "availability_zone_hints": null,
            "block_device": [],
            "config_drive": null,
            "flavor_id": "300f36c7-603d-4c69-80d1-1dc610c309b8",
            "flavor_name": "l3.micro",
            "floating_ip": null,
            "force_delete": false,
            "id": "65c8a9db-196f-427f-a14e-0c01fa2a8df1",
            "image_id": "505b750a-5a85-45dc-a519-6c1261d3bd34",
            "image_name": "ubuntu-focal-20.04-nogui",
            "key_pair": "vxw59196",
            "metadata": null,
            "name": "k0s-load-balancer",
            "network": [
              {
                "access_network": false,
                "fixed_ip_v4": "172.16.102.222",
                "fixed_ip_v6": "",
                "floating_ip": "",
                "mac": "fa:ca:ad:60:d9:b1",
                "name": "Internal",
                "port": "",
                "uuid": ""
              }
            ],
            "network_mode": null,
            "personality": [],
            "power_state": "active",
            "region": "RegionOne",
            "scheduler_hints": [],
            "security_groups": [
              "use-host-firewall"
            ],
            "stop_before_destroy": false,
            "tags": null,
            "timeouts": null,
            "user_data": null,
            "vendor_options": [],
            "volume": []
          },
          "sensitive_attributes": [],
          "private": "eyJlMmJmYjczMC1lY2FhLTExZTYtOGY4OC0zNDM2M2JjN2M0YzAiOnsiY3JlYXRlIjoxODAwMDAwMDAwMDAwLCJkZWxldGUiOjE4MDAwMDAwMDAwMDAsInVwZGF0ZSI6MTgwMDAwMDAwMDAwMH19",
          "dependencies": [
            "openstack_compute_keypair_v2.keypair"
          ]
        }
      ]
    },
    {
      "mode": "managed",
      "type": "openstack_compute_instance_v2",
      "name": "k0s-queue-workers",
      "provider": "provider[\"registry.terraform.io/terraform-provider-openstack/openstack\"]",
      "instances": [
        {
          "index_key": 0,
          "schema_version": 0,
          "attributes": {
            "access_ip_v4": "172.16.102.124",
            "access_ip_v6": "",
            "admin_pass": null,
            "all_metadata": {},
            "all_tags": [],
            "availability_zone": "ceph",
            "availability_zone_hints": null,
            "block_device": [],
            "config_drive": null,
            "flavor_id": "56786106-b241-4d27-893f-c81c8d57bd05",
            "flavor_name": "l2.small",
            "floating_ip": null,
            "force_delete": false,
            "id": "1a89ecd1-ba73-4418-bd40-e6b6ce9352f6",
            "image_id": "505b750a-5a85-45dc-a519-6c1261d3bd34",
            "image_name": "ubuntu-focal-20.04-nogui",
            "key_pair": "vxw59196",
            "metadata": null,
            "name": "k0s-queue-worker-1",
            "network": [
              {
                "access_network": false,
                "fixed_ip_v4": "172.16.102.124",
                "fixed_ip_v6": "",
                "floating_ip": "",
                "mac": "fa:ca:ad:fc:35:b5",
                "name": "Internal",
                "port": "",
                "uuid": ""
              }
            ],
            "network_mode": null,
            "personality": [],
            "power_state": "active",
            "region": "RegionOne",
            "scheduler_hints": [],
            "security_groups": [
              "use-host-firewall"
            ],
            "stop_before_destroy": false,
            "tags": null,
            "timeouts": null,
            "user_data": null,
            "vendor_options": [],
            "volume": []
          },
          "sensitive_attributes": [],
          "private": "eyJlMmJmYjczMC1lY2FhLTExZTYtOGY4OC0zNDM2M2JjN2M0YzAiOnsiY3JlYXRlIjoxODAwMDAwMDAwMDAwLCJkZWxldGUiOjE4MDAwMDAwMDAwMDAsInVwZGF0ZSI6MTgwMDAwMDAwMDAwMH19",
          "dependencies": [
            "openstack_compute_keypair_v2.keypair"
          ]
        },
        {
          "index_key": 1,
          "schema_version": 0,
          "attributes": {
            "access_ip_v4": "172.16.102.161",
            "access_ip_v6": "",
            "admin_pass": null,
            "all_metadata": {},
            "all_tags": [],
            "availability_zone": "ceph",
            "availability_zone_hints": null,
            "block_device": [],
            "config_drive": null,
            "flavor_id": "56786106-b241-4d27-893f-c81c8d57bd05",
            "flavor_name": "l2.small",
            "floating_ip": null,
            "force_delete": false,
            "id": "167ddde3-eea6-4877-9d88-f1f7043a2f87",
            "image_id": "505b750a-5a85-45dc-a519-6c1261d3bd34",
            "image_name": "ubuntu-focal-20.04-nogui",
            "key_pair": "vxw59196",
            "metadata": null,
            "name": "k0s-queue-worker-2",
            "network": [
              {
                "access_network": false,
                "fixed_ip_v4": "172.16.102.161",
                "fixed_ip_v6": "",
                "floating_ip": "",
                "mac": "fa:ca:ad:d2:7a:d0",
                "name": "Internal",
                "port": "",
                "uuid": ""
              }
            ],
            "network_mode": null,
            "personality": [],
            "power_state": "active",
            "region": "RegionOne",
            "scheduler_hints": [],
            "security_groups": [
              "use-host-firewall"
            ],
            "stop_before_destroy": false,
            "tags": null,
            "timeouts": null,
            "user_data": null,
            "vendor_options": [],
            "volume": []
          },
          "sensitive_attributes": [],
          "private": "eyJlMmJmYjczMC1lY2FhLTExZTYtOGY4OC0zNDM2M2JjN2M0YzAiOnsiY3JlYXRlIjoxODAwMDAwMDAwMDAwLCJkZWxldGUiOjE4MDAwMDAwMDAwMDAsInVwZGF0ZSI6MTgwMDAwMDAwMDAwMH19",
          "dependencies": [
            "openstack_compute_keypair_v2.keypair"
          ]
        },
        {
          "index_key": 2,
          "schema_version": 0,
          "attributes": {
            "access_ip_v4": "172.16.113.112",
            "access_ip_v6": "",
            "admin_pass": null,
            "all_metadata": {},
            "all_tags": [],
            "availability_zone": "ceph",
            "availability_zone_hints": null,
            "block_device": [],
            "config_drive": null,
            "flavor_id": "56786106-b241-4d27-893f-c81c8d57bd05",
            "flavor_name": "l2.small",
            "floating_ip": null,
            "force_delete": false,
            "id": "b5efe077-28be-49bb-815a-e21e6ba3d308",
            "image_id": "505b750a-5a85-45dc-a519-6c1261d3bd34",
            "image_name": "ubuntu-focal-20.04-nogui",
            "key_pair": "vxw59196",
            "metadata": null,
            "name": "k0s-queue-worker-3",
            "network": [
              {
                "access_network": false,
                "fixed_ip_v4": "172.16.113.112",
                "fixed_ip_v6": "",
                "floating_ip": "",
                "mac": "fa:ca:ad:1d:73:c2",
                "name": "Internal",
                "port": "",
                "uuid": ""
              }
            ],
            "network_mode": null,
            "personality": [],
            "power_state": "active",
            "region": "RegionOne",
            "scheduler_hints": [],
            "security_groups": [
              "use-host-firewall"
            ],
            "stop_before_destroy": false,
            "tags": null,
            "timeouts": null,
            "user_data": null,
            "vendor_options": [],
            "volume": []
          },
          "sensitive_attributes": [],
          "private": "eyJlMmJmYjczMC1lY2FhLTExZTYtOGY4OC0zNDM2M2JjN2M0YzAiOnsiY3JlYXRlIjoxODAwMDAwMDAwMDAwLCJkZWxldGUiOjE4MDAwMDAwMDAwMDAsInVwZGF0ZSI6MTgwMDAwMDAwMDAwMH19",
          "dependencies": [
            "openstack_compute_keypair_v2.keypair"
          ]
        },
        {
          "index_key": 3,
          "schema_version": 0,
          "attributes": {
            "access_ip_v4": "172.16.102.242",
            "access_ip_v6": "",
            "admin_pass": null,
            "all_metadata": {},
            "all_tags": [],
            "availability_zone": "ceph",
            "availability_zone_hints": null,
            "block_device": [],
            "config_drive": null,
            "flavor_id": "56786106-b241-4d27-893f-c81c8d57bd05",
            "flavor_name": "l2.small",
            "floating_ip": null,
            "force_delete": false,
            "id": "5c72dd7b-3252-4638-9c29-3bb88b173b37",
            "image_id": "505b750a-5a85-45dc-a519-6c1261d3bd34",
            "image_name": "ubuntu-focal-20.04-nogui",
            "key_pair": "vxw59196",
            "metadata": null,
            "name": "k0s-queue-worker-4",
            "network": [
              {
                "access_network": false,
                "fixed_ip_v4": "172.16.102.242",
                "fixed_ip_v6": "",
                "floating_ip": "",
                "mac": "fa:ca:ad:59:24:08",
                "name": "Internal",
                "port": "",
                "uuid": ""
              }
            ],
            "network_mode": null,
            "personality": [],
            "power_state": "active",
            "region": "RegionOne",
            "scheduler_hints": [],
            "security_groups": [
              "use-host-firewall"
            ],
            "stop_before_destroy": false,
            "tags": null,
            "timeouts": null,
            "user_data": null,
            "vendor_options": [],
            "volume": []
          },
          "sensitive_attributes": [],
          "private": "eyJlMmJmYjczMC1lY2FhLTExZTYtOGY4OC0zNDM2M2JjN2M0YzAiOnsiY3JlYXRlIjoxODAwMDAwMDAwMDAwLCJkZWxldGUiOjE4MDAwMDAwMDAwMDAsInVwZGF0ZSI6MTgwMDAwMDAwMDAwMH19",
          "dependencies": [
            "openstack_compute_keypair_v2.keypair"
          ]
        },
        {
          "index_key": 4,
          "schema_version": 0,
          "attributes": {
            "access_ip_v4": "172.16.102.231",
            "access_ip_v6": "",
            "admin_pass": null,
            "all_metadata": {},
            "all_tags": [],
            "availability_zone": "ceph",
            "availability_zone_hints": null,
            "block_device": [],
            "config_drive": null,
            "flavor_id": "56786106-b241-4d27-893f-c81c8d57bd05",
            "flavor_name": "l2.small",
            "floating_ip": null,
            "force_delete": false,
            "id": "61ce6a55-2bec-4889-ae5b-f7e9f7596966",
            "image_id": "505b750a-5a85-45dc-a519-6c1261d3bd34",
            "image_name": "ubuntu-focal-20.04-nogui",
            "key_pair": "vxw59196",
            "metadata": null,
            "name": "k0s-queue-worker-5",
            "network": [
              {
                "access_network": false,
                "fixed_ip_v4": "172.16.102.231",
                "fixed_ip_v6": "",
                "floating_ip": "",
                "mac": "fa:ca:ad:9a:d3:d8",
                "name": "Internal",
                "port": "",
                "uuid": ""
              }
            ],
            "network_mode": null,
            "personality": [],
            "power_state": "active",
            "region": "RegionOne",
            "scheduler_hints": [],
            "security_groups": [
              "use-host-firewall"
            ],
            "stop_before_destroy": false,
            "tags": null,
            "timeouts": null,
            "user_data": null,
            "vendor_options": [],
            "volume": []
          },
          "sensitive_attributes": [],
          "private": "eyJlMmJmYjczMC1lY2FhLTExZTYtOGY4OC0zNDM2M2JjN2M0YzAiOnsiY3JlYXRlIjoxODAwMDAwMDAwMDAwLCJkZWxldGUiOjE4MDAwMDAwMDAwMDAsInVwZGF0ZSI6MTgwMDAwMDAwMDAwMH19",
          "dependencies": [
            "openstack_compute_keypair_v2.keypair"
          ]
        },
        {
          "index_key": 5,
          "schema_version": 0,
          "attributes": {
            "access_ip_v4": "172.16.113.242",
            "access_ip_v6": "",
            "admin_pass": null,
            "all_metadata": {},
            "all_tags": [],
            "availability_zone": "ceph",
            "availability_zone_hints": null,
            "block_device": [],
            "config_drive": null,
            "flavor_id": "56786106-b241-4d27-893f-c81c8d57bd05",
            "flavor_name": "l2.small",
            "floating_ip": null,
            "force_delete": false,
            "id": "38bd71e1-ef2b-4531-91bd-9b74680e1dae",
            "image_id": "505b750a-5a85-45dc-a519-6c1261d3bd34",
            "image_name": "ubuntu-focal-20.04-nogui",
            "key_pair": "vxw59196",
            "metadata": null,
            "name": "k0s-queue-worker-6",
            "network": [
              {
                "access_network": false,
                "fixed_ip_v4": "172.16.113.242",
                "fixed_ip_v6": "",
                "floating_ip": "",
                "mac": "fa:ca:ad:bd:73:35",
                "name": "Internal",
                "port": "",
                "uuid": ""
              }
            ],
            "network_mode": null,
            "personality": [],
            "power_state": "active",
            "region": "RegionOne",
            "scheduler_hints": [],
            "security_groups": [
              "use-host-firewall"
            ],
            "stop_before_destroy": false,
            "tags": null,
            "timeouts": null,
            "user_data": null,
            "vendor_options": [],
            "volume": []
          },
          "sensitive_attributes": [],
          "private": "eyJlMmJmYjczMC1lY2FhLTExZTYtOGY4OC0zNDM2M2JjN2M0YzAiOnsiY3JlYXRlIjoxODAwMDAwMDAwMDAwLCJkZWxldGUiOjE4MDAwMDAwMDAwMDAsInVwZGF0ZSI6MTgwMDAwMDAwMDAwMH19",
          "dependencies": [
            "openstack_compute_keypair_v2.keypair"
          ]
        },
        {
          "index_key": 6,
          "schema_version": 0,
          "attributes": {
            "access_ip_v4": "172.16.112.211",
            "access_ip_v6": "",
            "admin_pass": null,
            "all_metadata": {},
            "all_tags": [],
            "availability_zone": "ceph",
            "availability_zone_hints": null,
            "block_device": [],
            "config_drive": null,
            "flavor_id": "56786106-b241-4d27-893f-c81c8d57bd05",
            "flavor_name": "l2.small",
            "floating_ip": null,
            "force_delete": false,
            "id": "c005fd14-294d-4dc8-86e6-22fcfdc15d33",
            "image_id": "505b750a-5a85-45dc-a519-6c1261d3bd34",
            "image_name": "ubuntu-focal-20.04-nogui",
            "key_pair": "vxw59196",
            "metadata": null,
            "name": "k0s-queue-worker-7",
            "network": [
              {
                "access_network": false,
                "fixed_ip_v4": "172.16.112.211",
                "fixed_ip_v6": "",
                "floating_ip": "",
                "mac": "fa:ca:ad:1b:e8:de",
                "name": "Internal",
                "port": "",
                "uuid": ""
              }
            ],
            "network_mode": null,
            "personality": [],
            "power_state": "active",
            "region": "RegionOne",
            "scheduler_hints": [],
            "security_groups": [
              "use-host-firewall"
            ],
            "stop_before_destroy": false,
            "tags": null,
            "timeouts": null,
            "user_data": null,
            "vendor_options": [],
            "volume": []
          },
          "sensitive_attributes": [],
          "private": "eyJlMmJmYjczMC1lY2FhLTExZTYtOGY4OC0zNDM2M2JjN2M0YzAiOnsiY3JlYXRlIjoxODAwMDAwMDAwMDAwLCJkZWxldGUiOjE4MDAwMDAwMDAwMDAsInVwZGF0ZSI6MTgwMDAwMDAwMDAwMH19",
          "dependencies": [
            "openstack_compute_keypair_v2.keypair"
          ]
        },
        {
          "index_key": 7,
          "schema_version": 0,
          "attributes": {
            "access_ip_v4": "172.16.102.204",
            "access_ip_v6": "",
            "admin_pass": null,
            "all_metadata": {},
            "all_tags": [],
            "availability_zone": "ceph",
            "availability_zone_hints": null,
            "block_device": [],
            "config_drive": null,
            "flavor_id": "56786106-b241-4d27-893f-c81c8d57bd05",
            "flavor_name": "l2.small",
            "floating_ip": null,
            "force_delete": false,
            "id": "4bc8d0ff-7f48-4451-87ab-239c1d7e4959",
            "image_id": "505b750a-5a85-45dc-a519-6c1261d3bd34",
            "image_name": "ubuntu-focal-20.04-nogui",
            "key_pair": "vxw59196",
            "metadata": null,
            "name": "k0s-queue-worker-8",
            "network": [
              {
                "access_network": false,
                "fixed_ip_v4": "172.16.102.204",
                "fixed_ip_v6": "",
                "floating_ip": "",
                "mac": "fa:ca:ad:82:e0:05",
                "name": "Internal",
                "port": "",
                "uuid": ""
              }
            ],
            "network_mode": null,
            "personality": [],
            "power_state": "active",
            "region": "RegionOne",
            "scheduler_hints": [],
            "security_groups": [
              "use-host-firewall"
            ],
            "stop_before_destroy": false,
            "tags": null,
            "timeouts": null,
            "user_data": null,
            "vendor_options": [],
            "volume": []
          },
          "sensitive_attributes": [],
          "private": "eyJlMmJmYjczMC1lY2FhLTExZTYtOGY4OC0zNDM2M2JjN2M0YzAiOnsiY3JlYXRlIjoxODAwMDAwMDAwMDAwLCJkZWxldGUiOjE4MDAwMDAwMDAwMDAsInVwZGF0ZSI6MTgwMDAwMDAwMDAwMH19",
          "dependencies": [
            "openstack_compute_keypair_v2.keypair"
          ]
        },
        {
          "index_key": 8,
          "schema_version": 0,
          "attributes": {
            "access_ip_v4": "172.16.102.159",
            "access_ip_v6": "",
            "admin_pass": null,
            "all_metadata": {},
            "all_tags": [],
            "availability_zone": "ceph",
            "availability_zone_hints": null,
            "block_device": [],
            "config_drive": null,
            "flavor_id": "56786106-b241-4d27-893f-c81c8d57bd05",
            "flavor_name": "l2.small",
            "floating_ip": null,
            "force_delete": false,
            "id": "87fe332c-98d5-4f5f-8926-e91cee04964b",
            "image_id": "505b750a-5a85-45dc-a519-6c1261d3bd34",
            "image_name": "ubuntu-focal-20.04-nogui",
            "key_pair": "vxw59196",
            "metadata": null,
            "name": "k0s-queue-worker-9",
            "network": [
              {
                "access_network": false,
                "fixed_ip_v4": "172.16.102.159",
                "fixed_ip_v6": "",
                "floating_ip": "",
                "mac": "fa:ca:ad:ed:1d:d1",
                "name": "Internal",
                "port": "",
                "uuid": ""
              }
            ],
            "network_mode": null,
            "personality": [],
            "power_state": "active",
            "region": "RegionOne",
            "scheduler_hints": [],
            "security_groups": [
              "use-host-firewall"
            ],
            "stop_before_destroy": false,
            "tags": null,
            "timeouts": null,
            "user_data": null,
            "vendor_options": [],
            "volume": []
          },
          "sensitive_attributes": [],
          "private": "eyJlMmJmYjczMC1lY2FhLTExZTYtOGY4OC0zNDM2M2JjN2M0YzAiOnsiY3JlYXRlIjoxODAwMDAwMDAwMDAwLCJkZWxldGUiOjE4MDAwMDAwMDAwMDAsInVwZGF0ZSI6MTgwMDAwMDAwMDAwMH19",
          "dependencies": [
            "openstack_compute_keypair_v2.keypair"
          ]
        },
        {
          "index_key": 9,
          "schema_version": 0,
          "attributes": {
            "access_ip_v4": "172.16.113.87",
            "access_ip_v6": "",
            "admin_pass": null,
            "all_metadata": {},
            "all_tags": [],
            "availability_zone": "ceph",
            "availability_zone_hints": null,
            "block_device": [],
            "config_drive": null,
            "flavor_id": "56786106-b241-4d27-893f-c81c8d57bd05",
            "flavor_name": "l2.small",
            "floating_ip": null,
            "force_delete": false,
            "id": "d6f0e60b-92d0-442e-a36f-6cb7bde8449f",
            "image_id": "505b750a-5a85-45dc-a519-6c1261d3bd34",
            "image_name": "ubuntu-focal-20.04-nogui",
            "key_pair": "vxw59196",
            "metadata": null,
            "name": "k0s-queue-worker-10",
            "network": [
              {
                "access_network": false,
                "fixed_ip_v4": "172.16.113.87",
                "fixed_ip_v6": "",
                "floating_ip": "",
                "mac": "fa:ca:ad:d1:76:b6",
                "name": "Internal",
                "port": "",
                "uuid": ""
              }
            ],
            "network_mode": null,
            "personality": [],
            "power_state": "active",
            "region": "RegionOne",
            "scheduler_hints": [],
            "security_groups": [
              "use-host-firewall"
            ],
            "stop_before_destroy": false,
            "tags": null,
            "timeouts": null,
            "user_data": null,
            "vendor_options": [],
            "volume": []
          },
          "sensitive_attributes": [],
          "private": "eyJlMmJmYjczMC1lY2FhLTExZTYtOGY4OC0zNDM2M2JjN2M0YzAiOnsiY3JlYXRlIjoxODAwMDAwMDAwMDAwLCJkZWxldGUiOjE4MDAwMDAwMDAwMDAsInVwZGF0ZSI6MTgwMDAwMDAwMDAwMH19",
          "dependencies": [
            "openstack_compute_keypair_v2.keypair"
          ]
        }
      ]
    },
    {
      "mode": "managed",
      "type": "openstack_compute_keypair_v2",
      "name": "keypair",
      "provider": "provider[\"registry.terraform.io/terraform-provider-openstack/openstack\"]",
      "instances": [
        {
          "schema_version": 0,
          "attributes": {
            "fingerprint": "74:39:90:f4:2c:f7:cf:80:e0:83:b7:7f:c0:21:6c:d4",
            "id": "vxw59196",
            "name": "vxw59196",
            "private_key": "",
            "public_key": "ssh-rsa AAAAB3NzaC1yc2EAAAADAQABAAABAQDE973x4riglYeO/8QRF2Pbr0rb7W4Q40apqJf1UUnBnKZ04wPmPq9R+20JDt/YpX4i+Nfxv8peFu6+wqrdHLbNWTnQoUq+jWGass5MzadWhaW8Bc8BRuMgCx3dBxLnHKAH9Lrr9PKhY99w2573B8sb5SdJKDJQMCqjpVlQKtgOaJEHZ3iE9eBKDj0z+FveIpA/huLFPXeLmYc3u/DpGgkc59x5xnLPuh4Va0IJ+9DEsru5NYFLVACVW8QsNozWYONs/2xUjO4uL1Ue5wfFoRWU87lgJ8YZNXj1aszrJD4i51cD8Zar1dbHc2CHMDF0oyJBpXd6IfN4F5R4MUVizmtD samuel.jones@stfc.ac.uk",
            "region": "RegionOne",
            "user_id": "",
            "value_specs": null
          },
          "sensitive_attributes": [],
          "private": "bnVsbA=="
        }
      ]
    },
    {
      "mode": "managed",
      "type": "openstack_compute_servergroup_v2",
      "name": "controllers-group",
      "provider": "provider[\"registry.terraform.io/terraform-provider-openstack/openstack\"]",
      "instances": [
        {
          "schema_version": 0,
          "attributes": {
            "id": "d4578c7e-d9ff-4c86-8345-7e4157211a0b",
            "members": [],
            "name": "controllers-group",
            "policies": [
              "soft-anti-affinity"
            ],
            "region": "RegionOne",
            "value_specs": null
          },
          "sensitive_attributes": [],
          "private": "bnVsbA=="
        }
      ]
    }
  ],
  "check_results": null
}
