{
  "version": 4,
  "terraform_version": "1.12.2",
  "serial": 26,
  "lineage": "1987ccfb-a02e-1e9f-7db3-80924b26217f",
  "outputs": {
    "ansible_inventory": {
      "value": "[redpanda]\n130.246.81.166 ansible_host=130.246.81.166 ansible_user=service-key ansible_become=True private_ip=130.246.81.166\n130.246.81.188 ansible_host=130.246.81.188 ansible_user=service-key ansible_become=True private_ip=130.246.81.188\n130.246.80.191 ansible_host=130.246.80.191 ansible_user=service-key ansible_become=True private_ip=130.246.80.191\n",
      "type": "string"
    }
  },
  "resources": [
    {
      "mode": "data",
      "type": "openstack_networking_network_v2",
      "name": "external",
      "provider": "provider[\"registry.terraform.io/terraform-provider-openstack/openstack\"]",
      "instances": [
        {
          "schema_version": 0,
          "attributes": {
            "admin_state_up": "true",
            "all_tags": [
              "portal-external"
            ],
            "availability_zone_hints": [],
            "description": "",
            "dns_domain": "",
            "external": true,
            "id": "5283f642-8bd8-48b6-8608-fa3006ff4539",
            "matching_subnet_cidr": null,
            "mtu": 1500,
            "name": "External",
            "network_id": "5283f642-8bd8-48b6-8608-fa3006ff4539",
            "region": "RegionOne",
            "shared": "false",
            "status": null,
            "subnets": [
              "8dda50b7-850c-4138-9c7a-a55faf722457",
              "e4d04f95-f078-4008-9cec-285c2320d252"
            ],
            "tags": null,
            "tenant_id": "4de86830e89b4a46b590536571b6ccd4",
            "transparent_vlan": false
          },
          "sensitive_attributes": [],
          "identity_schema_version": 0
        }
      ]
    },
    {
      "mode": "managed",
      "type": "openstack_compute_servergroup_v2",
      "name": "redpanda-group",
      "provider": "provider[\"registry.terraform.io/terraform-provider-openstack/openstack\"]",
      "instances": [
        {
          "schema_version": 0,
          "attributes": {
            "id": "88365a50-122b-479c-9ecf-e3a4c5548ffd",
            "members": [],
            "name": "redpanda-group",
            "policies": [
              "soft-anti-affinity"
            ],
            "region": "RegionOne",
            "value_specs": null
          },
          "sensitive_attributes": [],
          "identity_schema_version": 0,
          "private": "bnVsbA=="
        }
      ]
    },
    {
      "mode": "managed",
      "type": "openstack_lb_listener_v2",
      "name": "redpanda_listener",
      "provider": "provider[\"registry.terraform.io/terraform-provider-openstack/openstack\"]",
      "instances": [
        {
          "schema_version": 0,
          "attributes": {
            "admin_state_up": true,
            "allowed_cidrs": null,
            "connection_limit": -1,
            "default_pool_id": "",
            "default_tls_container_ref": "",
            "description": "",
            "id": "06d77425-ca15-43a8-ad94-1fee1d0aff48",
            "insert_headers": null,
            "loadbalancer_id": "53ea4341-7a61-4dd5-aa80-b5138a019b54",
            "name": "redpanda-listener",
            "protocol": "TCP",
            "protocol_port": 31092,
            "region": "RegionOne",
            "sni_container_refs": null,
            "tenant_id": "c191dbba0d1c4bd6a23414a1bd024de3",
            "timeout_client_data": 50000,
            "timeout_member_connect": 5000,
            "timeout_member_data": 50000,
            "timeout_tcp_inspect": 0,
            "timeouts": null
          },
          "sensitive_attributes": [],
          "identity_schema_version": 0,
          "private": "eyJlMmJmYjczMC1lY2FhLTExZTYtOGY4OC0zNDM2M2JjN2M0YzAiOnsiY3JlYXRlIjo2MDAwMDAwMDAwMDAsImRlbGV0ZSI6NjAwMDAwMDAwMDAwLCJ1cGRhdGUiOjYwMDAwMDAwMDAwMH19",
          "dependencies": [
            "openstack_lb_loadbalancer_v2.redpanda_lb",
            "openstack_networking_network_v2.redpanda",
            "openstack_networking_subnet_v2.redpanda"
          ]
        }
      ]
    },
    {
      "mode": "managed",
      "type": "openstack_lb_loadbalancer_v2",
      "name": "redpanda_lb",
      "provider": "provider[\"registry.terraform.io/terraform-provider-openstack/openstack\"]",
      "instances": [
        {
          "schema_version": 0,
          "attributes": {
            "admin_state_up": true,
            "availability_zone": "",
            "description": "",
            "flavor_id": "",
            "id": "53ea4341-7a61-4dd5-aa80-b5138a019b54",
            "loadbalancer_provider": "amphora",
            "name": "redpanda-lb",
            "region": "RegionOne",
            "security_group_ids": [
              "46300b56-dda2-4512-ba4e-3b707d88d47e"
            ],
            "tags": null,
            "tenant_id": "c191dbba0d1c4bd6a23414a1bd024de3",
            "timeouts": null,
            "vip_address": "192.168.199.169",
            "vip_network_id": "9e7669b6-a177-4a1e-9cd4-55de9453331c",
            "vip_port_id": "ede77049-4dbc-4d29-9d9d-86a812a0540b",
            "vip_subnet_id": "bcec9ca1-db0f-4775-b185-dfe4a39abcc4"
          },
          "sensitive_attributes": [],
          "identity_schema_version": 0,
          "private": "eyJlMmJmYjczMC1lY2FhLTExZTYtOGY4OC0zNDM2M2JjN2M0YzAiOnsiY3JlYXRlIjo2MDAwMDAwMDAwMDAsImRlbGV0ZSI6MzAwMDAwMDAwMDAwLCJ1cGRhdGUiOjYwMDAwMDAwMDAwMH19",
          "dependencies": [
            "openstack_networking_network_v2.redpanda",
            "openstack_networking_subnet_v2.redpanda"
          ]
        }
      ]
    },
    {
      "mode": "managed",
      "type": "openstack_lb_pool_v2",
      "name": "redpanda_pool",
      "provider": "provider[\"registry.terraform.io/terraform-provider-openstack/openstack\"]",
      "instances": [
        {
          "schema_version": 0,
          "attributes": {
            "admin_state_up": true,
            "description": "",
            "id": "02be19c8-a359-4a32-8548-a24ed4c6cc33",
            "lb_method": "ROUND_ROBIN",
            "listener_id": "06d77425-ca15-43a8-ad94-1fee1d0aff48",
            "loadbalancer_id": null,
            "name": "redpanda-pool",
            "persistence": [
              {
                "cookie_name": "",
                "type": ""
              }
            ],
            "protocol": "TCP",
            "region": "RegionOne",
            "tenant_id": "c191dbba0d1c4bd6a23414a1bd024de3",
            "timeouts": null
          },
          "sensitive_attributes": [],
          "identity_schema_version": 0,
          "private": "eyJlMmJmYjczMC1lY2FhLTExZTYtOGY4OC0zNDM2M2JjN2M0YzAiOnsiY3JlYXRlIjo2MDAwMDAwMDAwMDAsImRlbGV0ZSI6NjAwMDAwMDAwMDAwLCJ1cGRhdGUiOjYwMDAwMDAwMDAwMH19",
          "dependencies": [
            "openstack_lb_listener_v2.redpanda_listener",
            "openstack_lb_loadbalancer_v2.redpanda_lb",
            "openstack_networking_network_v2.redpanda",
            "openstack_networking_subnet_v2.redpanda"
          ]
        }
      ]
    },
    {
      "mode": "managed",
      "type": "openstack_networking_floatingip_associate_v2",
      "name": "redpanda_lb_fip_assoc",
      "provider": "provider[\"registry.terraform.io/terraform-provider-openstack/openstack\"]",
      "instances": [
        {
          "schema_version": 0,
          "attributes": {
            "fixed_ip": "192.168.199.169",
            "floating_ip": "130.246.81.45",
            "id": "74f16177-e1f1-49cb-9010-7c20e48bd9e5",
            "port_id": "ede77049-4dbc-4d29-9d9d-86a812a0540b",
            "region": "RegionOne"
          },
          "sensitive_attributes": [],
          "identity_schema_version": 0,
          "private": "bnVsbA==",
          "dependencies": [
            "openstack_lb_loadbalancer_v2.redpanda_lb",
            "openstack_networking_network_v2.redpanda",
            "openstack_networking_subnet_v2.redpanda"
          ]
        }
      ]
    },
    {
      "mode": "managed",
      "type": "openstack_networking_network_v2",
      "name": "redpanda",
      "provider": "provider[\"registry.terraform.io/terraform-provider-openstack/openstack\"]",
      "instances": [
        {
          "schema_version": 0,
          "attributes": {
            "admin_state_up": true,
            "all_tags": [],
            "availability_zone_hints": [],
            "description": "",
            "dns_domain": "",
            "external": false,
            "id": "9e7669b6-a177-4a1e-9cd4-55de9453331c",
            "mtu": 1450,
            "name": "redpanda",
            "port_security_enabled": true,
            "qos_policy_id": "",
            "region": "RegionOne",
            "segments": [],
            "shared": false,
            "tags": null,
            "tenant_id": "c191dbba0d1c4bd6a23414a1bd024de3",
            "timeouts": null,
            "transparent_vlan": false,
            "value_specs": null
          },
          "sensitive_attributes": [],
          "identity_schema_version": 0,
          "private": "eyJlMmJmYjczMC1lY2FhLTExZTYtOGY4OC0zNDM2M2JjN2M0YzAiOnsiY3JlYXRlIjo2MDAwMDAwMDAwMDAsImRlbGV0ZSI6NjAwMDAwMDAwMDAwfX0="
        }
      ]
    },
    {
      "mode": "managed",
      "type": "openstack_networking_router_interface_v2",
      "name": "redpanda_router_interface",
      "provider": "provider[\"registry.terraform.io/terraform-provider-openstack/openstack\"]",
      "instances": [
        {
          "schema_version": 0,
          "attributes": {
            "id": "b14e3f35-fa0f-49c6-8522-36904cbd8ac9",
            "port_id": "b14e3f35-fa0f-49c6-8522-36904cbd8ac9",
            "region": "RegionOne",
            "router_id": "614dc96b-f5e4-4472-9681-4de5e0bf042d",
            "subnet_id": "bcec9ca1-db0f-4775-b185-dfe4a39abcc4",
            "timeouts": null
          },
          "sensitive_attributes": [],
          "identity_schema_version": 0,
          "private": "eyJlMmJmYjczMC1lY2FhLTExZTYtOGY4OC0zNDM2M2JjN2M0YzAiOnsiY3JlYXRlIjo2MDAwMDAwMDAwMDAsImRlbGV0ZSI6NjAwMDAwMDAwMDAwfX0=",
          "dependencies": [
            "data.openstack_networking_network_v2.external",
            "openstack_networking_network_v2.redpanda",
            "openstack_networking_router_v2.redpanda_router",
            "openstack_networking_subnet_v2.redpanda"
          ]
        }
      ]
    },
    {
      "mode": "managed",
      "type": "openstack_networking_router_v2",
      "name": "redpanda_router",
      "provider": "provider[\"registry.terraform.io/terraform-provider-openstack/openstack\"]",
      "instances": [
        {
          "schema_version": 0,
          "attributes": {
            "admin_state_up": true,
            "all_tags": [],
            "availability_zone_hints": [],
            "description": "",
            "distributed": false,
            "enable_snat": true,
            "external_fixed_ip": [
              {
                "ip_address": "130.246.214.78",
                "subnet_id": "8dda50b7-850c-4138-9c7a-a55faf722457"
              }
            ],
            "external_gateway": "5283f642-8bd8-48b6-8608-fa3006ff4539",
            "external_network_id": "5283f642-8bd8-48b6-8608-fa3006ff4539",
            "external_subnet_ids": null,
            "id": "614dc96b-f5e4-4472-9681-4de5e0bf042d",
            "name": "redpanda-router",
            "region": "RegionOne",
            "tags": null,
            "tenant_id": "c191dbba0d1c4bd6a23414a1bd024de3",
            "timeouts": null,
            "value_specs": null,
            "vendor_options": []
          },
          "sensitive_attributes": [],
          "identity_schema_version": 0,
          "private": "eyJlMmJmYjczMC1lY2FhLTExZTYtOGY4OC0zNDM2M2JjN2M0YzAiOnsiY3JlYXRlIjo2MDAwMDAwMDAwMDAsImRlbGV0ZSI6NjAwMDAwMDAwMDAwfX0=",
          "dependencies": [
            "data.openstack_networking_network_v2.external"
          ]
        }
      ]
    },
    {
      "mode": "managed",
      "type": "openstack_networking_subnet_v2",
      "name": "redpanda",
      "provider": "provider[\"registry.terraform.io/terraform-provider-openstack/openstack\"]",
      "instances": [
        {
          "schema_version": 0,
          "attributes": {
            "all_tags": [],
            "allocation_pool": [
              {
                "end": "192.168.199.254",
                "start": "192.168.199.2"
              }
            ],
            "allocation_pools": [
              {
                "end": "192.168.199.254",
                "start": "192.168.199.2"
              }
            ],
            "cidr": "192.168.199.0/24",
            "description": "",
            "dns_nameservers": null,
            "enable_dhcp": true,
            "gateway_ip": "192.168.199.1",
            "host_routes": [],
            "id": "bcec9ca1-db0f-4775-b185-dfe4a39abcc4",
            "ip_version": 4,
            "ipv6_address_mode": "",
            "ipv6_ra_mode": "",
            "name": "redpanda",
            "network_id": "9e7669b6-a177-4a1e-9cd4-55de9453331c",
            "no_gateway": false,
            "prefix_length": null,
            "region": "RegionOne",
            "subnetpool_id": "",
            "tags": null,
            "tenant_id": "c191dbba0d1c4bd6a23414a1bd024de3",
            "timeouts": null,
            "value_specs": null
          },
          "sensitive_attributes": [],
          "identity_schema_version": 0,
          "private": "eyJlMmJmYjczMC1lY2FhLTExZTYtOGY4OC0zNDM2M2JjN2M0YzAiOnsiY3JlYXRlIjo2MDAwMDAwMDAwMDAsImRlbGV0ZSI6NjAwMDAwMDAwMDAwfX0=",
          "dependencies": [
            "openstack_networking_network_v2.redpanda"
          ]
        }
      ]
    }
  ],
  "check_results": null
}
