{
  "version": 4,
  "terraform_version": "1.3.5",
  "serial": 1228,
  "lineage": "49201a48-c0ad-7ca8-6b18-fa8c7ac80393",
  "outputs": {
    "ansible_inventory": {
      "value": "[controllers]\n172.16.105.245 ansible_host=172.16.105.245 ansible_user=vxw59196\n172.16.102.204 ansible_host=172.16.102.204 ansible_user=vxw59196\n172.16.102.158 ansible_host=172.16.102.158 ansible_user=vxw59196\n172.16.112.157 ansible_host=172.16.112.157 ansible_user=vxw59196\n172.16.102.107 ansible_host=172.16.102.107 ansible_user=vxw59196\n\n[workers]\n172.16.112.44 ansible_host=172.16.112.44 ansible_user=vxw59196\n172.16.102.233 ansible_host=172.16.102.233 ansible_user=vxw59196\n172.16.112.107 ansible_host=172.16.112.107 ansible_user=vxw59196\n172.16.113.230 ansible_host=172.16.113.230 ansible_user=vxw59196\n172.16.103.179 ansible_host=172.16.103.179 ansible_user=vxw59196\n172.16.112.175 ansible_host=172.16.112.175 ansible_user=vxw59196\n172.16.113.89 ansible_host=172.16.113.89 ansible_user=vxw59196\n172.16.113.238 ansible_host=172.16.113.238 ansible_user=vxw59196\n172.16.113.242 ansible_host=172.16.113.242 ansible_user=vxw59196\n172.16.103.211 ansible_host=172.16.103.211 ansible_user=vxw59196\n172.16.105.78 ansible_host=172.16.105.78 ansible_user=vxw59196\n172.16.105.150 ansible_host=172.16.105.150 ansible_user=vxw59196\n172.16.105.202 ansible_host=172.16.105.202 ansible_user=vxw59196\n172.16.105.174 ansible_host=172.16.105.174 ansible_user=vxw59196\n172.16.105.204 ansible_host=172.16.105.204 ansible_user=vxw59196\n\n[loadbalancer]\n172.16.113.168 ansible_host=172.16.113.168 ansible_user=vxw59196",
      "type": "string"
    },
    "haproxy_config": {
      "value": "frontend kubeAPI\n    bind :6443\n    mode tcp\n    default_backend kubeAPI_backend\nfrontend konnectivity\n    bind :8132\n    mode tcp\n    default_backend konnectivity_backend\nfrontend controllerJoinAPI\n    bind :9443\n    mode tcp\n    default_backend controllerJoinAPI_backend\n\nbackend kubeAPI_backend\n    mode tcp\n    server k0s-controller-1 172.16.105.245:6443 check check-ssl verify none\n    server k0s-controller-2 172.16.102.204:6443 check check-ssl verify none\n    server k0s-controller-3 172.16.102.158:6443 check check-ssl verify none\nbackend konnectivity_backend\n    mode tcp\n    server k0s-controller-1 172.16.105.245:8132 check check-ssl verify none\n    server k0s-controller-2 172.16.102.204:8132 check check-ssl verify none\n    server k0s-controller-3 172.16.102.158:8132 check check-ssl verify none\nbackend controllerJoinAPI_backend\n    mode tcp\n    server k0s-controller-1 172.16.105.245:9443 check check-ssl verify none\n    server k0s-controller-2 172.16.102.204:9443 check check-ssl verify none\n    server k0s-controller-3 172.16.102.158:9443 check check-ssl verify none\n\nlisten stats\n   bind *:9000\n   mode http\n   stats enable\n   stats uri /",
      "type": "string"
    },
    "k0s_cluster": {
      "value": "\"apiVersion\": \"k0sctl.k0sproject.io/v1beta1\"\n\"kind\": \"cluster\"\n\"metadata\":\n  \"name\": \"k0s-cluster\"\n\"spec\":\n  \"hosts\":\n  - \"role\": \"controller\"\n    \"ssh\":\n      \"address\": \"172.16.105.245\"\n      \"port\": 22\n      \"user\": \"vxw59196\"\n  - \"role\": \"controller\"\n    \"ssh\":\n      \"address\": \"172.16.102.204\"\n      \"port\": 22\n      \"user\": \"vxw59196\"\n  - \"role\": \"controller\"\n    \"ssh\":\n      \"address\": \"172.16.102.158\"\n      \"port\": 22\n      \"user\": \"vxw59196\"\n  - \"role\": \"controller\"\n    \"ssh\":\n      \"address\": \"172.16.112.157\"\n      \"port\": 22\n      \"user\": \"vxw59196\"\n  - \"role\": \"controller\"\n    \"ssh\":\n      \"address\": \"172.16.102.107\"\n      \"port\": 22\n      \"user\": \"vxw59196\"\n  - \"role\": \"worker\"\n    \"ssh\":\n      \"address\": \"172.16.112.44\"\n      \"port\": 22\n      \"user\": \"vxw59196\"\n  - \"role\": \"worker\"\n    \"ssh\":\n      \"address\": \"172.16.102.233\"\n      \"port\": 22\n      \"user\": \"vxw59196\"\n  - \"role\": \"worker\"\n    \"ssh\":\n      \"address\": \"172.16.112.107\"\n      \"port\": 22\n      \"user\": \"vxw59196\"\n  - \"role\": \"worker\"\n    \"ssh\":\n      \"address\": \"172.16.113.230\"\n      \"port\": 22\n      \"user\": \"vxw59196\"\n  - \"role\": \"worker\"\n    \"ssh\":\n      \"address\": \"172.16.103.179\"\n      \"port\": 22\n      \"user\": \"vxw59196\"\n  - \"role\": \"worker\"\n    \"ssh\":\n      \"address\": \"172.16.112.175\"\n      \"port\": 22\n      \"user\": \"vxw59196\"\n  - \"role\": \"worker\"\n    \"ssh\":\n      \"address\": \"172.16.113.89\"\n      \"port\": 22\n      \"user\": \"vxw59196\"\n  - \"role\": \"worker\"\n    \"ssh\":\n      \"address\": \"172.16.113.238\"\n      \"port\": 22\n      \"user\": \"vxw59196\"\n  - \"role\": \"worker\"\n    \"ssh\":\n      \"address\": \"172.16.113.242\"\n      \"port\": 22\n      \"user\": \"vxw59196\"\n  - \"role\": \"worker\"\n    \"ssh\":\n      \"address\": \"172.16.103.211\"\n      \"port\": 22\n      \"user\": \"vxw59196\"\n  - \"role\": \"worker\"\n    \"ssh\":\n      \"address\": \"172.16.105.78\"\n      \"port\": 22\n      \"user\": \"vxw59196\"\n  - \"role\": \"worker\"\n    \"ssh\":\n      \"address\": \"172.16.105.150\"\n      \"port\": 22\n      \"user\": \"vxw59196\"\n  - \"role\": \"worker\"\n    \"ssh\":\n      \"address\": \"172.16.105.202\"\n      \"port\": 22\n      \"user\": \"vxw59196\"\n  - \"role\": \"worker\"\n    \"ssh\":\n      \"address\": \"172.16.105.174\"\n      \"port\": 22\n      \"user\": \"vxw59196\"\n  - \"role\": \"worker\"\n    \"ssh\":\n      \"address\": \"172.16.105.204\"\n      \"port\": 22\n      \"user\": \"vxw59196\"\n  \"k0s\":\n    \"config\":\n      \"apiVersion\": \"k0s.k0sproject.io/v1beta1\"\n      \"kind\": \"cluster\"\n      \"metadata\":\n        \"name\": \"k0s\"\n      \"spec\":\n        \"api\":\n          \"externalAddress\": \"172.16.113.168\"\n          \"sans\": \"172.16.113.168\"\n        \"network\":\n          \"provider\": \"custom\"\n    \"dynamicConfig\": false\n    \"version\": \"1.24.7+k0s.0\"\n",
      "type": "string"
    }
  },
  "resources": [
    {
      "mode": "managed",
      "type": "openstack_compute_instance_v2",
      "name": "k0s-app-workers",
      "provider": "provider[\"registry.terraform.io/terraform-provider-openstack/openstack\"]",
      "instances": [
        {
          "index_key": 0,
          "schema_version": 0,
          "attributes": {
            "access_ip_v4": "172.16.112.44",
            "access_ip_v6": "",
            "admin_pass": null,
            "all_metadata": {},
            "all_tags": [],
            "availability_zone": "ceph",
            "availability_zone_hints": null,
            "block_device": [],
            "config_drive": null,
            "flavor_id": "eb971b0d-c346-449f-b847-e0446132881e",
            "flavor_name": "l2.tiny",
            "floating_ip": null,
            "force_delete": false,
            "id": "89f7191b-f79c-4b5d-a38c-3e54b99c52a6",
            "image_id": "505b750a-5a85-45dc-a519-6c1261d3bd34",
            "image_name": "ubuntu-focal-20.04-nogui",
            "key_pair": "vxw59196",
            "metadata": null,
            "name": "k0s-app-worker-1",
            "network": [
              {
                "access_network": false,
                "fixed_ip_v4": "172.16.112.44",
                "fixed_ip_v6": "",
                "floating_ip": "",
                "mac": "fa:ca:ad:d7:dd:06",
                "name": "Internal",
                "port": "",
                "uuid": "5be315b7-7ebd-4254-97fe-18c1df501538"
              }
            ],
            "network_mode": null,
            "personality": [],
            "power_state": "active",
            "region": "RegionOne",
            "scheduler_hints": [],
            "security_groups": [
              "use-host-firewall"
            ],
            "stop_before_destroy": false,
            "tags": [],
            "timeouts": null,
            "user_data": null,
            "vendor_options": [],
            "volume": []
          },
          "sensitive_attributes": [],
          "private": "eyJlMmJmYjczMC1lY2FhLTExZTYtOGY4OC0zNDM2M2JjN2M0YzAiOnsiY3JlYXRlIjoxODAwMDAwMDAwMDAwLCJkZWxldGUiOjE4MDAwMDAwMDAwMDAsInVwZGF0ZSI6MTgwMDAwMDAwMDAwMH19",
          "dependencies": [
            "openstack_compute_keypair_v2.keypair"
          ]
        },
        {
          "index_key": 1,
          "schema_version": 0,
          "attributes": {
            "access_ip_v4": "172.16.102.233",
            "access_ip_v6": "",
            "admin_pass": null,
            "all_metadata": {},
            "all_tags": [],
            "availability_zone": "ceph",
            "availability_zone_hints": null,
            "block_device": [],
            "config_drive": null,
            "flavor_id": "eb971b0d-c346-449f-b847-e0446132881e",
            "flavor_name": "l2.tiny",
            "floating_ip": null,
            "force_delete": false,
            "id": "a2a373a5-f038-4c96-ad37-e334cffd7f87",
            "image_id": "505b750a-5a85-45dc-a519-6c1261d3bd34",
            "image_name": "ubuntu-focal-20.04-nogui",
            "key_pair": "vxw59196",
            "metadata": null,
            "name": "k0s-app-worker-2",
            "network": [
              {
                "access_network": false,
                "fixed_ip_v4": "172.16.102.233",
                "fixed_ip_v6": "",
                "floating_ip": "",
                "mac": "fa:ca:ad:7b:ee:f9",
                "name": "Internal",
                "port": "",
                "uuid": "5be315b7-7ebd-4254-97fe-18c1df501538"
              }
            ],
            "network_mode": null,
            "personality": [],
            "power_state": "active",
            "region": "RegionOne",
            "scheduler_hints": [],
            "security_groups": [
              "use-host-firewall"
            ],
            "stop_before_destroy": false,
            "tags": [],
            "timeouts": null,
            "user_data": null,
            "vendor_options": [],
            "volume": []
          },
          "sensitive_attributes": [],
          "private": "eyJlMmJmYjczMC1lY2FhLTExZTYtOGY4OC0zNDM2M2JjN2M0YzAiOnsiY3JlYXRlIjoxODAwMDAwMDAwMDAwLCJkZWxldGUiOjE4MDAwMDAwMDAwMDAsInVwZGF0ZSI6MTgwMDAwMDAwMDAwMH19",
          "dependencies": [
            "openstack_compute_keypair_v2.keypair"
          ]
        },
        {
          "index_key": 2,
          "schema_version": 0,
          "attributes": {
            "access_ip_v4": "172.16.112.107",
            "access_ip_v6": "",
            "admin_pass": null,
            "all_metadata": {},
            "all_tags": [],
            "availability_zone": "ceph",
            "availability_zone_hints": null,
            "block_device": [],
            "config_drive": null,
            "flavor_id": "eb971b0d-c346-449f-b847-e0446132881e",
            "flavor_name": "l2.tiny",
            "floating_ip": null,
            "force_delete": false,
            "id": "859eda62-6f20-4aab-bc4c-f1646546270d",
            "image_id": "505b750a-5a85-45dc-a519-6c1261d3bd34",
            "image_name": "ubuntu-focal-20.04-nogui",
            "key_pair": "vxw59196",
            "metadata": null,
            "name": "k0s-app-worker-3",
            "network": [
              {
                "access_network": false,
                "fixed_ip_v4": "172.16.112.107",
                "fixed_ip_v6": "",
                "floating_ip": "",
                "mac": "fa:ca:ad:81:86:d4",
                "name": "Internal",
                "port": "",
                "uuid": "5be315b7-7ebd-4254-97fe-18c1df501538"
              }
            ],
            "network_mode": null,
            "personality": [],
            "power_state": "active",
            "region": "RegionOne",
            "scheduler_hints": [],
            "security_groups": [
              "use-host-firewall"
            ],
            "stop_before_destroy": false,
            "tags": [],
            "timeouts": null,
            "user_data": null,
            "vendor_options": [],
            "volume": []
          },
          "sensitive_attributes": [],
          "private": "eyJlMmJmYjczMC1lY2FhLTExZTYtOGY4OC0zNDM2M2JjN2M0YzAiOnsiY3JlYXRlIjoxODAwMDAwMDAwMDAwLCJkZWxldGUiOjE4MDAwMDAwMDAwMDAsInVwZGF0ZSI6MTgwMDAwMDAwMDAwMH19",
          "dependencies": [
            "openstack_compute_keypair_v2.keypair"
          ]
        },
        {
          "index_key": 3,
          "schema_version": 0,
          "attributes": {
            "access_ip_v4": "172.16.113.230",
            "access_ip_v6": "",
            "admin_pass": null,
            "all_metadata": {},
            "all_tags": [],
            "availability_zone": "ceph",
            "availability_zone_hints": null,
            "block_device": [],
            "config_drive": null,
            "flavor_id": "eb971b0d-c346-449f-b847-e0446132881e",
            "flavor_name": "l2.tiny",
            "floating_ip": null,
            "force_delete": false,
            "id": "8c4767a2-b414-41bd-b93c-6dcd2e165f5d",
            "image_id": "505b750a-5a85-45dc-a519-6c1261d3bd34",
            "image_name": "ubuntu-focal-20.04-nogui",
            "key_pair": "vxw59196",
            "metadata": null,
            "name": "k0s-app-worker-4",
            "network": [
              {
                "access_network": false,
                "fixed_ip_v4": "172.16.113.230",
                "fixed_ip_v6": "",
                "floating_ip": "",
                "mac": "fa:ca:ad:47:e1:df",
                "name": "Internal",
                "port": "",
                "uuid": "5be315b7-7ebd-4254-97fe-18c1df501538"
              }
            ],
            "network_mode": null,
            "personality": [],
            "power_state": "active",
            "region": "RegionOne",
            "scheduler_hints": [],
            "security_groups": [
              "use-host-firewall"
            ],
            "stop_before_destroy": false,
            "tags": [],
            "timeouts": null,
            "user_data": null,
            "vendor_options": [],
            "volume": []
          },
          "sensitive_attributes": [],
          "private": "eyJlMmJmYjczMC1lY2FhLTExZTYtOGY4OC0zNDM2M2JjN2M0YzAiOnsiY3JlYXRlIjoxODAwMDAwMDAwMDAwLCJkZWxldGUiOjE4MDAwMDAwMDAwMDAsInVwZGF0ZSI6MTgwMDAwMDAwMDAwMH19",
          "dependencies": [
            "openstack_compute_keypair_v2.keypair"
          ]
        },
        {
          "index_key": 4,
          "schema_version": 0,
          "attributes": {
            "access_ip_v4": "172.16.103.179",
            "access_ip_v6": "",
            "admin_pass": null,
            "all_metadata": {},
            "all_tags": [],
            "availability_zone": "ceph",
            "availability_zone_hints": null,
            "block_device": [],
            "config_drive": null,
            "flavor_id": "eb971b0d-c346-449f-b847-e0446132881e",
            "flavor_name": "l2.tiny",
            "floating_ip": null,
            "force_delete": false,
            "id": "f7232760-c0ed-48ad-ac0f-f127d55592cc",
            "image_id": "505b750a-5a85-45dc-a519-6c1261d3bd34",
            "image_name": "ubuntu-focal-20.04-nogui",
            "key_pair": "vxw59196",
            "metadata": null,
            "name": "k0s-app-worker-5",
            "network": [
              {
                "access_network": false,
                "fixed_ip_v4": "172.16.103.179",
                "fixed_ip_v6": "",
                "floating_ip": "",
                "mac": "fa:ca:ad:a7:e7:8e",
                "name": "Internal",
                "port": "",
                "uuid": "5be315b7-7ebd-4254-97fe-18c1df501538"
              }
            ],
            "network_mode": null,
            "personality": [],
            "power_state": "active",
            "region": "RegionOne",
            "scheduler_hints": [],
            "security_groups": [
              "use-host-firewall"
            ],
            "stop_before_destroy": false,
            "tags": [],
            "timeouts": null,
            "user_data": null,
            "vendor_options": [],
            "volume": []
          },
          "sensitive_attributes": [],
          "private": "eyJlMmJmYjczMC1lY2FhLTExZTYtOGY4OC0zNDM2M2JjN2M0YzAiOnsiY3JlYXRlIjoxODAwMDAwMDAwMDAwLCJkZWxldGUiOjE4MDAwMDAwMDAwMDAsInVwZGF0ZSI6MTgwMDAwMDAwMDAwMH19",
          "dependencies": [
            "openstack_compute_keypair_v2.keypair"
          ]
        }
      ]
    },
    {
      "mode": "managed",
      "type": "openstack_compute_instance_v2",
      "name": "k0s-controllers",
      "provider": "provider[\"registry.terraform.io/terraform-provider-openstack/openstack\"]",
      "instances": [
        {
          "index_key": 0,
          "schema_version": 0,
          "attributes": {
            "access_ip_v4": "172.16.105.245",
            "access_ip_v6": "",
            "admin_pass": null,
            "all_metadata": {},
            "all_tags": [],
            "availability_zone": "ceph",
            "availability_zone_hints": null,
            "block_device": [],
            "config_drive": null,
            "flavor_id": "300f36c7-603d-4c69-80d1-1dc610c309b8",
            "flavor_name": "l3.micro",
            "floating_ip": null,
            "force_delete": false,
            "id": "d87e5f1d-07ab-40a0-80af-0080dce9106c",
            "image_id": "505b750a-5a85-45dc-a519-6c1261d3bd34",
            "image_name": "ubuntu-focal-20.04-nogui",
            "key_pair": "vxw59196",
            "metadata": null,
            "name": "k0s-controller-1",
            "network": [
              {
                "access_network": false,
                "fixed_ip_v4": "172.16.105.245",
                "fixed_ip_v6": "",
                "floating_ip": "",
                "mac": "fa:ca:ad:ae:24:c2",
                "name": "Internal",
                "port": "",
                "uuid": "5be315b7-7ebd-4254-97fe-18c1df501538"
              }
            ],
            "network_mode": null,
            "personality": [],
            "power_state": "active",
            "region": "RegionOne",
            "scheduler_hints": [
              {
                "additional_properties": {},
                "build_near_host_ip": "",
                "different_cell": [],
                "different_host": [],
                "group": "25d361c2-5968-4a70-8ca7-7fff31e4b182",
                "query": [],
                "same_host": [],
                "target_cell": ""
              }
            ],
            "security_groups": [
              "use-host-firewall"
            ],
            "stop_before_destroy": false,
            "tags": [],
            "timeouts": null,
            "user_data": null,
            "vendor_options": [],
            "volume": []
          },
          "sensitive_attributes": [],
          "private": "eyJlMmJmYjczMC1lY2FhLTExZTYtOGY4OC0zNDM2M2JjN2M0YzAiOnsiY3JlYXRlIjoxODAwMDAwMDAwMDAwLCJkZWxldGUiOjE4MDAwMDAwMDAwMDAsInVwZGF0ZSI6MTgwMDAwMDAwMDAwMH19",
          "dependencies": [
            "openstack_compute_keypair_v2.keypair",
            "openstack_compute_servergroup_v2.controllers-group"
          ]
        },
        {
          "index_key": 1,
          "schema_version": 0,
          "attributes": {
            "access_ip_v4": "172.16.102.204",
            "access_ip_v6": "",
            "admin_pass": null,
            "all_metadata": {},
            "all_tags": [],
            "availability_zone": "ceph",
            "availability_zone_hints": null,
            "block_device": [],
            "config_drive": null,
            "flavor_id": "300f36c7-603d-4c69-80d1-1dc610c309b8",
            "flavor_name": "l3.micro",
            "floating_ip": null,
            "force_delete": false,
            "id": "95855900-6322-428d-bc3b-df8340364ce9",
            "image_id": "505b750a-5a85-45dc-a519-6c1261d3bd34",
            "image_name": "ubuntu-focal-20.04-nogui",
            "key_pair": "vxw59196",
            "metadata": null,
            "name": "k0s-controller-2",
            "network": [
              {
                "access_network": false,
                "fixed_ip_v4": "172.16.102.204",
                "fixed_ip_v6": "",
                "floating_ip": "",
                "mac": "fa:ca:ad:80:f3:f7",
                "name": "Internal",
                "port": "",
                "uuid": "5be315b7-7ebd-4254-97fe-18c1df501538"
              }
            ],
            "network_mode": null,
            "personality": [],
            "power_state": "active",
            "region": "RegionOne",
            "scheduler_hints": [
              {
                "additional_properties": {},
                "build_near_host_ip": "",
                "different_cell": [],
                "different_host": [],
                "group": "25d361c2-5968-4a70-8ca7-7fff31e4b182",
                "query": [],
                "same_host": [],
                "target_cell": ""
              }
            ],
            "security_groups": [
              "use-host-firewall"
            ],
            "stop_before_destroy": false,
            "tags": [],
            "timeouts": null,
            "user_data": null,
            "vendor_options": [],
            "volume": []
          },
          "sensitive_attributes": [],
          "private": "eyJlMmJmYjczMC1lY2FhLTExZTYtOGY4OC0zNDM2M2JjN2M0YzAiOnsiY3JlYXRlIjoxODAwMDAwMDAwMDAwLCJkZWxldGUiOjE4MDAwMDAwMDAwMDAsInVwZGF0ZSI6MTgwMDAwMDAwMDAwMH19",
          "dependencies": [
            "openstack_compute_keypair_v2.keypair",
            "openstack_compute_servergroup_v2.controllers-group"
          ]
        },
        {
          "index_key": 2,
          "schema_version": 0,
          "attributes": {
            "access_ip_v4": "172.16.102.158",
            "access_ip_v6": "",
            "admin_pass": null,
            "all_metadata": {},
            "all_tags": [],
            "availability_zone": "ceph",
            "availability_zone_hints": null,
            "block_device": [],
            "config_drive": null,
            "flavor_id": "300f36c7-603d-4c69-80d1-1dc610c309b8",
            "flavor_name": "l3.micro",
            "floating_ip": null,
            "force_delete": false,
            "id": "cffb7ebe-8f56-46d0-a951-b806624b1f57",
            "image_id": "505b750a-5a85-45dc-a519-6c1261d3bd34",
            "image_name": "ubuntu-focal-20.04-nogui",
            "key_pair": "vxw59196",
            "metadata": null,
            "name": "k0s-controller-3",
            "network": [
              {
                "access_network": false,
                "fixed_ip_v4": "172.16.102.158",
                "fixed_ip_v6": "",
                "floating_ip": "",
                "mac": "fa:ca:ad:4c:df:2e",
                "name": "Internal",
                "port": "",
                "uuid": "5be315b7-7ebd-4254-97fe-18c1df501538"
              }
            ],
            "network_mode": null,
            "personality": [],
            "power_state": "active",
            "region": "RegionOne",
            "scheduler_hints": [
              {
                "additional_properties": {},
                "build_near_host_ip": "",
                "different_cell": [],
                "different_host": [],
                "group": "25d361c2-5968-4a70-8ca7-7fff31e4b182",
                "query": [],
                "same_host": [],
                "target_cell": ""
              }
            ],
            "security_groups": [
              "use-host-firewall"
            ],
            "stop_before_destroy": false,
            "tags": [],
            "timeouts": null,
            "user_data": null,
            "vendor_options": [],
            "volume": []
          },
          "sensitive_attributes": [],
          "private": "eyJlMmJmYjczMC1lY2FhLTExZTYtOGY4OC0zNDM2M2JjN2M0YzAiOnsiY3JlYXRlIjoxODAwMDAwMDAwMDAwLCJkZWxldGUiOjE4MDAwMDAwMDAwMDAsInVwZGF0ZSI6MTgwMDAwMDAwMDAwMH19",
          "dependencies": [
            "openstack_compute_keypair_v2.keypair",
            "openstack_compute_servergroup_v2.controllers-group"
          ]
        },
        {
          "index_key": 3,
          "schema_version": 0,
          "attributes": {
            "access_ip_v4": "172.16.112.157",
            "access_ip_v6": "",
            "admin_pass": null,
            "all_metadata": {},
            "all_tags": [],
            "availability_zone": "ceph",
            "availability_zone_hints": null,
            "block_device": [],
            "config_drive": null,
            "flavor_id": "300f36c7-603d-4c69-80d1-1dc610c309b8",
            "flavor_name": "l3.micro",
            "floating_ip": null,
            "force_delete": false,
            "id": "e9551e6e-0a9b-45d7-9b53-f4c50d7b05e6",
            "image_id": "505b750a-5a85-45dc-a519-6c1261d3bd34",
            "image_name": "ubuntu-focal-20.04-nogui",
            "key_pair": "vxw59196",
            "metadata": null,
            "name": "k0s-controller-4",
            "network": [
              {
                "access_network": false,
                "fixed_ip_v4": "172.16.112.157",
                "fixed_ip_v6": "",
                "floating_ip": "",
                "mac": "fa:ca:ad:3c:b6:98",
                "name": "Internal",
                "port": "",
                "uuid": "5be315b7-7ebd-4254-97fe-18c1df501538"
              }
            ],
            "network_mode": null,
            "personality": [],
            "power_state": "active",
            "region": "RegionOne",
            "scheduler_hints": [
              {
                "additional_properties": {},
                "build_near_host_ip": "",
                "different_cell": [],
                "different_host": [],
                "group": "25d361c2-5968-4a70-8ca7-7fff31e4b182",
                "query": [],
                "same_host": [],
                "target_cell": ""
              }
            ],
            "security_groups": [
              "use-host-firewall"
            ],
            "stop_before_destroy": false,
            "tags": [],
            "timeouts": null,
            "user_data": null,
            "vendor_options": [],
            "volume": []
          },
          "sensitive_attributes": [],
          "private": "eyJlMmJmYjczMC1lY2FhLTExZTYtOGY4OC0zNDM2M2JjN2M0YzAiOnsiY3JlYXRlIjoxODAwMDAwMDAwMDAwLCJkZWxldGUiOjE4MDAwMDAwMDAwMDAsInVwZGF0ZSI6MTgwMDAwMDAwMDAwMH19",
          "dependencies": [
            "openstack_compute_keypair_v2.keypair",
            "openstack_compute_servergroup_v2.controllers-group"
          ]
        },
        {
          "index_key": 4,
          "schema_version": 0,
          "attributes": {
            "access_ip_v4": "172.16.102.107",
            "access_ip_v6": "",
            "admin_pass": null,
            "all_metadata": {},
            "all_tags": [],
            "availability_zone": "ceph",
            "availability_zone_hints": null,
            "block_device": [],
            "config_drive": null,
            "flavor_id": "300f36c7-603d-4c69-80d1-1dc610c309b8",
            "flavor_name": "l3.micro",
            "floating_ip": null,
            "force_delete": false,
            "id": "edb58978-b0cb-472f-a7e2-e96ff8a6d408",
            "image_id": "505b750a-5a85-45dc-a519-6c1261d3bd34",
            "image_name": "ubuntu-focal-20.04-nogui",
            "key_pair": "vxw59196",
            "metadata": null,
            "name": "k0s-controller-5",
            "network": [
              {
                "access_network": false,
                "fixed_ip_v4": "172.16.102.107",
                "fixed_ip_v6": "",
                "floating_ip": "",
                "mac": "fa:ca:ad:5c:7f:f3",
                "name": "Internal",
                "port": "",
                "uuid": "5be315b7-7ebd-4254-97fe-18c1df501538"
              }
            ],
            "network_mode": null,
            "personality": [],
            "power_state": "active",
            "region": "RegionOne",
            "scheduler_hints": [
              {
                "additional_properties": {},
                "build_near_host_ip": "",
                "different_cell": [],
                "different_host": [],
                "group": "25d361c2-5968-4a70-8ca7-7fff31e4b182",
                "query": [],
                "same_host": [],
                "target_cell": ""
              }
            ],
            "security_groups": [
              "use-host-firewall"
            ],
            "stop_before_destroy": false,
            "tags": [],
            "timeouts": null,
            "user_data": null,
            "vendor_options": [],
            "volume": []
          },
          "sensitive_attributes": [],
          "private": "eyJlMmJmYjczMC1lY2FhLTExZTYtOGY4OC0zNDM2M2JjN2M0YzAiOnsiY3JlYXRlIjoxODAwMDAwMDAwMDAwLCJkZWxldGUiOjE4MDAwMDAwMDAwMDAsInVwZGF0ZSI6MTgwMDAwMDAwMDAwMH19",
          "dependencies": [
            "openstack_compute_keypair_v2.keypair",
            "openstack_compute_servergroup_v2.controllers-group"
          ]
        }
      ]
    },
    {
      "mode": "managed",
      "type": "openstack_compute_instance_v2",
      "name": "k0s-load-balancer",
      "provider": "provider[\"registry.terraform.io/terraform-provider-openstack/openstack\"]",
      "instances": [
        {
          "schema_version": 0,
          "attributes": {
            "access_ip_v4": "172.16.113.168",
            "access_ip_v6": "",
            "admin_pass": null,
            "all_metadata": {},
            "all_tags": [],
            "availability_zone": "ceph",
            "availability_zone_hints": null,
            "block_device": [],
            "config_drive": null,
            "flavor_id": "300f36c7-603d-4c69-80d1-1dc610c309b8",
            "flavor_name": "l3.micro",
            "floating_ip": null,
            "force_delete": false,
            "id": "164adacf-1a7d-4bd6-86bf-979dc1f7c023",
            "image_id": "505b750a-5a85-45dc-a519-6c1261d3bd34",
            "image_name": "ubuntu-focal-20.04-nogui",
            "key_pair": "vxw59196",
            "metadata": null,
            "name": "k0s-load-balancer",
            "network": [
              {
                "access_network": false,
                "fixed_ip_v4": "172.16.113.168",
                "fixed_ip_v6": "",
                "floating_ip": "",
                "mac": "fa:ca:ad:5c:79:cb",
                "name": "Internal",
                "port": "",
                "uuid": "5be315b7-7ebd-4254-97fe-18c1df501538"
              }
            ],
            "network_mode": null,
            "personality": [],
            "power_state": "active",
            "region": "RegionOne",
            "scheduler_hints": [],
            "security_groups": [
              "use-host-firewall"
            ],
            "stop_before_destroy": false,
            "tags": [],
            "timeouts": null,
            "user_data": null,
            "vendor_options": [],
            "volume": []
          },
          "sensitive_attributes": [],
          "private": "eyJlMmJmYjczMC1lY2FhLTExZTYtOGY4OC0zNDM2M2JjN2M0YzAiOnsiY3JlYXRlIjoxODAwMDAwMDAwMDAwLCJkZWxldGUiOjE4MDAwMDAwMDAwMDAsInVwZGF0ZSI6MTgwMDAwMDAwMDAwMH19",
          "dependencies": [
            "openstack_compute_keypair_v2.keypair"
          ]
        }
      ]
    },
    {
      "mode": "managed",
      "type": "openstack_compute_instance_v2",
      "name": "k0s-queue-workers",
      "provider": "provider[\"registry.terraform.io/terraform-provider-openstack/openstack\"]",
      "instances": [
        {
          "index_key": 0,
          "schema_version": 0,
          "attributes": {
            "access_ip_v4": "172.16.112.175",
            "access_ip_v6": "",
            "admin_pass": null,
            "all_metadata": {},
            "all_tags": [],
            "availability_zone": "ceph",
            "availability_zone_hints": null,
            "block_device": [],
            "config_drive": null,
            "flavor_id": "56786106-b241-4d27-893f-c81c8d57bd05",
            "flavor_name": "l2.small",
            "floating_ip": null,
            "force_delete": false,
            "id": "25228769-2274-4403-8229-4dd03f5be2ad",
            "image_id": "505b750a-5a85-45dc-a519-6c1261d3bd34",
            "image_name": "ubuntu-focal-20.04-nogui",
            "key_pair": "vxw59196",
            "metadata": null,
            "name": "k0s-queue-worker-1",
            "network": [
              {
                "access_network": false,
                "fixed_ip_v4": "172.16.112.175",
                "fixed_ip_v6": "",
                "floating_ip": "",
                "mac": "fa:ca:ad:b7:11:71",
                "name": "Internal",
                "port": "",
                "uuid": "5be315b7-7ebd-4254-97fe-18c1df501538"
              }
            ],
            "network_mode": null,
            "personality": [],
            "power_state": "active",
            "region": "RegionOne",
            "scheduler_hints": [],
            "security_groups": [
              "use-host-firewall"
            ],
            "stop_before_destroy": false,
            "tags": [],
            "timeouts": null,
            "user_data": null,
            "vendor_options": [],
            "volume": []
          },
          "sensitive_attributes": [],
          "private": "eyJlMmJmYjczMC1lY2FhLTExZTYtOGY4OC0zNDM2M2JjN2M0YzAiOnsiY3JlYXRlIjoxODAwMDAwMDAwMDAwLCJkZWxldGUiOjE4MDAwMDAwMDAwMDAsInVwZGF0ZSI6MTgwMDAwMDAwMDAwMH19",
          "dependencies": [
            "openstack_compute_keypair_v2.keypair"
          ]
        },
        {
          "index_key": 1,
          "schema_version": 0,
          "attributes": {
            "access_ip_v4": "172.16.113.89",
            "access_ip_v6": "",
            "admin_pass": null,
            "all_metadata": {},
            "all_tags": [],
            "availability_zone": "ceph",
            "availability_zone_hints": null,
            "block_device": [],
            "config_drive": null,
            "flavor_id": "56786106-b241-4d27-893f-c81c8d57bd05",
            "flavor_name": "l2.small",
            "floating_ip": null,
            "force_delete": false,
            "id": "6ab4449e-d079-447a-88c7-ae2f09cc9f23",
            "image_id": "505b750a-5a85-45dc-a519-6c1261d3bd34",
            "image_name": "ubuntu-focal-20.04-nogui",
            "key_pair": "vxw59196",
            "metadata": null,
            "name": "k0s-queue-worker-2",
            "network": [
              {
                "access_network": false,
                "fixed_ip_v4": "172.16.113.89",
                "fixed_ip_v6": "",
                "floating_ip": "",
                "mac": "fa:ca:ad:6f:55:05",
                "name": "Internal",
                "port": "",
                "uuid": "5be315b7-7ebd-4254-97fe-18c1df501538"
              }
            ],
            "network_mode": null,
            "personality": [],
            "power_state": "active",
            "region": "RegionOne",
            "scheduler_hints": [],
            "security_groups": [
              "use-host-firewall"
            ],
            "stop_before_destroy": false,
            "tags": [],
            "timeouts": null,
            "user_data": null,
            "vendor_options": [],
            "volume": []
          },
          "sensitive_attributes": [],
          "private": "eyJlMmJmYjczMC1lY2FhLTExZTYtOGY4OC0zNDM2M2JjN2M0YzAiOnsiY3JlYXRlIjoxODAwMDAwMDAwMDAwLCJkZWxldGUiOjE4MDAwMDAwMDAwMDAsInVwZGF0ZSI6MTgwMDAwMDAwMDAwMH19",
          "dependencies": [
            "openstack_compute_keypair_v2.keypair"
          ]
        },
        {
          "index_key": 2,
          "schema_version": 0,
          "attributes": {
            "access_ip_v4": "172.16.113.238",
            "access_ip_v6": "",
            "admin_pass": null,
            "all_metadata": {},
            "all_tags": [],
            "availability_zone": "ceph",
            "availability_zone_hints": null,
            "block_device": [],
            "config_drive": null,
            "flavor_id": "56786106-b241-4d27-893f-c81c8d57bd05",
            "flavor_name": "l2.small",
            "floating_ip": null,
            "force_delete": false,
            "id": "2e3e994a-2afe-421a-a728-e31bda969afe",
            "image_id": "505b750a-5a85-45dc-a519-6c1261d3bd34",
            "image_name": "ubuntu-focal-20.04-nogui",
            "key_pair": "vxw59196",
            "metadata": null,
            "name": "k0s-queue-worker-3",
            "network": [
              {
                "access_network": false,
                "fixed_ip_v4": "172.16.113.238",
                "fixed_ip_v6": "",
                "floating_ip": "",
                "mac": "fa:ca:ad:4e:cf:ba",
                "name": "Internal",
                "port": "",
                "uuid": "5be315b7-7ebd-4254-97fe-18c1df501538"
              }
            ],
            "network_mode": null,
            "personality": [],
            "power_state": "active",
            "region": "RegionOne",
            "scheduler_hints": [],
            "security_groups": [
              "use-host-firewall"
            ],
            "stop_before_destroy": false,
            "tags": [],
            "timeouts": null,
            "user_data": null,
            "vendor_options": [],
            "volume": []
          },
          "sensitive_attributes": [],
          "private": "eyJlMmJmYjczMC1lY2FhLTExZTYtOGY4OC0zNDM2M2JjN2M0YzAiOnsiY3JlYXRlIjoxODAwMDAwMDAwMDAwLCJkZWxldGUiOjE4MDAwMDAwMDAwMDAsInVwZGF0ZSI6MTgwMDAwMDAwMDAwMH19",
          "dependencies": [
            "openstack_compute_keypair_v2.keypair"
          ]
        },
        {
          "index_key": 3,
          "schema_version": 0,
          "attributes": {
            "access_ip_v4": "172.16.113.242",
            "access_ip_v6": "",
            "admin_pass": null,
            "all_metadata": {},
            "all_tags": [],
            "availability_zone": "ceph",
            "availability_zone_hints": null,
            "block_device": [],
            "config_drive": null,
            "flavor_id": "56786106-b241-4d27-893f-c81c8d57bd05",
            "flavor_name": "l2.small",
            "floating_ip": null,
            "force_delete": false,
            "id": "47c0d21d-2d8f-440a-9bbc-aba1dc0a388a",
            "image_id": "505b750a-5a85-45dc-a519-6c1261d3bd34",
            "image_name": "ubuntu-focal-20.04-nogui",
            "key_pair": "vxw59196",
            "metadata": null,
            "name": "k0s-queue-worker-4",
            "network": [
              {
                "access_network": false,
                "fixed_ip_v4": "172.16.113.242",
                "fixed_ip_v6": "",
                "floating_ip": "",
                "mac": "fa:ca:ad:e4:85:38",
                "name": "Internal",
                "port": "",
                "uuid": "5be315b7-7ebd-4254-97fe-18c1df501538"
              }
            ],
            "network_mode": null,
            "personality": [],
            "power_state": "active",
            "region": "RegionOne",
            "scheduler_hints": [],
            "security_groups": [
              "use-host-firewall"
            ],
            "stop_before_destroy": false,
            "tags": [],
            "timeouts": null,
            "user_data": null,
            "vendor_options": [],
            "volume": []
          },
          "sensitive_attributes": [],
          "private": "eyJlMmJmYjczMC1lY2FhLTExZTYtOGY4OC0zNDM2M2JjN2M0YzAiOnsiY3JlYXRlIjoxODAwMDAwMDAwMDAwLCJkZWxldGUiOjE4MDAwMDAwMDAwMDAsInVwZGF0ZSI6MTgwMDAwMDAwMDAwMH19",
          "dependencies": [
            "openstack_compute_keypair_v2.keypair"
          ]
        },
        {
          "index_key": 4,
          "schema_version": 0,
          "attributes": {
            "access_ip_v4": "172.16.103.211",
            "access_ip_v6": "",
            "admin_pass": null,
            "all_metadata": {},
            "all_tags": [],
            "availability_zone": "ceph",
            "availability_zone_hints": null,
            "block_device": [],
            "config_drive": null,
            "flavor_id": "56786106-b241-4d27-893f-c81c8d57bd05",
            "flavor_name": "l2.small",
            "floating_ip": null,
            "force_delete": false,
            "id": "3e7c609e-6b92-4ee8-926d-49e63c603faa",
            "image_id": "505b750a-5a85-45dc-a519-6c1261d3bd34",
            "image_name": "ubuntu-focal-20.04-nogui",
            "key_pair": "vxw59196",
            "metadata": null,
            "name": "k0s-queue-worker-5",
            "network": [
              {
                "access_network": false,
                "fixed_ip_v4": "172.16.103.211",
                "fixed_ip_v6": "",
                "floating_ip": "",
                "mac": "fa:ca:ad:04:c3:06",
                "name": "Internal",
                "port": "",
                "uuid": ""
              }
            ],
            "network_mode": null,
            "personality": [],
            "power_state": "active",
            "region": "RegionOne",
            "scheduler_hints": [],
            "security_groups": [
              "use-host-firewall"
            ],
            "stop_before_destroy": false,
            "tags": null,
            "timeouts": null,
            "user_data": null,
            "vendor_options": [],
            "volume": []
          },
          "sensitive_attributes": [],
          "private": "eyJlMmJmYjczMC1lY2FhLTExZTYtOGY4OC0zNDM2M2JjN2M0YzAiOnsiY3JlYXRlIjoxODAwMDAwMDAwMDAwLCJkZWxldGUiOjE4MDAwMDAwMDAwMDAsInVwZGF0ZSI6MTgwMDAwMDAwMDAwMH19",
          "dependencies": [
            "openstack_compute_keypair_v2.keypair"
          ]
        },
        {
          "index_key": 5,
          "schema_version": 0,
          "attributes": {
            "access_ip_v4": "172.16.105.78",
            "access_ip_v6": "",
            "admin_pass": null,
            "all_metadata": {},
            "all_tags": [],
            "availability_zone": "ceph",
            "availability_zone_hints": null,
            "block_device": [],
            "config_drive": null,
            "flavor_id": "56786106-b241-4d27-893f-c81c8d57bd05",
            "flavor_name": "l2.small",
            "floating_ip": null,
            "force_delete": false,
            "id": "b2b131dd-b2b7-4d41-b8a1-c035d066a153",
            "image_id": "505b750a-5a85-45dc-a519-6c1261d3bd34",
            "image_name": "ubuntu-focal-20.04-nogui",
            "key_pair": "vxw59196",
            "metadata": null,
            "name": "k0s-queue-worker-6",
            "network": [
              {
                "access_network": false,
                "fixed_ip_v4": "172.16.105.78",
                "fixed_ip_v6": "",
                "floating_ip": "",
                "mac": "fa:ca:ad:16:38:d0",
                "name": "Internal",
                "port": "",
                "uuid": "5be315b7-7ebd-4254-97fe-18c1df501538"
              }
            ],
            "network_mode": null,
            "personality": [],
            "power_state": "active",
            "region": "RegionOne",
            "scheduler_hints": [],
            "security_groups": [
              "use-host-firewall"
            ],
            "stop_before_destroy": false,
            "tags": [],
            "timeouts": null,
            "user_data": null,
            "vendor_options": [],
            "volume": []
          },
          "sensitive_attributes": [],
          "private": "eyJlMmJmYjczMC1lY2FhLTExZTYtOGY4OC0zNDM2M2JjN2M0YzAiOnsiY3JlYXRlIjoxODAwMDAwMDAwMDAwLCJkZWxldGUiOjE4MDAwMDAwMDAwMDAsInVwZGF0ZSI6MTgwMDAwMDAwMDAwMH19",
          "dependencies": [
            "openstack_compute_keypair_v2.keypair"
          ]
        },
        {
          "index_key": 6,
          "schema_version": 0,
          "attributes": {
            "access_ip_v4": "172.16.105.150",
            "access_ip_v6": "",
            "admin_pass": null,
            "all_metadata": {},
            "all_tags": [],
            "availability_zone": "ceph",
            "availability_zone_hints": null,
            "block_device": [],
            "config_drive": null,
            "flavor_id": "56786106-b241-4d27-893f-c81c8d57bd05",
            "flavor_name": "l2.small",
            "floating_ip": null,
            "force_delete": false,
            "id": "72da482e-e57f-43eb-8bfb-dc8bce6b0646",
            "image_id": "505b750a-5a85-45dc-a519-6c1261d3bd34",
            "image_name": "ubuntu-focal-20.04-nogui",
            "key_pair": "vxw59196",
            "metadata": null,
            "name": "k0s-queue-worker-7",
            "network": [
              {
                "access_network": false,
                "fixed_ip_v4": "172.16.105.150",
                "fixed_ip_v6": "",
                "floating_ip": "",
                "mac": "fa:ca:ad:6a:17:60",
                "name": "Internal",
                "port": "",
                "uuid": "5be315b7-7ebd-4254-97fe-18c1df501538"
              }
            ],
            "network_mode": null,
            "personality": [],
            "power_state": "active",
            "region": "RegionOne",
            "scheduler_hints": [],
            "security_groups": [
              "use-host-firewall"
            ],
            "stop_before_destroy": false,
            "tags": [],
            "timeouts": null,
            "user_data": null,
            "vendor_options": [],
            "volume": []
          },
          "sensitive_attributes": [],
          "private": "eyJlMmJmYjczMC1lY2FhLTExZTYtOGY4OC0zNDM2M2JjN2M0YzAiOnsiY3JlYXRlIjoxODAwMDAwMDAwMDAwLCJkZWxldGUiOjE4MDAwMDAwMDAwMDAsInVwZGF0ZSI6MTgwMDAwMDAwMDAwMH19",
          "dependencies": [
            "openstack_compute_keypair_v2.keypair"
          ]
        },
        {
          "index_key": 7,
          "schema_version": 0,
          "attributes": {
            "access_ip_v4": "172.16.105.202",
            "access_ip_v6": "",
            "admin_pass": null,
            "all_metadata": {},
            "all_tags": [],
            "availability_zone": "ceph",
            "availability_zone_hints": null,
            "block_device": [],
            "config_drive": null,
            "flavor_id": "56786106-b241-4d27-893f-c81c8d57bd05",
            "flavor_name": "l2.small",
            "floating_ip": null,
            "force_delete": false,
            "id": "fb2dd269-bf12-44f8-9f76-7038c0234925",
            "image_id": "505b750a-5a85-45dc-a519-6c1261d3bd34",
            "image_name": "ubuntu-focal-20.04-nogui",
            "key_pair": "vxw59196",
            "metadata": null,
            "name": "k0s-queue-worker-8",
            "network": [
              {
                "access_network": false,
                "fixed_ip_v4": "172.16.105.202",
                "fixed_ip_v6": "",
                "floating_ip": "",
                "mac": "fa:ca:ad:b6:81:b3",
                "name": "Internal",
                "port": "",
                "uuid": "5be315b7-7ebd-4254-97fe-18c1df501538"
              }
            ],
            "network_mode": null,
            "personality": [],
            "power_state": "active",
            "region": "RegionOne",
            "scheduler_hints": [],
            "security_groups": [
              "use-host-firewall"
            ],
            "stop_before_destroy": false,
            "tags": [],
            "timeouts": null,
            "user_data": null,
            "vendor_options": [],
            "volume": []
          },
          "sensitive_attributes": [],
          "private": "eyJlMmJmYjczMC1lY2FhLTExZTYtOGY4OC0zNDM2M2JjN2M0YzAiOnsiY3JlYXRlIjoxODAwMDAwMDAwMDAwLCJkZWxldGUiOjE4MDAwMDAwMDAwMDAsInVwZGF0ZSI6MTgwMDAwMDAwMDAwMH19",
          "dependencies": [
            "openstack_compute_keypair_v2.keypair"
          ]
        },
        {
          "index_key": 8,
          "schema_version": 0,
          "attributes": {
            "access_ip_v4": "172.16.105.174",
            "access_ip_v6": "",
            "admin_pass": null,
            "all_metadata": {},
            "all_tags": [],
            "availability_zone": "ceph",
            "availability_zone_hints": null,
            "block_device": [],
            "config_drive": null,
            "flavor_id": "56786106-b241-4d27-893f-c81c8d57bd05",
            "flavor_name": "l2.small",
            "floating_ip": null,
            "force_delete": false,
            "id": "8f34cb39-e9d7-4741-82b0-d42262a341ba",
            "image_id": "505b750a-5a85-45dc-a519-6c1261d3bd34",
            "image_name": "ubuntu-focal-20.04-nogui",
            "key_pair": "vxw59196",
            "metadata": null,
            "name": "k0s-queue-worker-9",
            "network": [
              {
                "access_network": false,
                "fixed_ip_v4": "172.16.105.174",
                "fixed_ip_v6": "",
                "floating_ip": "",
                "mac": "fa:ca:ad:fb:1e:80",
                "name": "Internal",
                "port": "",
                "uuid": "5be315b7-7ebd-4254-97fe-18c1df501538"
              }
            ],
            "network_mode": null,
            "personality": [],
            "power_state": "active",
            "region": "RegionOne",
            "scheduler_hints": [],
            "security_groups": [
              "use-host-firewall"
            ],
            "stop_before_destroy": false,
            "tags": [],
            "timeouts": null,
            "user_data": null,
            "vendor_options": [],
            "volume": []
          },
          "sensitive_attributes": [],
          "private": "eyJlMmJmYjczMC1lY2FhLTExZTYtOGY4OC0zNDM2M2JjN2M0YzAiOnsiY3JlYXRlIjoxODAwMDAwMDAwMDAwLCJkZWxldGUiOjE4MDAwMDAwMDAwMDAsInVwZGF0ZSI6MTgwMDAwMDAwMDAwMH19",
          "dependencies": [
            "openstack_compute_keypair_v2.keypair"
          ]
        },
        {
          "index_key": 9,
          "schema_version": 0,
          "attributes": {
            "access_ip_v4": "172.16.105.204",
            "access_ip_v6": "",
            "admin_pass": null,
            "all_metadata": {},
            "all_tags": [],
            "availability_zone": "ceph",
            "availability_zone_hints": null,
            "block_device": [],
            "config_drive": null,
            "flavor_id": "56786106-b241-4d27-893f-c81c8d57bd05",
            "flavor_name": "l2.small",
            "floating_ip": null,
            "force_delete": false,
            "id": "0439d8b5-d278-4d46-a9c1-7303fc8a6342",
            "image_id": "505b750a-5a85-45dc-a519-6c1261d3bd34",
            "image_name": "ubuntu-focal-20.04-nogui",
            "key_pair": "vxw59196",
            "metadata": null,
            "name": "k0s-queue-worker-10",
            "network": [
              {
                "access_network": false,
                "fixed_ip_v4": "172.16.105.204",
                "fixed_ip_v6": "",
                "floating_ip": "",
                "mac": "fa:ca:ad:af:2c:4a",
                "name": "Internal",
                "port": "",
                "uuid": "5be315b7-7ebd-4254-97fe-18c1df501538"
              }
            ],
            "network_mode": null,
            "personality": [],
            "power_state": "active",
            "region": "RegionOne",
            "scheduler_hints": [],
            "security_groups": [
              "use-host-firewall"
            ],
            "stop_before_destroy": false,
            "tags": [],
            "timeouts": null,
            "user_data": null,
            "vendor_options": [],
            "volume": []
          },
          "sensitive_attributes": [],
          "private": "eyJlMmJmYjczMC1lY2FhLTExZTYtOGY4OC0zNDM2M2JjN2M0YzAiOnsiY3JlYXRlIjoxODAwMDAwMDAwMDAwLCJkZWxldGUiOjE4MDAwMDAwMDAwMDAsInVwZGF0ZSI6MTgwMDAwMDAwMDAwMH19",
          "dependencies": [
            "openstack_compute_keypair_v2.keypair"
          ]
        }
      ]
    },
    {
      "mode": "managed",
      "type": "openstack_compute_keypair_v2",
      "name": "keypair",
      "provider": "provider[\"registry.terraform.io/terraform-provider-openstack/openstack\"]",
      "instances": [
        {
          "schema_version": 0,
          "attributes": {
            "fingerprint": "74:39:90:f4:2c:f7:cf:80:e0:83:b7:7f:c0:21:6c:d4",
            "id": "vxw59196",
            "name": "vxw59196",
            "private_key": "",
            "public_key": "ssh-rsa AAAAB3NzaC1yc2EAAAADAQABAAABAQDE973x4riglYeO/8QRF2Pbr0rb7W4Q40apqJf1UUnBnKZ04wPmPq9R+20JDt/YpX4i+Nfxv8peFu6+wqrdHLbNWTnQoUq+jWGass5MzadWhaW8Bc8BRuMgCx3dBxLnHKAH9Lrr9PKhY99w2573B8sb5SdJKDJQMCqjpVlQKtgOaJEHZ3iE9eBKDj0z+FveIpA/huLFPXeLmYc3u/DpGgkc59x5xnLPuh4Va0IJ+9DEsru5NYFLVACVW8QsNozWYONs/2xUjO4uL1Ue5wfFoRWU87lgJ8YZNXj1aszrJD4i51cD8Zar1dbHc2CHMDF0oyJBpXd6IfN4F5R4MUVizmtD samuel.jones@stfc.ac.uk",
            "region": "RegionOne",
            "user_id": "",
            "value_specs": null
          },
          "sensitive_attributes": [],
          "private": "bnVsbA=="
        }
      ]
    },
    {
      "mode": "managed",
      "type": "openstack_compute_servergroup_v2",
      "name": "controllers-group",
      "provider": "provider[\"registry.terraform.io/terraform-provider-openstack/openstack\"]",
      "instances": [
        {
          "schema_version": 0,
          "attributes": {
            "id": "25d361c2-5968-4a70-8ca7-7fff31e4b182",
            "members": [
              "d87e5f1d-07ab-40a0-80af-0080dce9106c",
              "cffb7ebe-8f56-46d0-a951-b806624b1f57",
              "95855900-6322-428d-bc3b-df8340364ce9",
              "edb58978-b0cb-472f-a7e2-e96ff8a6d408",
              "e9551e6e-0a9b-45d7-9b53-f4c50d7b05e6"
            ],
            "name": "controllers-group",
            "policies": [
              "soft-anti-affinity"
            ],
            "region": "RegionOne",
            "value_specs": null
          },
          "sensitive_attributes": [],
          "private": "bnVsbA=="
        }
      ]
    }
  ],
  "check_results": null
}
