{
  "version": 4,
  "terraform_version": "1.3.5",
  "serial": 1023,
  "lineage": "49201a48-c0ad-7ca8-6b18-fa8c7ac80393",
  "outputs": {
    "ansible_inventory": {
      "value": "[controllers]\n172.16.112.175 ansible_host=172.16.112.175 ansible_user=vxw59196\n172.16.102.233 ansible_host=172.16.102.233 ansible_user=vxw59196\n172.16.114.206 ansible_host=172.16.114.206 ansible_user=vxw59196\n\n[workers]\n172.16.113.154 ansible_host=172.16.113.154 ansible_user=vxw59196\n172.16.113.230 ansible_host=172.16.113.230 ansible_user=vxw59196\n172.16.113.242 ansible_host=172.16.113.242 ansible_user=vxw59196\n172.16.114.14 ansible_host=172.16.114.14 ansible_user=vxw59196\n172.16.112.157 ansible_host=172.16.112.157 ansible_user=vxw59196\n\n[loadbalancer]\n172.16.112.117 ansible_host=172.16.112.117 ansible_user=vxw59196",
      "type": "string"
    },
    "haproxy_config": {
      "value": "frontend kubeAPI\n    bind :6443\n    mode tcp\n    default_backend kubeAPI_backend\nfrontend konnectivity\n    bind :8132\n    mode tcp\n    default_backend konnectivity_backend\nfrontend controllerJoinAPI\n    bind :9443\n    mode tcp\n    default_backend controllerJoinAPI_backend\n\nbackend kubeAPI_backend\n    mode tcp\n    server k0s-controller-1 172.16.112.175:6443 check check-ssl verify none\n    server k0s-controller-2 172.16.102.233:6443 check check-ssl verify none\n    server k0s-controller-3 172.16.114.206:6443 check check-ssl verify none\nbackend konnectivity_backend\n    mode tcp\n    server k0s-controller-1 172.16.112.175:8132 check check-ssl verify none\n    server k0s-controller-2 172.16.102.233:8132 check check-ssl verify none\n    server k0s-controller-3 172.16.114.206:8132 check check-ssl verify none\nbackend controllerJoinAPI_backend\n    mode tcp\n    server k0s-controller-1 172.16.112.175:9443 check check-ssl verify none\n    server k0s-controller-2 172.16.102.233:9443 check check-ssl verify none\n    server k0s-controller-3 172.16.114.206:9443 check check-ssl verify none\n\nlisten stats\n   bind *:9000\n   mode http\n   stats enable\n   stats uri /",
      "type": "string"
    },
    "k0s_cluster": {
      "value": "\"apiVersion\": \"k0sctl.k0sproject.io/v1beta1\"\n\"kind\": \"cluster\"\n\"metadata\":\n  \"name\": \"k0s-cluster\"\n\"spec\":\n  \"hosts\":\n  - \"role\": \"controller\"\n    \"ssh\":\n      \"address\": \"172.16.112.175\"\n      \"port\": 22\n      \"user\": \"vxw59196\"\n  - \"role\": \"controller\"\n    \"ssh\":\n      \"address\": \"172.16.102.233\"\n      \"port\": 22\n      \"user\": \"vxw59196\"\n  - \"role\": \"controller\"\n    \"ssh\":\n      \"address\": \"172.16.114.206\"\n      \"port\": 22\n      \"user\": \"vxw59196\"\n  - \"role\": \"worker\"\n    \"ssh\":\n      \"address\": \"172.16.113.154\"\n      \"port\": 22\n      \"user\": \"vxw59196\"\n  - \"role\": \"worker\"\n    \"ssh\":\n      \"address\": \"172.16.113.230\"\n      \"port\": 22\n      \"user\": \"vxw59196\"\n  - \"role\": \"worker\"\n    \"ssh\":\n      \"address\": \"172.16.113.242\"\n      \"port\": 22\n      \"user\": \"vxw59196\"\n  - \"role\": \"worker\"\n    \"ssh\":\n      \"address\": \"172.16.114.14\"\n      \"port\": 22\n      \"user\": \"vxw59196\"\n  - \"role\": \"worker\"\n    \"ssh\":\n      \"address\": \"172.16.112.157\"\n      \"port\": 22\n      \"user\": \"vxw59196\"\n  \"k0s\":\n    \"config\":\n      \"apiVersion\": \"k0s.k0sproject.io/v1beta1\"\n      \"kind\": \"cluster\"\n      \"metadata\":\n        \"name\": \"k0s\"\n      \"spec\":\n        \"api\":\n          \"externalAddress\": \"172.16.112.117\"\n          \"sans\": \"172.16.112.117\"\n        \"network\":\n          \"provider\": \"custom\"\n    \"dynamicConfig\": false\n    \"version\": \"1.24.7+k0s.0\"\n",
      "type": "string"
    }
  },
  "resources": [
    {
      "mode": "managed",
      "type": "openstack_compute_instance_v2",
      "name": "k0s-app-workers",
      "provider": "provider[\"registry.terraform.io/terraform-provider-openstack/openstack\"]",
      "instances": [
        {
          "index_key": 0,
          "schema_version": 0,
          "attributes": {
            "access_ip_v4": "172.16.113.154",
            "access_ip_v6": "",
            "admin_pass": null,
            "all_metadata": {},
            "all_tags": [],
            "availability_zone": "ceph",
            "availability_zone_hints": null,
            "block_device": [],
            "config_drive": null,
            "flavor_id": "6cf0813c-1ba2-4999-b7eb-34d71a2a4199",
            "flavor_name": "c3.medium",
            "floating_ip": null,
            "force_delete": false,
            "id": "b5e9a3cd-b977-4735-9aab-c262561c1793",
            "image_id": "0eedaf19-2ead-44bf-84e4-3334ad772da1",
            "image_name": "ubuntu-focal-20.04-nogui",
            "key_pair": "vxw59196",
            "metadata": null,
            "name": "k0s-app-worker-1",
            "network": [
              {
                "access_network": false,
                "fixed_ip_v4": "172.16.113.154",
                "fixed_ip_v6": "",
                "floating_ip": "",
                "mac": "fa:ca:ad:f5:9b:7e",
                "name": "Internal",
                "port": "",
                "uuid": ""
              }
            ],
            "network_mode": null,
            "personality": [],
            "power_state": "active",
            "region": "RegionOne",
            "scheduler_hints": [],
            "security_groups": [
              "use-host-firewall"
            ],
            "stop_before_destroy": false,
            "tags": null,
            "timeouts": null,
            "user_data": null,
            "vendor_options": [],
            "volume": []
          },
          "sensitive_attributes": [],
          "private": "eyJlMmJmYjczMC1lY2FhLTExZTYtOGY4OC0zNDM2M2JjN2M0YzAiOnsiY3JlYXRlIjoxODAwMDAwMDAwMDAwLCJkZWxldGUiOjE4MDAwMDAwMDAwMDAsInVwZGF0ZSI6MTgwMDAwMDAwMDAwMH19",
          "dependencies": [
            "openstack_compute_keypair_v2.keypair"
          ]
        },
        {
          "index_key": 1,
          "schema_version": 0,
          "attributes": {
            "access_ip_v4": "172.16.113.230",
            "access_ip_v6": "",
            "admin_pass": null,
            "all_metadata": {},
            "all_tags": [],
            "availability_zone": "ceph",
            "availability_zone_hints": null,
            "block_device": [],
            "config_drive": null,
            "flavor_id": "6cf0813c-1ba2-4999-b7eb-34d71a2a4199",
            "flavor_name": "c3.medium",
            "floating_ip": null,
            "force_delete": false,
            "id": "1916264c-9ac4-4cab-9d0b-771dc28331d4",
            "image_id": "0eedaf19-2ead-44bf-84e4-3334ad772da1",
            "image_name": "ubuntu-focal-20.04-nogui",
            "key_pair": "vxw59196",
            "metadata": null,
            "name": "k0s-app-worker-2",
            "network": [
              {
                "access_network": false,
                "fixed_ip_v4": "172.16.113.230",
                "fixed_ip_v6": "",
                "floating_ip": "",
                "mac": "fa:ca:ad:a7:aa:f3",
                "name": "Internal",
                "port": "",
                "uuid": ""
              }
            ],
            "network_mode": null,
            "personality": [],
            "power_state": "active",
            "region": "RegionOne",
            "scheduler_hints": [],
            "security_groups": [
              "use-host-firewall"
            ],
            "stop_before_destroy": false,
            "tags": null,
            "timeouts": null,
            "user_data": null,
            "vendor_options": [],
            "volume": []
          },
          "sensitive_attributes": [],
          "private": "eyJlMmJmYjczMC1lY2FhLTExZTYtOGY4OC0zNDM2M2JjN2M0YzAiOnsiY3JlYXRlIjoxODAwMDAwMDAwMDAwLCJkZWxldGUiOjE4MDAwMDAwMDAwMDAsInVwZGF0ZSI6MTgwMDAwMDAwMDAwMH19",
          "dependencies": [
            "openstack_compute_keypair_v2.keypair"
          ]
        },
        {
          "index_key": 2,
          "schema_version": 0,
          "attributes": {
            "access_ip_v4": "172.16.113.242",
            "access_ip_v6": "",
            "admin_pass": null,
            "all_metadata": {},
            "all_tags": [],
            "availability_zone": "ceph",
            "availability_zone_hints": null,
            "block_device": [],
            "config_drive": null,
            "flavor_id": "6cf0813c-1ba2-4999-b7eb-34d71a2a4199",
            "flavor_name": "c3.medium",
            "floating_ip": null,
            "force_delete": false,
            "id": "2a210a53-6830-4caf-8735-1351abcec131",
            "image_id": "0eedaf19-2ead-44bf-84e4-3334ad772da1",
            "image_name": "ubuntu-focal-20.04-nogui",
            "key_pair": "vxw59196",
            "metadata": null,
            "name": "k0s-app-worker-3",
            "network": [
              {
                "access_network": false,
                "fixed_ip_v4": "172.16.113.242",
                "fixed_ip_v6": "",
                "floating_ip": "",
                "mac": "fa:ca:ad:15:1f:fb",
                "name": "Internal",
                "port": "",
                "uuid": ""
              }
            ],
            "network_mode": null,
            "personality": [],
            "power_state": "active",
            "region": "RegionOne",
            "scheduler_hints": [],
            "security_groups": [
              "use-host-firewall"
            ],
            "stop_before_destroy": false,
            "tags": null,
            "timeouts": null,
            "user_data": null,
            "vendor_options": [],
            "volume": []
          },
          "sensitive_attributes": [],
          "private": "eyJlMmJmYjczMC1lY2FhLTExZTYtOGY4OC0zNDM2M2JjN2M0YzAiOnsiY3JlYXRlIjoxODAwMDAwMDAwMDAwLCJkZWxldGUiOjE4MDAwMDAwMDAwMDAsInVwZGF0ZSI6MTgwMDAwMDAwMDAwMH19",
          "dependencies": [
            "openstack_compute_keypair_v2.keypair"
          ]
        }
      ]
    },
    {
      "mode": "managed",
      "type": "openstack_compute_instance_v2",
      "name": "k0s-controllers",
      "provider": "provider[\"registry.terraform.io/terraform-provider-openstack/openstack\"]",
      "instances": [
        {
          "index_key": 0,
          "schema_version": 0,
          "attributes": {
            "access_ip_v4": "172.16.112.175",
            "access_ip_v6": "",
            "admin_pass": null,
            "all_metadata": {},
            "all_tags": [],
            "availability_zone": "ceph",
            "availability_zone_hints": null,
            "block_device": [],
            "config_drive": null,
            "flavor_id": "6cf0813c-1ba2-4999-b7eb-34d71a2a4199",
            "flavor_name": "c3.medium",
            "floating_ip": null,
            "force_delete": false,
            "id": "450666a8-22c6-4641-89b6-75df0241d582",
            "image_id": "0eedaf19-2ead-44bf-84e4-3334ad772da1",
            "image_name": "ubuntu-focal-20.04-nogui",
            "key_pair": "vxw59196",
            "metadata": null,
            "name": "k0s-controller-1",
            "network": [
              {
                "access_network": false,
                "fixed_ip_v4": "172.16.112.175",
                "fixed_ip_v6": "",
                "floating_ip": "",
                "mac": "fa:ca:ad:3a:a9:26",
                "name": "Internal",
                "port": "",
                "uuid": "5be315b7-7ebd-4254-97fe-18c1df501538"
              }
            ],
            "network_mode": null,
            "personality": [],
            "power_state": "active",
            "region": "RegionOne",
            "scheduler_hints": [],
            "security_groups": [
              "use-host-firewall"
            ],
            "stop_before_destroy": false,
            "tags": [],
            "timeouts": null,
            "user_data": null,
            "vendor_options": [],
            "volume": []
          },
          "sensitive_attributes": [],
          "private": "eyJlMmJmYjczMC1lY2FhLTExZTYtOGY4OC0zNDM2M2JjN2M0YzAiOnsiY3JlYXRlIjoxODAwMDAwMDAwMDAwLCJkZWxldGUiOjE4MDAwMDAwMDAwMDAsInVwZGF0ZSI6MTgwMDAwMDAwMDAwMH19",
          "dependencies": [
            "openstack_compute_keypair_v2.keypair"
          ]
        },
        {
          "index_key": 1,
          "schema_version": 0,
          "attributes": {
            "access_ip_v4": "172.16.102.233",
            "access_ip_v6": "",
            "admin_pass": null,
            "all_metadata": {},
            "all_tags": [],
            "availability_zone": "ceph",
            "availability_zone_hints": null,
            "block_device": [],
            "config_drive": null,
            "flavor_id": "6cf0813c-1ba2-4999-b7eb-34d71a2a4199",
            "flavor_name": "c3.medium",
            "floating_ip": null,
            "force_delete": false,
            "id": "d8e174cd-2d44-402e-b53f-09db4a78d870",
            "image_id": "0eedaf19-2ead-44bf-84e4-3334ad772da1",
            "image_name": "ubuntu-focal-20.04-nogui",
            "key_pair": "vxw59196",
            "metadata": null,
            "name": "k0s-controller-2",
            "network": [
              {
                "access_network": false,
                "fixed_ip_v4": "172.16.102.233",
                "fixed_ip_v6": "",
                "floating_ip": "",
                "mac": "fa:ca:ad:b9:d4:52",
                "name": "Internal",
                "port": "",
                "uuid": ""
              }
            ],
            "network_mode": null,
            "personality": [],
            "power_state": "active",
            "region": "RegionOne",
            "scheduler_hints": [],
            "security_groups": [
              "use-host-firewall"
            ],
            "stop_before_destroy": false,
            "tags": null,
            "timeouts": null,
            "user_data": null,
            "vendor_options": [],
            "volume": []
          },
          "sensitive_attributes": [],
          "private": "eyJlMmJmYjczMC1lY2FhLTExZTYtOGY4OC0zNDM2M2JjN2M0YzAiOnsiY3JlYXRlIjoxODAwMDAwMDAwMDAwLCJkZWxldGUiOjE4MDAwMDAwMDAwMDAsInVwZGF0ZSI6MTgwMDAwMDAwMDAwMH19",
          "dependencies": [
            "openstack_compute_keypair_v2.keypair"
          ]
        },
        {
          "index_key": 2,
          "schema_version": 0,
          "attributes": {
            "access_ip_v4": "172.16.114.206",
            "access_ip_v6": "",
            "admin_pass": null,
            "all_metadata": {},
            "all_tags": [],
            "availability_zone": "ceph",
            "availability_zone_hints": null,
            "block_device": [],
            "config_drive": null,
            "flavor_id": "6cf0813c-1ba2-4999-b7eb-34d71a2a4199",
            "flavor_name": "c3.medium",
            "floating_ip": null,
            "force_delete": false,
            "id": "1da0120f-f8bb-4dc2-9c6d-6ae83241d20a",
            "image_id": "0eedaf19-2ead-44bf-84e4-3334ad772da1",
            "image_name": "ubuntu-focal-20.04-nogui",
            "key_pair": "vxw59196",
            "metadata": null,
            "name": "k0s-controller-3",
            "network": [
              {
                "access_network": false,
                "fixed_ip_v4": "172.16.114.206",
                "fixed_ip_v6": "",
                "floating_ip": "",
                "mac": "fa:ca:ad:4b:2c:f4",
                "name": "Internal",
                "port": "",
                "uuid": "5be315b7-7ebd-4254-97fe-18c1df501538"
              }
            ],
            "network_mode": null,
            "personality": [],
            "power_state": "active",
            "region": "RegionOne",
            "scheduler_hints": [],
            "security_groups": [
              "use-host-firewall"
            ],
            "stop_before_destroy": false,
            "tags": [],
            "timeouts": null,
            "user_data": null,
            "vendor_options": [],
            "volume": []
          },
          "sensitive_attributes": [],
          "private": "eyJlMmJmYjczMC1lY2FhLTExZTYtOGY4OC0zNDM2M2JjN2M0YzAiOnsiY3JlYXRlIjoxODAwMDAwMDAwMDAwLCJkZWxldGUiOjE4MDAwMDAwMDAwMDAsInVwZGF0ZSI6MTgwMDAwMDAwMDAwMH19",
          "dependencies": [
            "openstack_compute_keypair_v2.keypair"
          ]
        }
      ]
    },
    {
      "mode": "managed",
      "type": "openstack_compute_instance_v2",
      "name": "k0s-load-balancer",
      "provider": "provider[\"registry.terraform.io/terraform-provider-openstack/openstack\"]",
      "instances": [
        {
          "schema_version": 0,
          "attributes": {
            "access_ip_v4": "172.16.112.117",
            "access_ip_v6": "",
            "admin_pass": null,
            "all_metadata": {},
            "all_tags": [],
            "availability_zone": "ceph",
            "availability_zone_hints": null,
            "block_device": [],
            "config_drive": null,
            "flavor_id": "6cf0813c-1ba2-4999-b7eb-34d71a2a4199",
            "flavor_name": "c3.medium",
            "floating_ip": null,
            "force_delete": false,
            "id": "f8fdc60e-dbeb-49e7-8393-750e6ae458f6",
            "image_id": "0eedaf19-2ead-44bf-84e4-3334ad772da1",
            "image_name": "ubuntu-focal-20.04-nogui",
            "key_pair": "vxw59196",
            "metadata": null,
            "name": "k0s-load-balancer",
            "network": [
              {
                "access_network": false,
                "fixed_ip_v4": "172.16.112.117",
                "fixed_ip_v6": "",
                "floating_ip": "",
                "mac": "fa:ca:ad:39:0a:7a",
                "name": "Internal",
                "port": "",
                "uuid": "5be315b7-7ebd-4254-97fe-18c1df501538"
              }
            ],
            "network_mode": null,
            "personality": [],
            "power_state": "active",
            "region": "RegionOne",
            "scheduler_hints": [],
            "security_groups": [
              "use-host-firewall"
            ],
            "stop_before_destroy": false,
            "tags": [],
            "timeouts": null,
            "user_data": null,
            "vendor_options": [],
            "volume": []
          },
          "sensitive_attributes": [],
          "private": "eyJlMmJmYjczMC1lY2FhLTExZTYtOGY4OC0zNDM2M2JjN2M0YzAiOnsiY3JlYXRlIjoxODAwMDAwMDAwMDAwLCJkZWxldGUiOjE4MDAwMDAwMDAwMDAsInVwZGF0ZSI6MTgwMDAwMDAwMDAwMH19",
          "dependencies": [
            "openstack_compute_keypair_v2.keypair"
          ]
        }
      ]
    },
    {
      "mode": "managed",
      "type": "openstack_compute_instance_v2",
      "name": "k0s-queue-workers",
      "provider": "provider[\"registry.terraform.io/terraform-provider-openstack/openstack\"]",
      "instances": [
        {
          "index_key": 0,
          "schema_version": 0,
          "attributes": {
            "access_ip_v4": "172.16.114.14",
            "access_ip_v6": "",
            "admin_pass": null,
            "all_metadata": {},
            "all_tags": [],
            "availability_zone": "ceph",
            "availability_zone_hints": null,
            "block_device": [],
            "config_drive": null,
            "flavor_id": "56786106-b241-4d27-893f-c81c8d57bd05",
            "flavor_name": "l2.small",
            "floating_ip": null,
            "force_delete": false,
            "id": "8077ff05-1382-4897-bf63-38214d3ad4cb",
            "image_id": "0eedaf19-2ead-44bf-84e4-3334ad772da1",
            "image_name": "ubuntu-focal-20.04-nogui",
            "key_pair": "vxw59196",
            "metadata": null,
            "name": "k0s-queue-worker-1",
            "network": [
              {
                "access_network": false,
                "fixed_ip_v4": "172.16.114.14",
                "fixed_ip_v6": "",
                "floating_ip": "",
                "mac": "fa:ca:ad:5c:e4:ba",
                "name": "Internal",
                "port": "",
                "uuid": "5be315b7-7ebd-4254-97fe-18c1df501538"
              }
            ],
            "network_mode": null,
            "personality": [],
            "power_state": "active",
            "region": "RegionOne",
            "scheduler_hints": [],
            "security_groups": [
              "use-host-firewall"
            ],
            "stop_before_destroy": false,
            "tags": [],
            "timeouts": null,
            "user_data": null,
            "vendor_options": [],
            "volume": []
          },
          "sensitive_attributes": [],
          "private": "eyJlMmJmYjczMC1lY2FhLTExZTYtOGY4OC0zNDM2M2JjN2M0YzAiOnsiY3JlYXRlIjoxODAwMDAwMDAwMDAwLCJkZWxldGUiOjE4MDAwMDAwMDAwMDAsInVwZGF0ZSI6MTgwMDAwMDAwMDAwMH19",
          "dependencies": [
            "openstack_compute_keypair_v2.keypair"
          ]
        },
        {
          "index_key": 1,
          "schema_version": 0,
          "attributes": {
            "access_ip_v4": "172.16.112.157",
            "access_ip_v6": "",
            "admin_pass": null,
            "all_metadata": {},
            "all_tags": [],
            "availability_zone": "ceph",
            "availability_zone_hints": null,
            "block_device": [],
            "config_drive": null,
            "flavor_id": "56786106-b241-4d27-893f-c81c8d57bd05",
            "flavor_name": "l2.small",
            "floating_ip": null,
            "force_delete": false,
            "id": "ebf370ce-4afa-47c0-8ed2-4b794174ad70",
            "image_id": "0eedaf19-2ead-44bf-84e4-3334ad772da1",
            "image_name": "ubuntu-focal-20.04-nogui",
            "key_pair": "vxw59196",
            "metadata": null,
            "name": "k0s-queue-worker-2",
            "network": [
              {
                "access_network": false,
                "fixed_ip_v4": "172.16.112.157",
                "fixed_ip_v6": "",
                "floating_ip": "",
                "mac": "fa:ca:ad:6e:7e:02",
                "name": "Internal",
                "port": "",
                "uuid": "5be315b7-7ebd-4254-97fe-18c1df501538"
              }
            ],
            "network_mode": null,
            "personality": [],
            "power_state": "active",
            "region": "RegionOne",
            "scheduler_hints": [],
            "security_groups": [
              "use-host-firewall"
            ],
            "stop_before_destroy": false,
            "tags": [],
            "timeouts": null,
            "user_data": null,
            "vendor_options": [],
            "volume": []
          },
          "sensitive_attributes": [],
          "private": "eyJlMmJmYjczMC1lY2FhLTExZTYtOGY4OC0zNDM2M2JjN2M0YzAiOnsiY3JlYXRlIjoxODAwMDAwMDAwMDAwLCJkZWxldGUiOjE4MDAwMDAwMDAwMDAsInVwZGF0ZSI6MTgwMDAwMDAwMDAwMH19",
          "dependencies": [
            "openstack_compute_keypair_v2.keypair"
          ]
        }
      ]
    },
    {
      "mode": "managed",
      "type": "openstack_compute_keypair_v2",
      "name": "keypair",
      "provider": "provider[\"registry.terraform.io/terraform-provider-openstack/openstack\"]",
      "instances": [
        {
          "schema_version": 0,
          "attributes": {
            "fingerprint": "74:39:90:f4:2c:f7:cf:80:e0:83:b7:7f:c0:21:6c:d4",
            "id": "vxw59196",
            "name": "vxw59196",
            "private_key": "",
            "public_key": "ssh-rsa AAAAB3NzaC1yc2EAAAADAQABAAABAQDE973x4riglYeO/8QRF2Pbr0rb7W4Q40apqJf1UUnBnKZ04wPmPq9R+20JDt/YpX4i+Nfxv8peFu6+wqrdHLbNWTnQoUq+jWGass5MzadWhaW8Bc8BRuMgCx3dBxLnHKAH9Lrr9PKhY99w2573B8sb5SdJKDJQMCqjpVlQKtgOaJEHZ3iE9eBKDj0z+FveIpA/huLFPXeLmYc3u/DpGgkc59x5xnLPuh4Va0IJ+9DEsru5NYFLVACVW8QsNozWYONs/2xUjO4uL1Ue5wfFoRWU87lgJ8YZNXj1aszrJD4i51cD8Zar1dbHc2CHMDF0oyJBpXd6IfN4F5R4MUVizmtD samuel.jones@stfc.ac.uk",
            "region": "RegionOne",
            "user_id": "",
            "value_specs": null
          },
          "sensitive_attributes": [],
          "private": "bnVsbA=="
        }
      ]
    }
  ],
  "check_results": null
}
