{
  "version": 4,
  "terraform_version": "1.3.5",
  "serial": 1883,
  "lineage": "49201a48-c0ad-7ca8-6b18-fa8c7ac80393",
  "outputs": {
    "ansible_inventory_ci_cd": {
      "value": "[controllers]\n172.16.113.137 ansible_host=172.16.113.137 ansible_user=vxw59196\n\n[workers]\n172.16.114.172 ansible_host=172.16.114.172 ansible_user=vxw59196\n172.16.113.87 ansible_host=172.16.113.87 ansible_user=vxw59196\n",
      "type": "string"
    },
    "ansible_inventory_staging": {
      "value": "[controllers]\n172.16.112.165 ansible_host=172.16.112.165 ansible_user=vxw59196\n\n[workers]\n172.16.112.177 ansible_host=172.16.112.177 ansible_user=vxw59196\n172.16.112.80 ansible_host=172.16.112.80 ansible_user=vxw59196\n172.16.112.199 ansible_host=172.16.112.199 ansible_user=vxw59196\n172.16.113.123 ansible_host=172.16.113.123 ansible_user=vxw59196\n",
      "type": "string"
    },
    "haproxy_config": {
      "value": "frontend kubeAPI\n    bind :6443\n    mode tcp\n    default_backend kubeAPI_backend\nfrontend konnectivity\n    bind :8132\n    mode tcp\n    default_backend konnectivity_backend\nfrontend controllerJoinAPI\n    bind :9443\n    mode tcp\n    default_backend controllerJoinAPI_backend\n\nbackend kubeAPI_backend\n    mode tcp\n    server k0s-controller-1 172.16.102.124:6443 check check-ssl verify none\n    server k0s-controller-2 172.16.114.162:6443 check check-ssl verify none\n    server k0s-controller-3 172.16.102.219:6443 check check-ssl verify none\nbackend konnectivity_backend\n    mode tcp\n    server k0s-controller-1 172.16.102.124:8132 check check-ssl verify none\n    server k0s-controller-2 172.16.114.162:8132 check check-ssl verify none\n    server k0s-controller-3 172.16.102.219:8132 check check-ssl verify none\nbackend controllerJoinAPI_backend\n    mode tcp\n    server k0s-controller-1 172.16.102.124:9443 check check-ssl verify none\n    server k0s-controller-2 172.16.114.162:9443 check check-ssl verify none\n    server k0s-controller-3 172.16.102.219:9443 check check-ssl verify none\n\nlisten stats\n   bind *:9000\n   mode http\n   stats enable\n   stats uri /",
      "type": "string"
    },
    "k0s_cluster_ci_cd": {
      "value": "\"apiVersion\": \"k0sctl.k0sproject.io/v1beta1\"\n\"kind\": \"cluster\"\n\"metadata\":\n  \"name\": \"k0s-cluster-ci-cd\"\n\"spec\":\n  \"hosts\":\n  - \"role\": \"controller\"\n    \"ssh\":\n      \"address\": \"172.16.113.137\"\n      \"port\": 22\n      \"user\": \"vxw59196\"\n  - \"role\": \"worker\"\n    \"ssh\":\n      \"address\": \"172.16.114.172\"\n      \"port\": 22\n      \"user\": \"vxw59196\"\n  - \"role\": \"worker\"\n    \"ssh\":\n      \"address\": \"172.16.113.87\"\n      \"port\": 22\n      \"user\": \"vxw59196\"\n  \"k0s\":\n    \"config\":\n      \"apiVersion\": \"k0s.k0sproject.io/v1beta1\"\n      \"kind\": \"cluster\"\n      \"metadata\":\n        \"name\": \"k0s\"\n    \"dynamicConfig\": false\n    \"version\": \"1.25.6+k0s.0\"\n",
      "type": "string"
    },
    "k0s_cluster_staging": {
      "value": "\"apiVersion\": \"k0sctl.k0sproject.io/v1beta1\"\n\"kind\": \"cluster\"\n\"metadata\":\n  \"name\": \"k0s-cluster-staging\"\n\"spec\":\n  \"hosts\":\n  - \"role\": \"controller\"\n    \"ssh\":\n      \"address\": \"172.16.112.165\"\n      \"port\": 22\n      \"user\": \"vxw59196\"\n  - \"role\": \"worker\"\n    \"ssh\":\n      \"address\": \"172.16.112.177\"\n      \"port\": 22\n      \"user\": \"vxw59196\"\n  - \"role\": \"worker\"\n    \"ssh\":\n      \"address\": \"172.16.112.80\"\n      \"port\": 22\n      \"user\": \"vxw59196\"\n  - \"role\": \"worker\"\n    \"ssh\":\n      \"address\": \"172.16.112.199\"\n      \"port\": 22\n      \"user\": \"vxw59196\"\n  - \"role\": \"worker\"\n    \"ssh\":\n      \"address\": \"172.16.113.123\"\n      \"port\": 22\n      \"user\": \"vxw59196\"\n  \"k0s\":\n    \"config\":\n      \"apiVersion\": \"k0s.k0sproject.io/v1beta1\"\n      \"kind\": \"cluster\"\n      \"metadata\":\n        \"name\": \"k0s\"\n      \"spec\":\n        \"network\":\n          \"provider\": \"custom\"\n    \"dynamicConfig\": false\n    \"version\": \"1.25.6+k0s.0\"\n",
      "type": "string"
    }
  },
  "resources": [
    {
      "mode": "managed",
      "type": "openstack_compute_instance_v2",
      "name": "k0s-app-workers",
      "provider": "provider[\"registry.terraform.io/terraform-provider-openstack/openstack\"]",
      "instances": [
        {
          "index_key": 0,
          "schema_version": 0,
          "attributes": {
            "access_ip_v4": "172.16.102.131",
            "access_ip_v6": "",
            "admin_pass": null,
            "all_metadata": {},
            "all_tags": [],
            "availability_zone": "ceph",
            "availability_zone_hints": null,
            "block_device": [],
            "config_drive": null,
            "flavor_id": "eb971b0d-c346-449f-b847-e0446132881e",
            "flavor_name": "l2.tiny",
            "floating_ip": null,
            "force_delete": false,
            "id": "eb8675ab-e2b3-4388-9886-c3f5b40fb69c",
            "image_id": "90877e85-6d6b-4bd0-87b6-fc964d33f138",
            "image_name": "ubuntu-focal-20.04-nogui",
            "key_pair": "vxw59196",
            "metadata": null,
            "name": "k0s-app-worker-1",
            "network": [
              {
                "access_network": false,
                "fixed_ip_v4": "172.16.102.131",
                "fixed_ip_v6": "",
                "floating_ip": "",
                "mac": "fa:ca:ad:59:cb:8d",
                "name": "Internal",
                "port": "",
                "uuid": ""
              }
            ],
            "network_mode": null,
            "personality": [],
            "power_state": "active",
            "region": "RegionOne",
            "scheduler_hints": [],
            "security_groups": [
              "use-host-firewall"
            ],
            "stop_before_destroy": false,
            "tags": null,
            "timeouts": null,
            "user_data": null,
            "vendor_options": [],
            "volume": []
          },
          "sensitive_attributes": [],
          "private": "eyJlMmJmYjczMC1lY2FhLTExZTYtOGY4OC0zNDM2M2JjN2M0YzAiOnsiY3JlYXRlIjoxODAwMDAwMDAwMDAwLCJkZWxldGUiOjE4MDAwMDAwMDAwMDAsInVwZGF0ZSI6MTgwMDAwMDAwMDAwMH19",
          "dependencies": [
            "openstack_compute_keypair_v2.keypair"
          ]
        },
        {
          "index_key": 1,
          "schema_version": 0,
          "attributes": {
            "access_ip_v4": "172.16.113.242",
            "access_ip_v6": "",
            "admin_pass": null,
            "all_metadata": {},
            "all_tags": [],
            "availability_zone": "ceph",
            "availability_zone_hints": null,
            "block_device": [],
            "config_drive": null,
            "flavor_id": "eb971b0d-c346-449f-b847-e0446132881e",
            "flavor_name": "l2.tiny",
            "floating_ip": null,
            "force_delete": false,
            "id": "1c24c340-1368-456d-8c7d-038277a0031e",
            "image_id": "90877e85-6d6b-4bd0-87b6-fc964d33f138",
            "image_name": "ubuntu-focal-20.04-nogui",
            "key_pair": "vxw59196",
            "metadata": null,
            "name": "k0s-app-worker-2",
            "network": [
              {
                "access_network": false,
                "fixed_ip_v4": "172.16.113.242",
                "fixed_ip_v6": "",
                "floating_ip": "",
                "mac": "fa:ca:ad:7f:a9:fa",
                "name": "Internal",
                "port": "",
                "uuid": ""
              }
            ],
            "network_mode": null,
            "personality": [],
            "power_state": "active",
            "region": "RegionOne",
            "scheduler_hints": [],
            "security_groups": [
              "use-host-firewall"
            ],
            "stop_before_destroy": false,
            "tags": null,
            "timeouts": null,
            "user_data": null,
            "vendor_options": [],
            "volume": []
          },
          "sensitive_attributes": [],
          "private": "eyJlMmJmYjczMC1lY2FhLTExZTYtOGY4OC0zNDM2M2JjN2M0YzAiOnsiY3JlYXRlIjoxODAwMDAwMDAwMDAwLCJkZWxldGUiOjE4MDAwMDAwMDAwMDAsInVwZGF0ZSI6MTgwMDAwMDAwMDAwMH19",
          "dependencies": [
            "openstack_compute_keypair_v2.keypair"
          ]
        },
        {
          "index_key": 2,
          "status": "tainted",
          "schema_version": 0,
          "attributes": {
            "access_ip_v4": null,
            "access_ip_v6": null,
            "admin_pass": null,
            "all_metadata": null,
            "all_tags": [],
            "availability_zone": null,
            "availability_zone_hints": null,
            "block_device": [],
            "config_drive": null,
            "flavor_id": null,
            "flavor_name": "l2.tiny",
            "floating_ip": null,
            "force_delete": false,
            "id": "7b18a1e1-91f7-499e-866d-fd3ab00223ff",
            "image_id": null,
            "image_name": "ubuntu-focal-20.04-nogui",
            "key_pair": "vxw59196",
            "metadata": null,
            "name": "k0s-app-worker-3",
            "network": null,
            "network_mode": null,
            "personality": [],
            "power_state": "active",
            "region": null,
            "scheduler_hints": [],
            "security_groups": [
              "use-host-firewall"
            ],
            "stop_before_destroy": false,
            "tags": null,
            "timeouts": null,
            "user_data": null,
            "vendor_options": [],
            "volume": []
          },
          "sensitive_attributes": [],
          "private": "eyJlMmJmYjczMC1lY2FhLTExZTYtOGY4OC0zNDM2M2JjN2M0YzAiOnsiY3JlYXRlIjoxODAwMDAwMDAwMDAwLCJkZWxldGUiOjE4MDAwMDAwMDAwMDAsInVwZGF0ZSI6MTgwMDAwMDAwMDAwMH19",
          "dependencies": [
            "openstack_compute_keypair_v2.keypair"
          ]
        },
        {
          "index_key": 3,
          "schema_version": 0,
          "attributes": {
            "access_ip_v4": "172.16.102.159",
            "access_ip_v6": "",
            "admin_pass": null,
            "all_metadata": {},
            "all_tags": [],
            "availability_zone": "ceph",
            "availability_zone_hints": null,
            "block_device": [],
            "config_drive": null,
            "flavor_id": "eb971b0d-c346-449f-b847-e0446132881e",
            "flavor_name": "l2.tiny",
            "floating_ip": null,
            "force_delete": false,
            "id": "4c7067cd-5034-4e21-985b-e333012a2d94",
            "image_id": "90877e85-6d6b-4bd0-87b6-fc964d33f138",
            "image_name": "ubuntu-focal-20.04-nogui",
            "key_pair": "vxw59196",
            "metadata": null,
            "name": "k0s-app-worker-4",
            "network": [
              {
                "access_network": false,
                "fixed_ip_v4": "172.16.102.159",
                "fixed_ip_v6": "",
                "floating_ip": "",
                "mac": "fa:ca:ad:d2:36:36",
                "name": "Internal",
                "port": "",
                "uuid": ""
              }
            ],
            "network_mode": null,
            "personality": [],
            "power_state": "active",
            "region": "RegionOne",
            "scheduler_hints": [],
            "security_groups": [
              "use-host-firewall"
            ],
            "stop_before_destroy": false,
            "tags": null,
            "timeouts": null,
            "user_data": null,
            "vendor_options": [],
            "volume": []
          },
          "sensitive_attributes": [],
          "private": "eyJlMmJmYjczMC1lY2FhLTExZTYtOGY4OC0zNDM2M2JjN2M0YzAiOnsiY3JlYXRlIjoxODAwMDAwMDAwMDAwLCJkZWxldGUiOjE4MDAwMDAwMDAwMDAsInVwZGF0ZSI6MTgwMDAwMDAwMDAwMH19",
          "dependencies": [
            "openstack_compute_keypair_v2.keypair"
          ]
        }
      ]
    },
    {
      "mode": "managed",
      "type": "openstack_compute_instance_v2",
      "name": "k0s-app-workers-staging",
      "provider": "provider[\"registry.terraform.io/terraform-provider-openstack/openstack\"]",
      "instances": [
        {
          "index_key": 0,
          "schema_version": 0,
          "attributes": {
            "access_ip_v4": "172.16.112.177",
            "access_ip_v6": "",
            "admin_pass": null,
            "all_metadata": {},
            "all_tags": [],
            "availability_zone": "ceph",
            "availability_zone_hints": null,
            "block_device": [],
            "config_drive": null,
            "flavor_id": "eb971b0d-c346-449f-b847-e0446132881e",
            "flavor_name": "l2.tiny",
            "floating_ip": null,
            "force_delete": false,
            "id": "0fb46a8c-98d6-4bee-8cd3-6207317c56e1",
            "image_id": "90877e85-6d6b-4bd0-87b6-fc964d33f138",
            "image_name": "ubuntu-focal-20.04-nogui",
            "key_pair": "vxw59196",
            "metadata": null,
            "name": "k0s-staging-app-worker-1",
            "network": [
              {
                "access_network": false,
                "fixed_ip_v4": "172.16.112.177",
                "fixed_ip_v6": "",
                "floating_ip": "",
                "mac": "fa:ca:ad:86:f2:64",
                "name": "Internal",
                "port": "",
                "uuid": ""
              }
            ],
            "network_mode": null,
            "personality": [],
            "power_state": "active",
            "region": "RegionOne",
            "scheduler_hints": [],
            "security_groups": [
              "use-host-firewall"
            ],
            "stop_before_destroy": false,
            "tags": null,
            "timeouts": null,
            "user_data": null,
            "vendor_options": [],
            "volume": []
          },
          "sensitive_attributes": [],
          "private": "eyJlMmJmYjczMC1lY2FhLTExZTYtOGY4OC0zNDM2M2JjN2M0YzAiOnsiY3JlYXRlIjoxODAwMDAwMDAwMDAwLCJkZWxldGUiOjE4MDAwMDAwMDAwMDAsInVwZGF0ZSI6MTgwMDAwMDAwMDAwMH19",
          "dependencies": [
            "openstack_compute_keypair_v2.keypair"
          ]
        },
        {
          "index_key": 1,
          "schema_version": 0,
          "attributes": {
            "access_ip_v4": "172.16.112.80",
            "access_ip_v6": "",
            "admin_pass": null,
            "all_metadata": {},
            "all_tags": [],
            "availability_zone": "ceph",
            "availability_zone_hints": null,
            "block_device": [],
            "config_drive": null,
            "flavor_id": "eb971b0d-c346-449f-b847-e0446132881e",
            "flavor_name": "l2.tiny",
            "floating_ip": null,
            "force_delete": false,
            "id": "1013a23a-e3d7-4317-b38a-7f12885a0cd1",
            "image_id": "90877e85-6d6b-4bd0-87b6-fc964d33f138",
            "image_name": "ubuntu-focal-20.04-nogui",
            "key_pair": "vxw59196",
            "metadata": null,
            "name": "k0s-staging-app-worker-2",
            "network": [
              {
                "access_network": false,
                "fixed_ip_v4": "172.16.112.80",
                "fixed_ip_v6": "",
                "floating_ip": "",
                "mac": "fa:ca:ad:51:0e:ea",
                "name": "Internal",
                "port": "",
                "uuid": ""
              }
            ],
            "network_mode": null,
            "personality": [],
            "power_state": "active",
            "region": "RegionOne",
            "scheduler_hints": [],
            "security_groups": [
              "use-host-firewall"
            ],
            "stop_before_destroy": false,
            "tags": null,
            "timeouts": null,
            "user_data": null,
            "vendor_options": [],
            "volume": []
          },
          "sensitive_attributes": [],
          "private": "eyJlMmJmYjczMC1lY2FhLTExZTYtOGY4OC0zNDM2M2JjN2M0YzAiOnsiY3JlYXRlIjoxODAwMDAwMDAwMDAwLCJkZWxldGUiOjE4MDAwMDAwMDAwMDAsInVwZGF0ZSI6MTgwMDAwMDAwMDAwMH19",
          "dependencies": [
            "openstack_compute_keypair_v2.keypair"
          ]
        },
        {
          "index_key": 2,
          "schema_version": 0,
          "attributes": {
            "access_ip_v4": "172.16.112.199",
            "access_ip_v6": "",
            "admin_pass": null,
            "all_metadata": {},
            "all_tags": [],
            "availability_zone": "ceph",
            "availability_zone_hints": null,
            "block_device": [],
            "config_drive": null,
            "flavor_id": "eb971b0d-c346-449f-b847-e0446132881e",
            "flavor_name": "l2.tiny",
            "floating_ip": null,
            "force_delete": false,
            "id": "ba182e52-f2d8-46ac-b546-d428c798c286",
            "image_id": "90877e85-6d6b-4bd0-87b6-fc964d33f138",
            "image_name": "ubuntu-focal-20.04-nogui",
            "key_pair": "vxw59196",
            "metadata": null,
            "name": "k0s-staging-app-worker-3",
            "network": [
              {
                "access_network": false,
                "fixed_ip_v4": "172.16.112.199",
                "fixed_ip_v6": "",
                "floating_ip": "",
                "mac": "fa:ca:ad:46:df:75",
                "name": "Internal",
                "port": "",
                "uuid": ""
              }
            ],
            "network_mode": null,
            "personality": [],
            "power_state": "active",
            "region": "RegionOne",
            "scheduler_hints": [],
            "security_groups": [
              "use-host-firewall"
            ],
            "stop_before_destroy": false,
            "tags": null,
            "timeouts": null,
            "user_data": null,
            "vendor_options": [],
            "volume": []
          },
          "sensitive_attributes": [],
          "private": "eyJlMmJmYjczMC1lY2FhLTExZTYtOGY4OC0zNDM2M2JjN2M0YzAiOnsiY3JlYXRlIjoxODAwMDAwMDAwMDAwLCJkZWxldGUiOjE4MDAwMDAwMDAwMDAsInVwZGF0ZSI6MTgwMDAwMDAwMDAwMH19",
          "dependencies": [
            "openstack_compute_keypair_v2.keypair"
          ]
        }
      ]
    },
    {
      "mode": "managed",
      "type": "openstack_compute_instance_v2",
      "name": "k0s-controllers",
      "provider": "provider[\"registry.terraform.io/terraform-provider-openstack/openstack\"]",
      "instances": [
        {
          "index_key": 0,
          "schema_version": 0,
          "attributes": {
            "access_ip_v4": "172.16.102.124",
            "access_ip_v6": "",
            "admin_pass": null,
            "all_metadata": {},
            "all_tags": [],
            "availability_zone": "ceph",
            "availability_zone_hints": null,
            "block_device": [],
            "config_drive": null,
            "flavor_id": "300f36c7-603d-4c69-80d1-1dc610c309b8",
            "flavor_name": "l3.micro",
            "floating_ip": null,
            "force_delete": false,
            "id": "45bfa697-8378-4646-ae27-e3c105d47aa4",
            "image_id": "90877e85-6d6b-4bd0-87b6-fc964d33f138",
            "image_name": "ubuntu-focal-20.04-nogui",
            "key_pair": "vxw59196",
            "metadata": null,
            "name": "k0s-controller-1",
            "network": [
              {
                "access_network": false,
                "fixed_ip_v4": "172.16.102.124",
                "fixed_ip_v6": "",
                "floating_ip": "",
                "mac": "fa:ca:ad:c4:18:c2",
                "name": "Internal",
                "port": "",
                "uuid": ""
              }
            ],
            "network_mode": null,
            "personality": [],
            "power_state": "active",
            "region": "RegionOne",
            "scheduler_hints": [
              {
                "additional_properties": null,
                "build_near_host_ip": "",
                "different_cell": [],
                "different_host": [],
                "group": "4fb920ab-1011-4538-a2dd-b53450685d92",
                "query": [],
                "same_host": [],
                "target_cell": ""
              }
            ],
            "security_groups": [
              "use-host-firewall"
            ],
            "stop_before_destroy": false,
            "tags": null,
            "timeouts": null,
            "user_data": null,
            "vendor_options": [],
            "volume": []
          },
          "sensitive_attributes": [],
          "private": "eyJlMmJmYjczMC1lY2FhLTExZTYtOGY4OC0zNDM2M2JjN2M0YzAiOnsiY3JlYXRlIjoxODAwMDAwMDAwMDAwLCJkZWxldGUiOjE4MDAwMDAwMDAwMDAsInVwZGF0ZSI6MTgwMDAwMDAwMDAwMH19",
          "dependencies": [
            "openstack_compute_keypair_v2.keypair",
            "openstack_compute_servergroup_v2.controllers-group"
          ]
        },
        {
          "index_key": 1,
          "schema_version": 0,
          "attributes": {
            "access_ip_v4": "172.16.114.162",
            "access_ip_v6": "",
            "admin_pass": null,
            "all_metadata": {},
            "all_tags": [],
            "availability_zone": "ceph",
            "availability_zone_hints": null,
            "block_device": [],
            "config_drive": null,
            "flavor_id": "300f36c7-603d-4c69-80d1-1dc610c309b8",
            "flavor_name": "l3.micro",
            "floating_ip": null,
            "force_delete": false,
            "id": "e509f319-e5a7-415f-8c93-4ce5e09dcb20",
            "image_id": "90877e85-6d6b-4bd0-87b6-fc964d33f138",
            "image_name": "ubuntu-focal-20.04-nogui",
            "key_pair": "vxw59196",
            "metadata": null,
            "name": "k0s-controller-2",
            "network": [
              {
                "access_network": false,
                "fixed_ip_v4": "172.16.114.162",
                "fixed_ip_v6": "",
                "floating_ip": "",
                "mac": "fa:ca:ad:80:c2:69",
                "name": "Internal",
                "port": "",
                "uuid": ""
              }
            ],
            "network_mode": null,
            "personality": [],
            "power_state": "active",
            "region": "RegionOne",
            "scheduler_hints": [
              {
                "additional_properties": null,
                "build_near_host_ip": "",
                "different_cell": [],
                "different_host": [],
                "group": "4fb920ab-1011-4538-a2dd-b53450685d92",
                "query": [],
                "same_host": [],
                "target_cell": ""
              }
            ],
            "security_groups": [
              "use-host-firewall"
            ],
            "stop_before_destroy": false,
            "tags": null,
            "timeouts": null,
            "user_data": null,
            "vendor_options": [],
            "volume": []
          },
          "sensitive_attributes": [],
          "private": "eyJlMmJmYjczMC1lY2FhLTExZTYtOGY4OC0zNDM2M2JjN2M0YzAiOnsiY3JlYXRlIjoxODAwMDAwMDAwMDAwLCJkZWxldGUiOjE4MDAwMDAwMDAwMDAsInVwZGF0ZSI6MTgwMDAwMDAwMDAwMH19",
          "dependencies": [
            "openstack_compute_keypair_v2.keypair",
            "openstack_compute_servergroup_v2.controllers-group"
          ]
        },
        {
          "index_key": 2,
          "schema_version": 0,
          "attributes": {
            "access_ip_v4": "172.16.102.219",
            "access_ip_v6": "",
            "admin_pass": null,
            "all_metadata": {},
            "all_tags": [],
            "availability_zone": "ceph",
            "availability_zone_hints": null,
            "block_device": [],
            "config_drive": null,
            "flavor_id": "300f36c7-603d-4c69-80d1-1dc610c309b8",
            "flavor_name": "l3.micro",
            "floating_ip": null,
            "force_delete": false,
            "id": "1595ef18-cc32-4c71-a3c3-9c6334417ea8",
            "image_id": "90877e85-6d6b-4bd0-87b6-fc964d33f138",
            "image_name": "ubuntu-focal-20.04-nogui",
            "key_pair": "vxw59196",
            "metadata": null,
            "name": "k0s-controller-3",
            "network": [
              {
                "access_network": false,
                "fixed_ip_v4": "172.16.102.219",
                "fixed_ip_v6": "",
                "floating_ip": "",
                "mac": "fa:ca:ad:c9:66:f7",
                "name": "Internal",
                "port": "",
                "uuid": ""
              }
            ],
            "network_mode": null,
            "personality": [],
            "power_state": "active",
            "region": "RegionOne",
            "scheduler_hints": [
              {
                "additional_properties": null,
                "build_near_host_ip": "",
                "different_cell": [],
                "different_host": [],
                "group": "4fb920ab-1011-4538-a2dd-b53450685d92",
                "query": [],
                "same_host": [],
                "target_cell": ""
              }
            ],
            "security_groups": [
              "use-host-firewall"
            ],
            "stop_before_destroy": false,
            "tags": null,
            "timeouts": null,
            "user_data": null,
            "vendor_options": [],
            "volume": []
          },
          "sensitive_attributes": [],
          "private": "eyJlMmJmYjczMC1lY2FhLTExZTYtOGY4OC0zNDM2M2JjN2M0YzAiOnsiY3JlYXRlIjoxODAwMDAwMDAwMDAwLCJkZWxldGUiOjE4MDAwMDAwMDAwMDAsInVwZGF0ZSI6MTgwMDAwMDAwMDAwMH19",
          "dependencies": [
            "openstack_compute_keypair_v2.keypair",
            "openstack_compute_servergroup_v2.controllers-group"
          ]
        }
      ]
    },
    {
      "mode": "managed",
      "type": "openstack_compute_instance_v2",
      "name": "k0s-controllers-ci-cd",
      "provider": "provider[\"registry.terraform.io/terraform-provider-openstack/openstack\"]",
      "instances": [
        {
          "index_key": 0,
          "schema_version": 0,
          "attributes": {
            "access_ip_v4": "172.16.113.137",
            "access_ip_v6": "",
            "admin_pass": null,
            "all_metadata": {},
            "all_tags": [],
            "availability_zone": "ceph",
            "availability_zone_hints": null,
            "block_device": [],
            "config_drive": null,
            "flavor_id": "300f36c7-603d-4c69-80d1-1dc610c309b8",
            "flavor_name": "l3.micro",
            "floating_ip": null,
            "force_delete": false,
            "id": "07b85059-11b0-4293-b63f-0ab77105d51c",
            "image_id": "90877e85-6d6b-4bd0-87b6-fc964d33f138",
            "image_name": "ubuntu-focal-20.04-nogui",
            "key_pair": "vxw59196",
            "metadata": null,
            "name": "k0s-ci-cd-controller-1",
            "network": [
              {
                "access_network": false,
                "fixed_ip_v4": "172.16.113.137",
                "fixed_ip_v6": "",
                "floating_ip": "",
                "mac": "fa:ca:ad:0a:87:97",
                "name": "Internal",
                "port": "",
                "uuid": ""
              }
            ],
            "network_mode": null,
            "personality": [],
            "power_state": "active",
            "region": "RegionOne",
            "scheduler_hints": [],
            "security_groups": [
              "use-host-firewall"
            ],
            "stop_before_destroy": false,
            "tags": null,
            "timeouts": null,
            "user_data": null,
            "vendor_options": [],
            "volume": []
          },
          "sensitive_attributes": [],
          "private": "eyJlMmJmYjczMC1lY2FhLTExZTYtOGY4OC0zNDM2M2JjN2M0YzAiOnsiY3JlYXRlIjoxODAwMDAwMDAwMDAwLCJkZWxldGUiOjE4MDAwMDAwMDAwMDAsInVwZGF0ZSI6MTgwMDAwMDAwMDAwMH19",
          "dependencies": [
            "openstack_compute_keypair_v2.keypair"
          ]
        }
      ]
    },
    {
      "mode": "managed",
      "type": "openstack_compute_instance_v2",
      "name": "k0s-controllers-staging",
      "provider": "provider[\"registry.terraform.io/terraform-provider-openstack/openstack\"]",
      "instances": [
        {
          "index_key": 0,
          "schema_version": 0,
          "attributes": {
            "access_ip_v4": "172.16.112.165",
            "access_ip_v6": "",
            "admin_pass": null,
            "all_metadata": {},
            "all_tags": [],
            "availability_zone": "ceph",
            "availability_zone_hints": null,
            "block_device": [],
            "config_drive": null,
            "flavor_id": "300f36c7-603d-4c69-80d1-1dc610c309b8",
            "flavor_name": "l3.micro",
            "floating_ip": null,
            "force_delete": false,
            "id": "0a4cb7a4-8ace-4960-aaf3-2dbea5fba6e0",
            "image_id": "90877e85-6d6b-4bd0-87b6-fc964d33f138",
            "image_name": "ubuntu-focal-20.04-nogui",
            "key_pair": "vxw59196",
            "metadata": null,
            "name": "k0s-staging-controller-1",
            "network": [
              {
                "access_network": false,
                "fixed_ip_v4": "172.16.112.165",
                "fixed_ip_v6": "",
                "floating_ip": "",
                "mac": "fa:ca:ad:2c:3b:fe",
                "name": "Internal",
                "port": "",
                "uuid": ""
              }
            ],
            "network_mode": null,
            "personality": [],
            "power_state": "active",
            "region": "RegionOne",
            "scheduler_hints": [],
            "security_groups": [
              "use-host-firewall"
            ],
            "stop_before_destroy": false,
            "tags": null,
            "timeouts": null,
            "user_data": null,
            "vendor_options": [],
            "volume": []
          },
          "sensitive_attributes": [],
          "private": "eyJlMmJmYjczMC1lY2FhLTExZTYtOGY4OC0zNDM2M2JjN2M0YzAiOnsiY3JlYXRlIjoxODAwMDAwMDAwMDAwLCJkZWxldGUiOjE4MDAwMDAwMDAwMDAsInVwZGF0ZSI6MTgwMDAwMDAwMDAwMH19",
          "dependencies": [
            "openstack_compute_keypair_v2.keypair"
          ]
        }
      ]
    },
    {
      "mode": "managed",
      "type": "openstack_compute_instance_v2",
      "name": "k0s-load-balancer",
      "provider": "provider[\"registry.terraform.io/terraform-provider-openstack/openstack\"]",
      "instances": [
        {
          "schema_version": 0,
          "attributes": {
            "access_ip_v4": "172.16.113.58",
            "access_ip_v6": "",
            "admin_pass": null,
            "all_metadata": {},
            "all_tags": [],
            "availability_zone": "ceph",
            "availability_zone_hints": null,
            "block_device": [],
            "config_drive": null,
            "flavor_id": "300f36c7-603d-4c69-80d1-1dc610c309b8",
            "flavor_name": "l3.micro",
            "floating_ip": null,
            "force_delete": false,
            "id": "4592a15e-ce84-469f-80e7-1765f1883bc4",
            "image_id": "90877e85-6d6b-4bd0-87b6-fc964d33f138",
            "image_name": "ubuntu-focal-20.04-nogui",
            "key_pair": "vxw59196",
            "metadata": null,
            "name": "k0s-load-balancer",
            "network": [
              {
                "access_network": false,
                "fixed_ip_v4": "172.16.113.58",
                "fixed_ip_v6": "",
                "floating_ip": "",
                "mac": "fa:ca:ad:2c:01:4e",
                "name": "Internal",
                "port": "",
                "uuid": ""
              }
            ],
            "network_mode": null,
            "personality": [],
            "power_state": "active",
            "region": "RegionOne",
            "scheduler_hints": [],
            "security_groups": [
              "use-host-firewall"
            ],
            "stop_before_destroy": false,
            "tags": null,
            "timeouts": null,
            "user_data": null,
            "vendor_options": [],
            "volume": []
          },
          "sensitive_attributes": [],
          "private": "eyJlMmJmYjczMC1lY2FhLTExZTYtOGY4OC0zNDM2M2JjN2M0YzAiOnsiY3JlYXRlIjoxODAwMDAwMDAwMDAwLCJkZWxldGUiOjE4MDAwMDAwMDAwMDAsInVwZGF0ZSI6MTgwMDAwMDAwMDAwMH19",
          "dependencies": [
            "openstack_compute_keypair_v2.keypair"
          ]
        }
      ]
    },
    {
      "mode": "managed",
      "type": "openstack_compute_instance_v2",
      "name": "k0s-queue-workers",
      "provider": "provider[\"registry.terraform.io/terraform-provider-openstack/openstack\"]",
      "instances": [
        {
          "index_key": 0,
          "schema_version": 0,
          "attributes": {
            "access_ip_v4": "172.16.114.11",
            "access_ip_v6": "",
            "admin_pass": null,
            "all_metadata": {},
            "all_tags": [],
            "availability_zone": "ceph",
            "availability_zone_hints": null,
            "block_device": [],
            "config_drive": null,
            "flavor_id": "d798a374-002e-4257-bdac-324723e8f0b5",
            "flavor_name": "l2.medium",
            "floating_ip": null,
            "force_delete": false,
            "id": "0265c43a-ad4d-4168-a23b-790934cd5d15",
            "image_id": "90877e85-6d6b-4bd0-87b6-fc964d33f138",
            "image_name": "ubuntu-focal-20.04-nogui",
            "key_pair": "vxw59196",
            "metadata": null,
            "name": "k0s-queue-worker-1",
            "network": [
              {
                "access_network": false,
                "fixed_ip_v4": "172.16.114.11",
                "fixed_ip_v6": "",
                "floating_ip": "",
                "mac": "fa:ca:ad:39:17:28",
                "name": "Internal",
                "port": "",
                "uuid": ""
              }
            ],
            "network_mode": null,
            "personality": [],
            "power_state": "active",
            "region": "RegionOne",
            "scheduler_hints": [],
            "security_groups": [
              "use-host-firewall"
            ],
            "stop_before_destroy": false,
            "tags": null,
            "timeouts": null,
            "user_data": null,
            "vendor_options": [],
            "volume": []
          },
          "sensitive_attributes": [],
          "private": "eyJlMmJmYjczMC1lY2FhLTExZTYtOGY4OC0zNDM2M2JjN2M0YzAiOnsiY3JlYXRlIjoxODAwMDAwMDAwMDAwLCJkZWxldGUiOjE4MDAwMDAwMDAwMDAsInVwZGF0ZSI6MTgwMDAwMDAwMDAwMH19",
          "dependencies": [
            "openstack_compute_keypair_v2.keypair"
          ]
        },
        {
          "index_key": 1,
          "schema_version": 0,
          "attributes": {
            "access_ip_v4": "172.16.114.188",
            "access_ip_v6": "",
            "admin_pass": null,
            "all_metadata": {},
            "all_tags": [],
            "availability_zone": "ceph",
            "availability_zone_hints": null,
            "block_device": [],
            "config_drive": null,
            "flavor_id": "d798a374-002e-4257-bdac-324723e8f0b5",
            "flavor_name": "l2.medium",
            "floating_ip": null,
            "force_delete": false,
            "id": "267105d4-b87a-492b-b27a-96042a315170",
            "image_id": "90877e85-6d6b-4bd0-87b6-fc964d33f138",
            "image_name": "ubuntu-focal-20.04-nogui",
            "key_pair": "vxw59196",
            "metadata": null,
            "name": "k0s-queue-worker-2",
            "network": [
              {
                "access_network": false,
                "fixed_ip_v4": "172.16.114.188",
                "fixed_ip_v6": "",
                "floating_ip": "",
                "mac": "fa:ca:ad:de:6c:b3",
                "name": "Internal",
                "port": "",
                "uuid": ""
              }
            ],
            "network_mode": null,
            "personality": [],
            "power_state": "active",
            "region": "RegionOne",
            "scheduler_hints": [],
            "security_groups": [
              "use-host-firewall"
            ],
            "stop_before_destroy": false,
            "tags": null,
            "timeouts": null,
            "user_data": null,
            "vendor_options": [],
            "volume": []
          },
          "sensitive_attributes": [],
          "private": "eyJlMmJmYjczMC1lY2FhLTExZTYtOGY4OC0zNDM2M2JjN2M0YzAiOnsiY3JlYXRlIjoxODAwMDAwMDAwMDAwLCJkZWxldGUiOjE4MDAwMDAwMDAwMDAsInVwZGF0ZSI6MTgwMDAwMDAwMDAwMH19",
          "dependencies": [
            "openstack_compute_keypair_v2.keypair"
          ]
        }
      ]
    },
    {
      "mode": "managed",
      "type": "openstack_compute_instance_v2",
      "name": "k0s-queue-workers-staging",
      "provider": "provider[\"registry.terraform.io/terraform-provider-openstack/openstack\"]",
      "instances": [
        {
          "index_key": 0,
          "schema_version": 0,
          "attributes": {
            "access_ip_v4": "172.16.113.123",
            "access_ip_v6": "",
            "admin_pass": null,
            "all_metadata": {},
            "all_tags": [],
            "availability_zone": "ceph",
            "availability_zone_hints": null,
            "block_device": [],
            "config_drive": null,
            "flavor_id": "d798a374-002e-4257-bdac-324723e8f0b5",
            "flavor_name": "l2.medium",
            "floating_ip": null,
            "force_delete": false,
            "id": "a3d7c61b-7a70-4f46-90d8-8803bb1f2456",
            "image_id": "90877e85-6d6b-4bd0-87b6-fc964d33f138",
            "image_name": "ubuntu-focal-20.04-nogui",
            "key_pair": "vxw59196",
            "metadata": null,
            "name": "k0s-staging-queue-worker-1",
            "network": [
              {
                "access_network": false,
                "fixed_ip_v4": "172.16.113.123",
                "fixed_ip_v6": "",
                "floating_ip": "",
                "mac": "fa:ca:ad:69:6a:b8",
                "name": "Internal",
                "port": "",
                "uuid": ""
              }
            ],
            "network_mode": null,
            "personality": [],
            "power_state": "active",
            "region": "RegionOne",
            "scheduler_hints": [],
            "security_groups": [
              "use-host-firewall"
            ],
            "stop_before_destroy": false,
            "tags": null,
            "timeouts": null,
            "user_data": null,
            "vendor_options": [],
            "volume": []
          },
          "sensitive_attributes": [],
          "private": "eyJlMmJmYjczMC1lY2FhLTExZTYtOGY4OC0zNDM2M2JjN2M0YzAiOnsiY3JlYXRlIjoxODAwMDAwMDAwMDAwLCJkZWxldGUiOjE4MDAwMDAwMDAwMDAsInVwZGF0ZSI6MTgwMDAwMDAwMDAwMH19",
          "dependencies": [
            "openstack_compute_keypair_v2.keypair"
          ]
        }
      ]
    },
    {
      "mode": "managed",
      "type": "openstack_compute_instance_v2",
      "name": "k0s-worker-ci-cd",
      "provider": "provider[\"registry.terraform.io/terraform-provider-openstack/openstack\"]",
      "instances": [
        {
          "index_key": 0,
          "schema_version": 0,
          "attributes": {
            "access_ip_v4": "172.16.114.172",
            "access_ip_v6": "",
            "admin_pass": null,
            "all_metadata": {},
            "all_tags": [],
            "availability_zone": "ceph",
            "availability_zone_hints": null,
            "block_device": [],
            "config_drive": null,
            "flavor_id": "56786106-b241-4d27-893f-c81c8d57bd05",
            "flavor_name": "l2.small",
            "floating_ip": null,
            "force_delete": false,
            "id": "d5972f42-8377-41d9-be37-55167b226cbc",
            "image_id": "90877e85-6d6b-4bd0-87b6-fc964d33f138",
            "image_name": "ubuntu-focal-20.04-nogui",
            "key_pair": "vxw59196",
            "metadata": null,
            "name": "k0s-ci-cd-worker-1",
            "network": [
              {
                "access_network": false,
                "fixed_ip_v4": "172.16.114.172",
                "fixed_ip_v6": "",
                "floating_ip": "",
                "mac": "fa:ca:ad:9c:63:fc",
                "name": "Internal",
                "port": "",
                "uuid": ""
              }
            ],
            "network_mode": null,
            "personality": [],
            "power_state": "active",
            "region": "RegionOne",
            "scheduler_hints": [],
            "security_groups": [
              "use-host-firewall"
            ],
            "stop_before_destroy": false,
            "tags": null,
            "timeouts": null,
            "user_data": null,
            "vendor_options": [],
            "volume": []
          },
          "sensitive_attributes": [],
          "private": "eyJlMmJmYjczMC1lY2FhLTExZTYtOGY4OC0zNDM2M2JjN2M0YzAiOnsiY3JlYXRlIjoxODAwMDAwMDAwMDAwLCJkZWxldGUiOjE4MDAwMDAwMDAwMDAsInVwZGF0ZSI6MTgwMDAwMDAwMDAwMH19",
          "dependencies": [
            "openstack_compute_keypair_v2.keypair"
          ]
        },
        {
          "index_key": 1,
          "schema_version": 0,
          "attributes": {
            "access_ip_v4": "172.16.113.87",
            "access_ip_v6": "",
            "admin_pass": null,
            "all_metadata": {},
            "all_tags": [],
            "availability_zone": "ceph",
            "availability_zone_hints": null,
            "block_device": [],
            "config_drive": null,
            "flavor_id": "56786106-b241-4d27-893f-c81c8d57bd05",
            "flavor_name": "l2.small",
            "floating_ip": null,
            "force_delete": false,
            "id": "7bb1960f-8c88-402c-b0ca-5643abe85fdb",
            "image_id": "90877e85-6d6b-4bd0-87b6-fc964d33f138",
            "image_name": "ubuntu-focal-20.04-nogui",
            "key_pair": "vxw59196",
            "metadata": null,
            "name": "k0s-ci-cd-worker-2",
            "network": [
              {
                "access_network": false,
                "fixed_ip_v4": "172.16.113.87",
                "fixed_ip_v6": "",
                "floating_ip": "",
                "mac": "fa:ca:ad:0e:6b:70",
                "name": "Internal",
                "port": "",
                "uuid": ""
              }
            ],
            "network_mode": null,
            "personality": [],
            "power_state": "active",
            "region": "RegionOne",
            "scheduler_hints": [],
            "security_groups": [
              "use-host-firewall"
            ],
            "stop_before_destroy": false,
            "tags": null,
            "timeouts": null,
            "user_data": null,
            "vendor_options": [],
            "volume": []
          },
          "sensitive_attributes": [],
          "private": "eyJlMmJmYjczMC1lY2FhLTExZTYtOGY4OC0zNDM2M2JjN2M0YzAiOnsiY3JlYXRlIjoxODAwMDAwMDAwMDAwLCJkZWxldGUiOjE4MDAwMDAwMDAwMDAsInVwZGF0ZSI6MTgwMDAwMDAwMDAwMH19",
          "dependencies": [
            "openstack_compute_keypair_v2.keypair"
          ]
        }
      ]
    },
    {
      "mode": "managed",
      "type": "openstack_compute_keypair_v2",
      "name": "keypair",
      "provider": "provider[\"registry.terraform.io/terraform-provider-openstack/openstack\"]",
      "instances": [
        {
          "schema_version": 0,
          "attributes": {
            "fingerprint": "74:39:90:f4:2c:f7:cf:80:e0:83:b7:7f:c0:21:6c:d4",
            "id": "vxw59196",
            "name": "vxw59196",
            "private_key": "",
            "public_key": "ssh-rsa AAAAB3NzaC1yc2EAAAADAQABAAABAQDE973x4riglYeO/8QRF2Pbr0rb7W4Q40apqJf1UUnBnKZ04wPmPq9R+20JDt/YpX4i+Nfxv8peFu6+wqrdHLbNWTnQoUq+jWGass5MzadWhaW8Bc8BRuMgCx3dBxLnHKAH9Lrr9PKhY99w2573B8sb5SdJKDJQMCqjpVlQKtgOaJEHZ3iE9eBKDj0z+FveIpA/huLFPXeLmYc3u/DpGgkc59x5xnLPuh4Va0IJ+9DEsru5NYFLVACVW8QsNozWYONs/2xUjO4uL1Ue5wfFoRWU87lgJ8YZNXj1aszrJD4i51cD8Zar1dbHc2CHMDF0oyJBpXd6IfN4F5R4MUVizmtD samuel.jones@stfc.ac.uk",
            "region": "RegionOne",
            "user_id": "",
            "value_specs": null
          },
          "sensitive_attributes": [],
          "private": "bnVsbA=="
        }
      ]
    },
    {
      "mode": "managed",
      "type": "openstack_compute_servergroup_v2",
      "name": "controllers-group",
      "provider": "provider[\"registry.terraform.io/terraform-provider-openstack/openstack\"]",
      "instances": [
        {
          "schema_version": 0,
          "attributes": {
            "id": "4fb920ab-1011-4538-a2dd-b53450685d92",
            "members": [],
            "name": "controllers-group",
            "policies": [
              "soft-anti-affinity"
            ],
            "region": "RegionOne",
            "value_specs": null
          },
          "sensitive_attributes": [],
          "private": "bnVsbA=="
        }
      ]
    }
  ],
  "check_results": null
}
