{
  "version": 4,
  "terraform_version": "1.3.5",
  "serial": 1084,
  "lineage": "49201a48-c0ad-7ca8-6b18-fa8c7ac80393",
  "outputs": {},
  "resources": [
    {
      "mode": "managed",
      "type": "openstack_compute_instance_v2",
      "name": "k0s-app-workers",
      "provider": "provider[\"registry.terraform.io/terraform-provider-openstack/openstack\"]",
      "instances": [
        {
          "index_key": 0,
          "status": "tainted",
          "schema_version": 0,
          "attributes": {
            "access_ip_v4": null,
            "access_ip_v6": null,
            "admin_pass": null,
            "all_metadata": null,
            "all_tags": [],
            "availability_zone": null,
            "availability_zone_hints": null,
            "block_device": [],
            "config_drive": null,
            "flavor_id": null,
            "flavor_name": "c1.xlarge",
            "floating_ip": null,
            "force_delete": false,
            "id": "f13bf55c-19d9-4661-b991-da98d2428d7d",
            "image_id": null,
            "image_name": "ubuntu-focal-20.04-nogui",
            "key_pair": "vxw59196",
            "metadata": null,
            "name": "k0s-app-worker-1",
            "network": null,
            "network_mode": null,
            "personality": [],
            "power_state": "active",
            "region": null,
            "scheduler_hints": [],
            "security_groups": [
              "use-host-firewall"
            ],
            "stop_before_destroy": false,
            "tags": null,
            "timeouts": null,
            "user_data": null,
            "vendor_options": [],
            "volume": []
          },
          "sensitive_attributes": [],
          "private": "eyJlMmJmYjczMC1lY2FhLTExZTYtOGY4OC0zNDM2M2JjN2M0YzAiOnsiY3JlYXRlIjoxODAwMDAwMDAwMDAwLCJkZWxldGUiOjE4MDAwMDAwMDAwMDAsInVwZGF0ZSI6MTgwMDAwMDAwMDAwMH19",
          "dependencies": [
            "openstack_compute_keypair_v2.keypair"
          ]
        },
        {
          "index_key": 1,
          "schema_version": 0,
          "attributes": {
            "access_ip_v4": "172.16.102.107",
            "access_ip_v6": "",
            "admin_pass": null,
            "all_metadata": {},
            "all_tags": [],
            "availability_zone": "ceph",
            "availability_zone_hints": null,
            "block_device": [],
            "config_drive": null,
            "flavor_id": "11",
            "flavor_name": "c1.xlarge",
            "floating_ip": null,
            "force_delete": false,
            "id": "bb213983-f66b-4c7f-9f50-299356a8dee0",
            "image_id": "0eedaf19-2ead-44bf-84e4-3334ad772da1",
            "image_name": "ubuntu-focal-20.04-nogui",
            "key_pair": "vxw59196",
            "metadata": null,
            "name": "k0s-app-worker-2",
            "network": [
              {
                "access_network": false,
                "fixed_ip_v4": "172.16.102.107",
                "fixed_ip_v6": "",
                "floating_ip": "",
                "mac": "fa:ca:ad:18:77:9d",
                "name": "Internal",
                "port": "",
                "uuid": ""
              }
            ],
            "network_mode": null,
            "personality": [],
            "power_state": "active",
            "region": "RegionOne",
            "scheduler_hints": [],
            "security_groups": [
              "use-host-firewall"
            ],
            "stop_before_destroy": false,
            "tags": null,
            "timeouts": null,
            "user_data": null,
            "vendor_options": [],
            "volume": []
          },
          "sensitive_attributes": [],
          "private": "eyJlMmJmYjczMC1lY2FhLTExZTYtOGY4OC0zNDM2M2JjN2M0YzAiOnsiY3JlYXRlIjoxODAwMDAwMDAwMDAwLCJkZWxldGUiOjE4MDAwMDAwMDAwMDAsInVwZGF0ZSI6MTgwMDAwMDAwMDAwMH19",
          "dependencies": [
            "openstack_compute_keypair_v2.keypair"
          ]
        },
        {
          "index_key": 2,
          "status": "tainted",
          "schema_version": 0,
          "attributes": {
            "access_ip_v4": null,
            "access_ip_v6": null,
            "admin_pass": null,
            "all_metadata": null,
            "all_tags": [],
            "availability_zone": null,
            "availability_zone_hints": null,
            "block_device": [],
            "config_drive": null,
            "flavor_id": null,
            "flavor_name": "c1.xlarge",
            "floating_ip": null,
            "force_delete": false,
            "id": "43441cca-97d9-4495-b1c2-0fedb6ae0094",
            "image_id": null,
            "image_name": "ubuntu-focal-20.04-nogui",
            "key_pair": "vxw59196",
            "metadata": null,
            "name": "k0s-app-worker-3",
            "network": null,
            "network_mode": null,
            "personality": [],
            "power_state": "active",
            "region": null,
            "scheduler_hints": [],
            "security_groups": [
              "use-host-firewall"
            ],
            "stop_before_destroy": false,
            "tags": null,
            "timeouts": null,
            "user_data": null,
            "vendor_options": [],
            "volume": []
          },
          "sensitive_attributes": [],
          "private": "eyJlMmJmYjczMC1lY2FhLTExZTYtOGY4OC0zNDM2M2JjN2M0YzAiOnsiY3JlYXRlIjoxODAwMDAwMDAwMDAwLCJkZWxldGUiOjE4MDAwMDAwMDAwMDAsInVwZGF0ZSI6MTgwMDAwMDAwMDAwMH19",
          "dependencies": [
            "openstack_compute_keypair_v2.keypair"
          ]
        },
        {
          "index_key": 3,
          "schema_version": 0,
          "attributes": {
            "access_ip_v4": "172.16.103.97",
            "access_ip_v6": "",
            "admin_pass": null,
            "all_metadata": {},
            "all_tags": [],
            "availability_zone": "ceph",
            "availability_zone_hints": null,
            "block_device": [],
            "config_drive": null,
            "flavor_id": "11",
            "flavor_name": "c1.xlarge",
            "floating_ip": null,
            "force_delete": false,
            "id": "8127ff01-d445-42e7-a1f5-87af02a6acca",
            "image_id": "0eedaf19-2ead-44bf-84e4-3334ad772da1",
            "image_name": "ubuntu-focal-20.04-nogui",
            "key_pair": "vxw59196",
            "metadata": null,
            "name": "k0s-app-worker-4",
            "network": [
              {
                "access_network": false,
                "fixed_ip_v4": "172.16.103.97",
                "fixed_ip_v6": "",
                "floating_ip": "",
                "mac": "fa:ca:ad:76:05:f6",
                "name": "Internal",
                "port": "",
                "uuid": ""
              }
            ],
            "network_mode": null,
            "personality": [],
            "power_state": "active",
            "region": "RegionOne",
            "scheduler_hints": [],
            "security_groups": [
              "use-host-firewall"
            ],
            "stop_before_destroy": false,
            "tags": null,
            "timeouts": null,
            "user_data": null,
            "vendor_options": [],
            "volume": []
          },
          "sensitive_attributes": [],
          "private": "eyJlMmJmYjczMC1lY2FhLTExZTYtOGY4OC0zNDM2M2JjN2M0YzAiOnsiY3JlYXRlIjoxODAwMDAwMDAwMDAwLCJkZWxldGUiOjE4MDAwMDAwMDAwMDAsInVwZGF0ZSI6MTgwMDAwMDAwMDAwMH19",
          "dependencies": [
            "openstack_compute_keypair_v2.keypair"
          ]
        },
        {
          "index_key": 4,
          "schema_version": 0,
          "attributes": {
            "access_ip_v4": "172.16.113.230",
            "access_ip_v6": "",
            "admin_pass": null,
            "all_metadata": {},
            "all_tags": [],
            "availability_zone": "ceph",
            "availability_zone_hints": null,
            "block_device": [],
            "config_drive": null,
            "flavor_id": "11",
            "flavor_name": "c1.xlarge",
            "floating_ip": null,
            "force_delete": false,
            "id": "67f8a5b4-6f9c-49db-8503-0ce09bdc45ab",
            "image_id": "0eedaf19-2ead-44bf-84e4-3334ad772da1",
            "image_name": "ubuntu-focal-20.04-nogui",
            "key_pair": "vxw59196",
            "metadata": null,
            "name": "k0s-app-worker-5",
            "network": [
              {
                "access_network": false,
                "fixed_ip_v4": "172.16.113.230",
                "fixed_ip_v6": "",
                "floating_ip": "",
                "mac": "fa:ca:ad:ac:cd:fc",
                "name": "Internal",
                "port": "",
                "uuid": ""
              }
            ],
            "network_mode": null,
            "personality": [],
            "power_state": "active",
            "region": "RegionOne",
            "scheduler_hints": [],
            "security_groups": [
              "use-host-firewall"
            ],
            "stop_before_destroy": false,
            "tags": null,
            "timeouts": null,
            "user_data": null,
            "vendor_options": [],
            "volume": []
          },
          "sensitive_attributes": [],
          "private": "eyJlMmJmYjczMC1lY2FhLTExZTYtOGY4OC0zNDM2M2JjN2M0YzAiOnsiY3JlYXRlIjoxODAwMDAwMDAwMDAwLCJkZWxldGUiOjE4MDAwMDAwMDAwMDAsInVwZGF0ZSI6MTgwMDAwMDAwMDAwMH19",
          "dependencies": [
            "openstack_compute_keypair_v2.keypair"
          ]
        }
      ]
    },
    {
      "mode": "managed",
      "type": "openstack_compute_instance_v2",
      "name": "k0s-controllers",
      "provider": "provider[\"registry.terraform.io/terraform-provider-openstack/openstack\"]",
      "instances": [
        {
          "index_key": 0,
          "status": "tainted",
          "schema_version": 0,
          "attributes": {
            "access_ip_v4": null,
            "access_ip_v6": null,
            "admin_pass": null,
            "all_metadata": null,
            "all_tags": [],
            "availability_zone": null,
            "availability_zone_hints": null,
            "block_device": [],
            "config_drive": null,
            "flavor_id": null,
            "flavor_name": "c3.medium",
            "floating_ip": null,
            "force_delete": false,
            "id": "6eccff27-f3a3-42f1-bd7c-d3e6c8f98328",
            "image_id": null,
            "image_name": "ubuntu-focal-20.04-nogui",
            "key_pair": "vxw59196",
            "metadata": null,
            "name": "k0s-controller-1",
            "network": null,
            "network_mode": null,
            "personality": [],
            "power_state": "active",
            "region": null,
            "scheduler_hints": [],
            "security_groups": [
              "use-host-firewall"
            ],
            "stop_before_destroy": false,
            "tags": null,
            "timeouts": null,
            "user_data": null,
            "vendor_options": [],
            "volume": []
          },
          "sensitive_attributes": [],
          "private": "eyJlMmJmYjczMC1lY2FhLTExZTYtOGY4OC0zNDM2M2JjN2M0YzAiOnsiY3JlYXRlIjoxODAwMDAwMDAwMDAwLCJkZWxldGUiOjE4MDAwMDAwMDAwMDAsInVwZGF0ZSI6MTgwMDAwMDAwMDAwMH19",
          "dependencies": [
            "openstack_compute_keypair_v2.keypair"
          ]
        },
        {
          "index_key": 1,
          "schema_version": 0,
          "attributes": {
            "access_ip_v4": "172.16.102.221",
            "access_ip_v6": "",
            "admin_pass": null,
            "all_metadata": {},
            "all_tags": [],
            "availability_zone": "ceph",
            "availability_zone_hints": null,
            "block_device": [],
            "config_drive": null,
            "flavor_id": "6cf0813c-1ba2-4999-b7eb-34d71a2a4199",
            "flavor_name": "c3.medium",
            "floating_ip": null,
            "force_delete": false,
            "id": "ae0349bb-4895-4b33-a699-3e0bb8d02de7",
            "image_id": "0eedaf19-2ead-44bf-84e4-3334ad772da1",
            "image_name": "ubuntu-focal-20.04-nogui",
            "key_pair": "vxw59196",
            "metadata": null,
            "name": "k0s-controller-2",
            "network": [
              {
                "access_network": false,
                "fixed_ip_v4": "172.16.102.221",
                "fixed_ip_v6": "",
                "floating_ip": "",
                "mac": "fa:ca:ad:13:a8:a9",
                "name": "Internal",
                "port": "",
                "uuid": ""
              }
            ],
            "network_mode": null,
            "personality": [],
            "power_state": "active",
            "region": "RegionOne",
            "scheduler_hints": [],
            "security_groups": [
              "use-host-firewall"
            ],
            "stop_before_destroy": false,
            "tags": null,
            "timeouts": null,
            "user_data": null,
            "vendor_options": [],
            "volume": []
          },
          "sensitive_attributes": [],
          "private": "eyJlMmJmYjczMC1lY2FhLTExZTYtOGY4OC0zNDM2M2JjN2M0YzAiOnsiY3JlYXRlIjoxODAwMDAwMDAwMDAwLCJkZWxldGUiOjE4MDAwMDAwMDAwMDAsInVwZGF0ZSI6MTgwMDAwMDAwMDAwMH19",
          "dependencies": [
            "openstack_compute_keypair_v2.keypair"
          ]
        },
        {
          "index_key": 2,
          "schema_version": 0,
          "attributes": {
            "access_ip_v4": "172.16.102.233",
            "access_ip_v6": "",
            "admin_pass": null,
            "all_metadata": {},
            "all_tags": [],
            "availability_zone": "ceph",
            "availability_zone_hints": null,
            "block_device": [],
            "config_drive": null,
            "flavor_id": "6cf0813c-1ba2-4999-b7eb-34d71a2a4199",
            "flavor_name": "c3.medium",
            "floating_ip": null,
            "force_delete": false,
            "id": "c670068a-9469-4f8e-aa32-94efd60070bf",
            "image_id": "0eedaf19-2ead-44bf-84e4-3334ad772da1",
            "image_name": "ubuntu-focal-20.04-nogui",
            "key_pair": "vxw59196",
            "metadata": null,
            "name": "k0s-controller-3",
            "network": [
              {
                "access_network": false,
                "fixed_ip_v4": "172.16.102.233",
                "fixed_ip_v6": "",
                "floating_ip": "",
                "mac": "fa:ca:ad:cb:53:5d",
                "name": "Internal",
                "port": "",
                "uuid": ""
              }
            ],
            "network_mode": null,
            "personality": [],
            "power_state": "active",
            "region": "RegionOne",
            "scheduler_hints": [],
            "security_groups": [
              "use-host-firewall"
            ],
            "stop_before_destroy": false,
            "tags": null,
            "timeouts": null,
            "user_data": null,
            "vendor_options": [],
            "volume": []
          },
          "sensitive_attributes": [],
          "private": "eyJlMmJmYjczMC1lY2FhLTExZTYtOGY4OC0zNDM2M2JjN2M0YzAiOnsiY3JlYXRlIjoxODAwMDAwMDAwMDAwLCJkZWxldGUiOjE4MDAwMDAwMDAwMDAsInVwZGF0ZSI6MTgwMDAwMDAwMDAwMH19",
          "dependencies": [
            "openstack_compute_keypair_v2.keypair"
          ]
        }
      ]
    },
    {
      "mode": "managed",
      "type": "openstack_compute_instance_v2",
      "name": "k0s-load-balancer",
      "provider": "provider[\"registry.terraform.io/terraform-provider-openstack/openstack\"]",
      "instances": [
        {
          "schema_version": 0,
          "attributes": {
            "access_ip_v4": "172.16.112.157",
            "access_ip_v6": "",
            "admin_pass": null,
            "all_metadata": {},
            "all_tags": [],
            "availability_zone": "ceph",
            "availability_zone_hints": null,
            "block_device": [],
            "config_drive": null,
            "flavor_id": "6cf0813c-1ba2-4999-b7eb-34d71a2a4199",
            "flavor_name": "c3.medium",
            "floating_ip": null,
            "force_delete": false,
            "id": "74e0f819-e3ca-4c29-ac4c-3daba75dd1ce",
            "image_id": "0eedaf19-2ead-44bf-84e4-3334ad772da1",
            "image_name": "ubuntu-focal-20.04-nogui",
            "key_pair": "vxw59196",
            "metadata": null,
            "name": "k0s-load-balancer",
            "network": [
              {
                "access_network": false,
                "fixed_ip_v4": "172.16.112.157",
                "fixed_ip_v6": "",
                "floating_ip": "",
                "mac": "fa:ca:ad:ec:64:a0",
                "name": "Internal",
                "port": "",
                "uuid": ""
              }
            ],
            "network_mode": null,
            "personality": [],
            "power_state": "active",
            "region": "RegionOne",
            "scheduler_hints": [],
            "security_groups": [
              "use-host-firewall"
            ],
            "stop_before_destroy": false,
            "tags": null,
            "timeouts": null,
            "user_data": null,
            "vendor_options": [],
            "volume": []
          },
          "sensitive_attributes": [],
          "private": "eyJlMmJmYjczMC1lY2FhLTExZTYtOGY4OC0zNDM2M2JjN2M0YzAiOnsiY3JlYXRlIjoxODAwMDAwMDAwMDAwLCJkZWxldGUiOjE4MDAwMDAwMDAwMDAsInVwZGF0ZSI6MTgwMDAwMDAwMDAwMH19",
          "dependencies": [
            "openstack_compute_keypair_v2.keypair"
          ]
        }
      ]
    },
    {
      "mode": "managed",
      "type": "openstack_compute_instance_v2",
      "name": "k0s-queue-workers",
      "provider": "provider[\"registry.terraform.io/terraform-provider-openstack/openstack\"]",
      "instances": [
        {
          "index_key": 0,
          "schema_version": 0,
          "attributes": {
            "access_ip_v4": "172.16.113.154",
            "access_ip_v6": "",
            "admin_pass": null,
            "all_metadata": {},
            "all_tags": [],
            "availability_zone": "ceph",
            "availability_zone_hints": null,
            "block_device": [],
            "config_drive": null,
            "flavor_id": "56786106-b241-4d27-893f-c81c8d57bd05",
            "flavor_name": "l2.small",
            "floating_ip": null,
            "force_delete": false,
            "id": "9d4b879e-02b8-45ba-8066-8c2425b2807b",
            "image_id": "0eedaf19-2ead-44bf-84e4-3334ad772da1",
            "image_name": "ubuntu-focal-20.04-nogui",
            "key_pair": "vxw59196",
            "metadata": null,
            "name": "k0s-queue-worker-1",
            "network": [
              {
                "access_network": false,
                "fixed_ip_v4": "172.16.113.154",
                "fixed_ip_v6": "",
                "floating_ip": "",
                "mac": "fa:ca:ad:12:a4:52",
                "name": "Internal",
                "port": "",
                "uuid": ""
              }
            ],
            "network_mode": null,
            "personality": [],
            "power_state": "active",
            "region": "RegionOne",
            "scheduler_hints": [],
            "security_groups": [
              "use-host-firewall"
            ],
            "stop_before_destroy": false,
            "tags": null,
            "timeouts": null,
            "user_data": null,
            "vendor_options": [],
            "volume": []
          },
          "sensitive_attributes": [],
          "private": "eyJlMmJmYjczMC1lY2FhLTExZTYtOGY4OC0zNDM2M2JjN2M0YzAiOnsiY3JlYXRlIjoxODAwMDAwMDAwMDAwLCJkZWxldGUiOjE4MDAwMDAwMDAwMDAsInVwZGF0ZSI6MTgwMDAwMDAwMDAwMH19",
          "dependencies": [
            "openstack_compute_keypair_v2.keypair"
          ]
        },
        {
          "index_key": 1,
          "schema_version": 0,
          "attributes": {
            "access_ip_v4": "172.16.112.107",
            "access_ip_v6": "",
            "admin_pass": null,
            "all_metadata": {},
            "all_tags": [],
            "availability_zone": "ceph",
            "availability_zone_hints": null,
            "block_device": [],
            "config_drive": null,
            "flavor_id": "56786106-b241-4d27-893f-c81c8d57bd05",
            "flavor_name": "l2.small",
            "floating_ip": null,
            "force_delete": false,
            "id": "493e015e-0a34-478c-b056-359507c6660b",
            "image_id": "0eedaf19-2ead-44bf-84e4-3334ad772da1",
            "image_name": "ubuntu-focal-20.04-nogui",
            "key_pair": "vxw59196",
            "metadata": null,
            "name": "k0s-queue-worker-2",
            "network": [
              {
                "access_network": false,
                "fixed_ip_v4": "172.16.112.107",
                "fixed_ip_v6": "",
                "floating_ip": "",
                "mac": "fa:ca:ad:d8:2c:0b",
                "name": "Internal",
                "port": "",
                "uuid": ""
              }
            ],
            "network_mode": null,
            "personality": [],
            "power_state": "active",
            "region": "RegionOne",
            "scheduler_hints": [],
            "security_groups": [
              "use-host-firewall"
            ],
            "stop_before_destroy": false,
            "tags": null,
            "timeouts": null,
            "user_data": null,
            "vendor_options": [],
            "volume": []
          },
          "sensitive_attributes": [],
          "private": "eyJlMmJmYjczMC1lY2FhLTExZTYtOGY4OC0zNDM2M2JjN2M0YzAiOnsiY3JlYXRlIjoxODAwMDAwMDAwMDAwLCJkZWxldGUiOjE4MDAwMDAwMDAwMDAsInVwZGF0ZSI6MTgwMDAwMDAwMDAwMH19",
          "dependencies": [
            "openstack_compute_keypair_v2.keypair"
          ]
        },
        {
          "index_key": 2,
          "schema_version": 0,
          "attributes": {
            "access_ip_v4": "172.16.113.242",
            "access_ip_v6": "",
            "admin_pass": null,
            "all_metadata": {},
            "all_tags": [],
            "availability_zone": "ceph",
            "availability_zone_hints": null,
            "block_device": [],
            "config_drive": null,
            "flavor_id": "56786106-b241-4d27-893f-c81c8d57bd05",
            "flavor_name": "l2.small",
            "floating_ip": null,
            "force_delete": false,
            "id": "d3152298-ceaf-486e-9117-8e0836a085ee",
            "image_id": "0eedaf19-2ead-44bf-84e4-3334ad772da1",
            "image_name": "ubuntu-focal-20.04-nogui",
            "key_pair": "vxw59196",
            "metadata": null,
            "name": "k0s-queue-worker-3",
            "network": [
              {
                "access_network": false,
                "fixed_ip_v4": "172.16.113.242",
                "fixed_ip_v6": "",
                "floating_ip": "",
                "mac": "fa:ca:ad:65:50:fc",
                "name": "Internal",
                "port": "",
                "uuid": ""
              }
            ],
            "network_mode": null,
            "personality": [],
            "power_state": "active",
            "region": "RegionOne",
            "scheduler_hints": [],
            "security_groups": [
              "use-host-firewall"
            ],
            "stop_before_destroy": false,
            "tags": null,
            "timeouts": null,
            "user_data": null,
            "vendor_options": [],
            "volume": []
          },
          "sensitive_attributes": [],
          "private": "eyJlMmJmYjczMC1lY2FhLTExZTYtOGY4OC0zNDM2M2JjN2M0YzAiOnsiY3JlYXRlIjoxODAwMDAwMDAwMDAwLCJkZWxldGUiOjE4MDAwMDAwMDAwMDAsInVwZGF0ZSI6MTgwMDAwMDAwMDAwMH19",
          "dependencies": [
            "openstack_compute_keypair_v2.keypair"
          ]
        },
        {
          "index_key": 3,
          "schema_version": 0,
          "attributes": {
            "access_ip_v4": "172.16.112.175",
            "access_ip_v6": "",
            "admin_pass": null,
            "all_metadata": {},
            "all_tags": [],
            "availability_zone": "ceph",
            "availability_zone_hints": null,
            "block_device": [],
            "config_drive": null,
            "flavor_id": "56786106-b241-4d27-893f-c81c8d57bd05",
            "flavor_name": "l2.small",
            "floating_ip": null,
            "force_delete": false,
            "id": "1eb0988e-b45e-4ade-acce-43a868f8e920",
            "image_id": "0eedaf19-2ead-44bf-84e4-3334ad772da1",
            "image_name": "ubuntu-focal-20.04-nogui",
            "key_pair": "vxw59196",
            "metadata": null,
            "name": "k0s-queue-worker-4",
            "network": [
              {
                "access_network": false,
                "fixed_ip_v4": "172.16.112.175",
                "fixed_ip_v6": "",
                "floating_ip": "",
                "mac": "fa:ca:ad:21:1f:a2",
                "name": "Internal",
                "port": "",
                "uuid": ""
              }
            ],
            "network_mode": null,
            "personality": [],
            "power_state": "active",
            "region": "RegionOne",
            "scheduler_hints": [],
            "security_groups": [
              "use-host-firewall"
            ],
            "stop_before_destroy": false,
            "tags": null,
            "timeouts": null,
            "user_data": null,
            "vendor_options": [],
            "volume": []
          },
          "sensitive_attributes": [],
          "private": "eyJlMmJmYjczMC1lY2FhLTExZTYtOGY4OC0zNDM2M2JjN2M0YzAiOnsiY3JlYXRlIjoxODAwMDAwMDAwMDAwLCJkZWxldGUiOjE4MDAwMDAwMDAwMDAsInVwZGF0ZSI6MTgwMDAwMDAwMDAwMH19",
          "dependencies": [
            "openstack_compute_keypair_v2.keypair"
          ]
        }
      ]
    },
    {
      "mode": "managed",
      "type": "openstack_compute_keypair_v2",
      "name": "keypair",
      "provider": "provider[\"registry.terraform.io/terraform-provider-openstack/openstack\"]",
      "instances": [
        {
          "schema_version": 0,
          "attributes": {
            "fingerprint": "74:39:90:f4:2c:f7:cf:80:e0:83:b7:7f:c0:21:6c:d4",
            "id": "vxw59196",
            "name": "vxw59196",
            "private_key": "",
            "public_key": "ssh-rsa AAAAB3NzaC1yc2EAAAADAQABAAABAQDE973x4riglYeO/8QRF2Pbr0rb7W4Q40apqJf1UUnBnKZ04wPmPq9R+20JDt/YpX4i+Nfxv8peFu6+wqrdHLbNWTnQoUq+jWGass5MzadWhaW8Bc8BRuMgCx3dBxLnHKAH9Lrr9PKhY99w2573B8sb5SdJKDJQMCqjpVlQKtgOaJEHZ3iE9eBKDj0z+FveIpA/huLFPXeLmYc3u/DpGgkc59x5xnLPuh4Va0IJ+9DEsru5NYFLVACVW8QsNozWYONs/2xUjO4uL1Ue5wfFoRWU87lgJ8YZNXj1aszrJD4i51cD8Zar1dbHc2CHMDF0oyJBpXd6IfN4F5R4MUVizmtD samuel.jones@stfc.ac.uk",
            "region": "RegionOne",
            "user_id": "",
            "value_specs": null
          },
          "sensitive_attributes": [],
          "private": "bnVsbA=="
        }
      ]
    }
  ],
  "check_results": null
}
