{
  "version": 4,
  "terraform_version": "1.12.2",
  "serial": 100,
  "lineage": "ebaa3d14-f947-dce6-63f5-343d231c9b21",
  "outputs": {
    "ansible_inventory": {
      "value": "[redpanda]\n130.246.81.45 ansible_host=130.246.81.45 ansible_user=service-key ansible_become=True private_ip=130.246.81.45\n130.246.81.166 ansible_host=130.246.81.166 ansible_user=service-key ansible_become=True private_ip=130.246.81.166\n130.246.81.188 ansible_host=130.246.81.188 ansible_user=service-key ansible_become=True private_ip=130.246.81.188\n",
      "type": "string"
    }
  },
  "resources": [
    {
      "mode": "data",
      "type": "openstack_networking_network_v2",
      "name": "external",
      "provider": "provider[\"registry.terraform.io/terraform-provider-openstack/openstack\"]",
      "instances": [
        {
          "schema_version": 0,
          "attributes": {
            "admin_state_up": "true",
            "all_tags": [
              "portal-external"
            ],
            "availability_zone_hints": [],
            "description": "",
            "dns_domain": "",
            "external": true,
            "id": "5283f642-8bd8-48b6-8608-fa3006ff4539",
            "matching_subnet_cidr": null,
            "mtu": 1500,
            "name": "External",
            "network_id": "5283f642-8bd8-48b6-8608-fa3006ff4539",
            "region": "RegionOne",
            "shared": "false",
            "status": null,
            "subnets": [
              "8dda50b7-850c-4138-9c7a-a55faf722457",
              "e4d04f95-f078-4008-9cec-285c2320d252"
            ],
            "tags": null,
            "tenant_id": "4de86830e89b4a46b590536571b6ccd4",
            "transparent_vlan": false
          },
          "sensitive_attributes": [],
          "identity_schema_version": 0
        }
      ]
    },
    {
      "mode": "managed",
      "type": "openstack_compute_servergroup_v2",
      "name": "redpanda-group",
      "provider": "provider[\"registry.terraform.io/terraform-provider-openstack/openstack\"]",
      "instances": [
        {
          "schema_version": 0,
          "attributes": {
            "id": "654d043a-196e-45fa-959a-08da78b0695a",
            "members": [],
            "name": "redpanda-group",
            "policies": [
              "soft-anti-affinity"
            ],
            "region": "RegionOne",
            "value_specs": null
          },
          "sensitive_attributes": [],
          "identity_schema_version": 0,
          "private": "bnVsbA=="
        }
      ]
    },
    {
      "mode": "managed",
      "type": "openstack_networking_network_v2",
      "name": "redpanda",
      "provider": "provider[\"registry.terraform.io/terraform-provider-openstack/openstack\"]",
      "instances": [
        {
          "schema_version": 0,
          "attributes": {
            "admin_state_up": true,
            "all_tags": [],
            "availability_zone_hints": [],
            "description": "",
            "dns_domain": "",
            "external": false,
            "id": "3bb7698c-9c80-4ce4-be6d-b2b3082581ef",
            "mtu": 1450,
            "name": "redpanda",
            "port_security_enabled": true,
            "qos_policy_id": "",
            "region": "RegionOne",
            "segments": [],
            "shared": false,
            "tags": null,
            "tenant_id": "c191dbba0d1c4bd6a23414a1bd024de3",
            "timeouts": null,
            "transparent_vlan": false,
            "value_specs": null
          },
          "sensitive_attributes": [],
          "identity_schema_version": 0,
          "private": "eyJlMmJmYjczMC1lY2FhLTExZTYtOGY4OC0zNDM2M2JjN2M0YzAiOnsiY3JlYXRlIjo2MDAwMDAwMDAwMDAsImRlbGV0ZSI6NjAwMDAwMDAwMDAwfX0="
        }
      ]
    },
    {
      "mode": "managed",
      "type": "openstack_networking_router_interface_v2",
      "name": "redpanda_router_interface",
      "provider": "provider[\"registry.terraform.io/terraform-provider-openstack/openstack\"]",
      "instances": [
        {
          "schema_version": 0,
          "attributes": {
            "id": "36ab5ee7-902d-47e0-997b-3bd54694726d",
            "port_id": "36ab5ee7-902d-47e0-997b-3bd54694726d",
            "region": "RegionOne",
            "router_id": "cc0ab461-507e-4080-a2b1-b8325291f04f",
            "subnet_id": "5f19fb21-e110-4185-bd95-d2274744e71b",
            "timeouts": null
          },
          "sensitive_attributes": [],
          "identity_schema_version": 0,
          "private": "eyJlMmJmYjczMC1lY2FhLTExZTYtOGY4OC0zNDM2M2JjN2M0YzAiOnsiY3JlYXRlIjo2MDAwMDAwMDAwMDAsImRlbGV0ZSI6NjAwMDAwMDAwMDAwfX0=",
          "dependencies": [
            "data.openstack_networking_network_v2.external",
            "openstack_networking_network_v2.redpanda",
            "openstack_networking_router_v2.redpanda_router",
            "openstack_networking_subnet_v2.redpanda"
          ]
        }
      ]
    },
    {
      "mode": "managed",
      "type": "openstack_networking_router_v2",
      "name": "redpanda_router",
      "provider": "provider[\"registry.terraform.io/terraform-provider-openstack/openstack\"]",
      "instances": [
        {
          "schema_version": 0,
          "attributes": {
            "admin_state_up": true,
            "all_tags": [],
            "availability_zone_hints": [],
            "description": "",
            "distributed": false,
            "enable_snat": true,
            "external_fixed_ip": [
              {
                "ip_address": "130.246.81.213",
                "subnet_id": "e4d04f95-f078-4008-9cec-285c2320d252"
              }
            ],
            "external_gateway": "5283f642-8bd8-48b6-8608-fa3006ff4539",
            "external_network_id": "5283f642-8bd8-48b6-8608-fa3006ff4539",
            "external_subnet_ids": null,
            "id": "cc0ab461-507e-4080-a2b1-b8325291f04f",
            "name": "redpanda-router",
            "region": "RegionOne",
            "tags": null,
            "tenant_id": "c191dbba0d1c4bd6a23414a1bd024de3",
            "timeouts": null,
            "value_specs": null,
            "vendor_options": []
          },
          "sensitive_attributes": [],
          "identity_schema_version": 0,
          "private": "eyJlMmJmYjczMC1lY2FhLTExZTYtOGY4OC0zNDM2M2JjN2M0YzAiOnsiY3JlYXRlIjo2MDAwMDAwMDAwMDAsImRlbGV0ZSI6NjAwMDAwMDAwMDAwfX0=",
          "dependencies": [
            "data.openstack_networking_network_v2.external"
          ]
        }
      ]
    },
    {
      "mode": "managed",
      "type": "openstack_networking_subnet_v2",
      "name": "redpanda",
      "provider": "provider[\"registry.terraform.io/terraform-provider-openstack/openstack\"]",
      "instances": [
        {
          "schema_version": 0,
          "attributes": {
            "all_tags": [],
            "allocation_pool": [
              {
                "end": "192.168.199.254",
                "start": "192.168.199.2"
              }
            ],
            "allocation_pools": [
              {
                "end": "192.168.199.254",
                "start": "192.168.199.2"
              }
            ],
            "cidr": "192.168.199.0/24",
            "description": "",
            "dns_nameservers": null,
            "enable_dhcp": true,
            "gateway_ip": "192.168.199.1",
            "host_routes": [],
            "id": "5f19fb21-e110-4185-bd95-d2274744e71b",
            "ip_version": 4,
            "ipv6_address_mode": "",
            "ipv6_ra_mode": "",
            "name": "redpanda",
            "network_id": "3bb7698c-9c80-4ce4-be6d-b2b3082581ef",
            "no_gateway": false,
            "prefix_length": null,
            "region": "RegionOne",
            "subnetpool_id": "",
            "tags": null,
            "tenant_id": "c191dbba0d1c4bd6a23414a1bd024de3",
            "timeouts": null,
            "value_specs": null
          },
          "sensitive_attributes": [],
          "identity_schema_version": 0,
          "private": "eyJlMmJmYjczMC1lY2FhLTExZTYtOGY4OC0zNDM2M2JjN2M0YzAiOnsiY3JlYXRlIjo2MDAwMDAwMDAwMDAsImRlbGV0ZSI6NjAwMDAwMDAwMDAwfX0=",
          "dependencies": [
            "openstack_networking_network_v2.redpanda"
          ]
        }
      ]
    }
  ],
  "check_results": null
}
