{
  "version": 4,
  "terraform_version": "1.3.5",
  "serial": 1056,
  "lineage": "49201a48-c0ad-7ca8-6b18-fa8c7ac80393",
  "outputs": {
    "ansible_inventory": {
      "value": "[controllers]\n172.16.113.230 ansible_host=172.16.113.230 ansible_user=vxw59196\n172.16.102.233 ansible_host=172.16.102.233 ansible_user=vxw59196\n172.16.112.175 ansible_host=172.16.112.175 ansible_user=vxw59196\n\n[workers]\n172.16.103.226 ansible_host=172.16.103.226 ansible_user=vxw59196\n172.16.101.132 ansible_host=172.16.101.132 ansible_user=vxw59196\n172.16.101.222 ansible_host=172.16.101.222 ansible_user=vxw59196\n172.16.103.97 ansible_host=172.16.103.97 ansible_user=vxw59196\n172.16.113.154 ansible_host=172.16.113.154 ansible_user=vxw59196\n172.16.112.157 ansible_host=172.16.112.157 ansible_user=vxw59196\n172.16.113.242 ansible_host=172.16.113.242 ansible_user=vxw59196\n\n[loadbalancer]\n172.16.101.228 ansible_host=172.16.101.228 ansible_user=vxw59196",
      "type": "string"
    },
    "haproxy_config": {
      "value": "frontend kubeAPI\n    bind :6443\n    mode tcp\n    default_backend kubeAPI_backend\nfrontend konnectivity\n    bind :8132\n    mode tcp\n    default_backend konnectivity_backend\nfrontend controllerJoinAPI\n    bind :9443\n    mode tcp\n    default_backend controllerJoinAPI_backend\n\nbackend kubeAPI_backend\n    mode tcp\n    server k0s-controller-1 172.16.113.230:6443 check check-ssl verify none\n    server k0s-controller-2 172.16.102.233:6443 check check-ssl verify none\n    server k0s-controller-3 172.16.112.175:6443 check check-ssl verify none\nbackend konnectivity_backend\n    mode tcp\n    server k0s-controller-1 172.16.113.230:8132 check check-ssl verify none\n    server k0s-controller-2 172.16.102.233:8132 check check-ssl verify none\n    server k0s-controller-3 172.16.112.175:8132 check check-ssl verify none\nbackend controllerJoinAPI_backend\n    mode tcp\n    server k0s-controller-1 172.16.113.230:9443 check check-ssl verify none\n    server k0s-controller-2 172.16.102.233:9443 check check-ssl verify none\n    server k0s-controller-3 172.16.112.175:9443 check check-ssl verify none\n\nlisten stats\n   bind *:9000\n   mode http\n   stats enable\n   stats uri /",
      "type": "string"
    },
    "k0s_cluster": {
      "value": "\"apiVersion\": \"k0sctl.k0sproject.io/v1beta1\"\n\"kind\": \"cluster\"\n\"metadata\":\n  \"name\": \"k0s-cluster\"\n\"spec\":\n  \"hosts\":\n  - \"role\": \"controller\"\n    \"ssh\":\n      \"address\": \"172.16.113.230\"\n      \"port\": 22\n      \"user\": \"vxw59196\"\n  - \"role\": \"controller\"\n    \"ssh\":\n      \"address\": \"172.16.102.233\"\n      \"port\": 22\n      \"user\": \"vxw59196\"\n  - \"role\": \"controller\"\n    \"ssh\":\n      \"address\": \"172.16.112.175\"\n      \"port\": 22\n      \"user\": \"vxw59196\"\n  - \"role\": \"worker\"\n    \"ssh\":\n      \"address\": \"172.16.103.226\"\n      \"port\": 22\n      \"user\": \"vxw59196\"\n  - \"role\": \"worker\"\n    \"ssh\":\n      \"address\": \"172.16.101.132\"\n      \"port\": 22\n      \"user\": \"vxw59196\"\n  - \"role\": \"worker\"\n    \"ssh\":\n      \"address\": \"172.16.101.222\"\n      \"port\": 22\n      \"user\": \"vxw59196\"\n  - \"role\": \"worker\"\n    \"ssh\":\n      \"address\": \"172.16.103.97\"\n      \"port\": 22\n      \"user\": \"vxw59196\"\n  - \"role\": \"worker\"\n    \"ssh\":\n      \"address\": \"172.16.113.154\"\n      \"port\": 22\n      \"user\": \"vxw59196\"\n  - \"role\": \"worker\"\n    \"ssh\":\n      \"address\": \"172.16.112.157\"\n      \"port\": 22\n      \"user\": \"vxw59196\"\n  - \"role\": \"worker\"\n    \"ssh\":\n      \"address\": \"172.16.113.242\"\n      \"port\": 22\n      \"user\": \"vxw59196\"\n  \"k0s\":\n    \"config\":\n      \"apiVersion\": \"k0s.k0sproject.io/v1beta1\"\n      \"kind\": \"cluster\"\n      \"metadata\":\n        \"name\": \"k0s\"\n      \"spec\":\n        \"api\":\n          \"externalAddress\": \"172.16.101.228\"\n          \"sans\": \"172.16.101.228\"\n        \"network\":\n          \"provider\": \"custom\"\n    \"dynamicConfig\": false\n    \"version\": \"1.24.7+k0s.0\"\n",
      "type": "string"
    }
  },
  "resources": [
    {
      "mode": "managed",
      "type": "openstack_compute_instance_v2",
      "name": "k0s-app-workers",
      "provider": "provider[\"registry.terraform.io/terraform-provider-openstack/openstack\"]",
      "instances": [
        {
          "index_key": 0,
          "schema_version": 0,
          "attributes": {
            "access_ip_v4": "172.16.103.226",
            "access_ip_v6": "",
            "admin_pass": null,
            "all_metadata": {},
            "all_tags": [],
            "availability_zone": "ceph",
            "availability_zone_hints": null,
            "block_device": [],
            "config_drive": null,
            "flavor_id": "11",
            "flavor_name": "c1.xlarge",
            "floating_ip": null,
            "force_delete": false,
            "id": "4819d85a-2ef3-45da-b051-0bc6774d0191",
            "image_id": "0eedaf19-2ead-44bf-84e4-3334ad772da1",
            "image_name": "ubuntu-focal-20.04-nogui",
            "key_pair": "vxw59196",
            "metadata": null,
            "name": "k0s-app-worker-1",
            "network": [
              {
                "access_network": false,
                "fixed_ip_v4": "172.16.103.226",
                "fixed_ip_v6": "",
                "floating_ip": "",
                "mac": "fa:ca:ad:a2:ba:f9",
                "name": "Internal",
                "port": "",
                "uuid": "5be315b7-7ebd-4254-97fe-18c1df501538"
              }
            ],
            "network_mode": null,
            "personality": [],
            "power_state": "active",
            "region": "RegionOne",
            "scheduler_hints": [],
            "security_groups": [
              "use-host-firewall"
            ],
            "stop_before_destroy": false,
            "tags": [],
            "timeouts": null,
            "user_data": null,
            "vendor_options": [],
            "volume": []
          },
          "sensitive_attributes": [],
          "private": "eyJlMmJmYjczMC1lY2FhLTExZTYtOGY4OC0zNDM2M2JjN2M0YzAiOnsiY3JlYXRlIjoxODAwMDAwMDAwMDAwLCJkZWxldGUiOjE4MDAwMDAwMDAwMDAsInVwZGF0ZSI6MTgwMDAwMDAwMDAwMH19",
          "dependencies": [
            "openstack_compute_keypair_v2.keypair"
          ]
        },
        {
          "index_key": 1,
          "schema_version": 0,
          "attributes": {
            "access_ip_v4": "172.16.101.132",
            "access_ip_v6": "",
            "admin_pass": null,
            "all_metadata": {},
            "all_tags": [],
            "availability_zone": "ceph",
            "availability_zone_hints": null,
            "block_device": [],
            "config_drive": null,
            "flavor_id": "11",
            "flavor_name": "c1.xlarge",
            "floating_ip": null,
            "force_delete": false,
            "id": "53ab22d2-a96c-4487-9aff-c15f0ec4885d",
            "image_id": "0eedaf19-2ead-44bf-84e4-3334ad772da1",
            "image_name": "ubuntu-focal-20.04-nogui",
            "key_pair": "vxw59196",
            "metadata": null,
            "name": "k0s-app-worker-2",
            "network": [
              {
                "access_network": false,
                "fixed_ip_v4": "172.16.101.132",
                "fixed_ip_v6": "",
                "floating_ip": "",
                "mac": "fa:ca:ad:04:61:07",
                "name": "Internal",
                "port": "",
                "uuid": ""
              }
            ],
            "network_mode": null,
            "personality": [],
            "power_state": "active",
            "region": "RegionOne",
            "scheduler_hints": [],
            "security_groups": [
              "use-host-firewall"
            ],
            "stop_before_destroy": false,
            "tags": null,
            "timeouts": null,
            "user_data": null,
            "vendor_options": [],
            "volume": []
          },
          "sensitive_attributes": [],
          "private": "eyJlMmJmYjczMC1lY2FhLTExZTYtOGY4OC0zNDM2M2JjN2M0YzAiOnsiY3JlYXRlIjoxODAwMDAwMDAwMDAwLCJkZWxldGUiOjE4MDAwMDAwMDAwMDAsInVwZGF0ZSI6MTgwMDAwMDAwMDAwMH19",
          "dependencies": [
            "openstack_compute_keypair_v2.keypair"
          ]
        },
        {
          "index_key": 2,
          "schema_version": 0,
          "attributes": {
            "access_ip_v4": "172.16.101.222",
            "access_ip_v6": "",
            "admin_pass": null,
            "all_metadata": {},
            "all_tags": [],
            "availability_zone": "ceph",
            "availability_zone_hints": null,
            "block_device": [],
            "config_drive": null,
            "flavor_id": "11",
            "flavor_name": "c1.xlarge",
            "floating_ip": null,
            "force_delete": false,
            "id": "7ae5cdcf-bcbd-41ab-ab3a-9a713d695566",
            "image_id": "0eedaf19-2ead-44bf-84e4-3334ad772da1",
            "image_name": "ubuntu-focal-20.04-nogui",
            "key_pair": "vxw59196",
            "metadata": null,
            "name": "k0s-app-worker-3",
            "network": [
              {
                "access_network": false,
                "fixed_ip_v4": "172.16.101.222",
                "fixed_ip_v6": "",
                "floating_ip": "",
                "mac": "fa:ca:ad:6b:4b:f4",
                "name": "Internal",
                "port": "",
                "uuid": ""
              }
            ],
            "network_mode": null,
            "personality": [],
            "power_state": "active",
            "region": "RegionOne",
            "scheduler_hints": [],
            "security_groups": [
              "use-host-firewall"
            ],
            "stop_before_destroy": false,
            "tags": null,
            "timeouts": null,
            "user_data": null,
            "vendor_options": [],
            "volume": []
          },
          "sensitive_attributes": [],
          "private": "eyJlMmJmYjczMC1lY2FhLTExZTYtOGY4OC0zNDM2M2JjN2M0YzAiOnsiY3JlYXRlIjoxODAwMDAwMDAwMDAwLCJkZWxldGUiOjE4MDAwMDAwMDAwMDAsInVwZGF0ZSI6MTgwMDAwMDAwMDAwMH19",
          "dependencies": [
            "openstack_compute_keypair_v2.keypair"
          ]
        },
        {
          "index_key": 3,
          "schema_version": 0,
          "attributes": {
            "access_ip_v4": "172.16.103.97",
            "access_ip_v6": "",
            "admin_pass": null,
            "all_metadata": {},
            "all_tags": [],
            "availability_zone": "ceph",
            "availability_zone_hints": null,
            "block_device": [],
            "config_drive": null,
            "flavor_id": "11",
            "flavor_name": "c1.xlarge",
            "floating_ip": null,
            "force_delete": false,
            "id": "c07e3262-37f0-459a-8f8f-6227853a6839",
            "image_id": "0eedaf19-2ead-44bf-84e4-3334ad772da1",
            "image_name": "ubuntu-focal-20.04-nogui",
            "key_pair": "vxw59196",
            "metadata": null,
            "name": "k0s-app-worker-4",
            "network": [
              {
                "access_network": false,
                "fixed_ip_v4": "172.16.103.97",
                "fixed_ip_v6": "",
                "floating_ip": "",
                "mac": "fa:ca:ad:22:d5:5a",
                "name": "Internal",
                "port": "",
                "uuid": ""
              }
            ],
            "network_mode": null,
            "personality": [],
            "power_state": "active",
            "region": "RegionOne",
            "scheduler_hints": [],
            "security_groups": [
              "use-host-firewall"
            ],
            "stop_before_destroy": false,
            "tags": null,
            "timeouts": null,
            "user_data": null,
            "vendor_options": [],
            "volume": []
          },
          "sensitive_attributes": [],
          "private": "eyJlMmJmYjczMC1lY2FhLTExZTYtOGY4OC0zNDM2M2JjN2M0YzAiOnsiY3JlYXRlIjoxODAwMDAwMDAwMDAwLCJkZWxldGUiOjE4MDAwMDAwMDAwMDAsInVwZGF0ZSI6MTgwMDAwMDAwMDAwMH19",
          "dependencies": [
            "openstack_compute_keypair_v2.keypair"
          ]
        }
      ]
    },
    {
      "mode": "managed",
      "type": "openstack_compute_instance_v2",
      "name": "k0s-controllers",
      "provider": "provider[\"registry.terraform.io/terraform-provider-openstack/openstack\"]",
      "instances": [
        {
          "index_key": 0,
          "schema_version": 0,
          "attributes": {
            "access_ip_v4": "172.16.113.230",
            "access_ip_v6": "",
            "admin_pass": null,
            "all_metadata": {},
            "all_tags": [],
            "availability_zone": "ceph",
            "availability_zone_hints": null,
            "block_device": [],
            "config_drive": null,
            "flavor_id": "6cf0813c-1ba2-4999-b7eb-34d71a2a4199",
            "flavor_name": "c3.medium",
            "floating_ip": null,
            "force_delete": false,
            "id": "1c0a5bdd-c8db-44e7-a80c-b5b2fba69335",
            "image_id": "0eedaf19-2ead-44bf-84e4-3334ad772da1",
            "image_name": "ubuntu-focal-20.04-nogui",
            "key_pair": "vxw59196",
            "metadata": null,
            "name": "k0s-controller-1",
            "network": [
              {
                "access_network": false,
                "fixed_ip_v4": "172.16.113.230",
                "fixed_ip_v6": "",
                "floating_ip": "",
                "mac": "fa:ca:ad:af:d2:71",
                "name": "Internal",
                "port": "",
                "uuid": "5be315b7-7ebd-4254-97fe-18c1df501538"
              }
            ],
            "network_mode": null,
            "personality": [],
            "power_state": "active",
            "region": "RegionOne",
            "scheduler_hints": [],
            "security_groups": [
              "use-host-firewall"
            ],
            "stop_before_destroy": false,
            "tags": [],
            "timeouts": null,
            "user_data": null,
            "vendor_options": [],
            "volume": []
          },
          "sensitive_attributes": [],
          "private": "eyJlMmJmYjczMC1lY2FhLTExZTYtOGY4OC0zNDM2M2JjN2M0YzAiOnsiY3JlYXRlIjoxODAwMDAwMDAwMDAwLCJkZWxldGUiOjE4MDAwMDAwMDAwMDAsInVwZGF0ZSI6MTgwMDAwMDAwMDAwMH19",
          "dependencies": [
            "openstack_compute_keypair_v2.keypair"
          ]
        },
        {
          "index_key": 1,
          "schema_version": 0,
          "attributes": {
            "access_ip_v4": "172.16.102.233",
            "access_ip_v6": "",
            "admin_pass": null,
            "all_metadata": {},
            "all_tags": [],
            "availability_zone": "ceph",
            "availability_zone_hints": null,
            "block_device": [],
            "config_drive": null,
            "flavor_id": "6cf0813c-1ba2-4999-b7eb-34d71a2a4199",
            "flavor_name": "c3.medium",
            "floating_ip": null,
            "force_delete": false,
            "id": "f25d32a0-0626-4c1d-a287-f33ccbd98f64",
            "image_id": "0eedaf19-2ead-44bf-84e4-3334ad772da1",
            "image_name": "ubuntu-focal-20.04-nogui",
            "key_pair": "vxw59196",
            "metadata": null,
            "name": "k0s-controller-2",
            "network": [
              {
                "access_network": false,
                "fixed_ip_v4": "172.16.102.233",
                "fixed_ip_v6": "",
                "floating_ip": "",
                "mac": "fa:ca:ad:a5:cb:1d",
                "name": "Internal",
                "port": "",
                "uuid": "5be315b7-7ebd-4254-97fe-18c1df501538"
              }
            ],
            "network_mode": null,
            "personality": [],
            "power_state": "active",
            "region": "RegionOne",
            "scheduler_hints": [],
            "security_groups": [
              "use-host-firewall"
            ],
            "stop_before_destroy": false,
            "tags": [],
            "timeouts": null,
            "user_data": null,
            "vendor_options": [],
            "volume": []
          },
          "sensitive_attributes": [],
          "private": "eyJlMmJmYjczMC1lY2FhLTExZTYtOGY4OC0zNDM2M2JjN2M0YzAiOnsiY3JlYXRlIjoxODAwMDAwMDAwMDAwLCJkZWxldGUiOjE4MDAwMDAwMDAwMDAsInVwZGF0ZSI6MTgwMDAwMDAwMDAwMH19",
          "dependencies": [
            "openstack_compute_keypair_v2.keypair"
          ]
        },
        {
          "index_key": 2,
          "schema_version": 0,
          "attributes": {
            "access_ip_v4": "172.16.112.175",
            "access_ip_v6": "",
            "admin_pass": null,
            "all_metadata": {},
            "all_tags": [],
            "availability_zone": "ceph",
            "availability_zone_hints": null,
            "block_device": [],
            "config_drive": null,
            "flavor_id": "6cf0813c-1ba2-4999-b7eb-34d71a2a4199",
            "flavor_name": "c3.medium",
            "floating_ip": null,
            "force_delete": false,
            "id": "1158776e-14ed-4056-b9a6-02ce7f646254",
            "image_id": "0eedaf19-2ead-44bf-84e4-3334ad772da1",
            "image_name": "ubuntu-focal-20.04-nogui",
            "key_pair": "vxw59196",
            "metadata": null,
            "name": "k0s-controller-3",
            "network": [
              {
                "access_network": false,
                "fixed_ip_v4": "172.16.112.175",
                "fixed_ip_v6": "",
                "floating_ip": "",
                "mac": "fa:ca:ad:cc:d0:d0",
                "name": "Internal",
                "port": "",
                "uuid": "5be315b7-7ebd-4254-97fe-18c1df501538"
              }
            ],
            "network_mode": null,
            "personality": [],
            "power_state": "active",
            "region": "RegionOne",
            "scheduler_hints": [],
            "security_groups": [
              "use-host-firewall"
            ],
            "stop_before_destroy": false,
            "tags": [],
            "timeouts": null,
            "user_data": null,
            "vendor_options": [],
            "volume": []
          },
          "sensitive_attributes": [],
          "private": "eyJlMmJmYjczMC1lY2FhLTExZTYtOGY4OC0zNDM2M2JjN2M0YzAiOnsiY3JlYXRlIjoxODAwMDAwMDAwMDAwLCJkZWxldGUiOjE4MDAwMDAwMDAwMDAsInVwZGF0ZSI6MTgwMDAwMDAwMDAwMH19",
          "dependencies": [
            "openstack_compute_keypair_v2.keypair"
          ]
        }
      ]
    },
    {
      "mode": "managed",
      "type": "openstack_compute_instance_v2",
      "name": "k0s-load-balancer",
      "provider": "provider[\"registry.terraform.io/terraform-provider-openstack/openstack\"]",
      "instances": [
        {
          "schema_version": 0,
          "attributes": {
            "access_ip_v4": "172.16.101.228",
            "access_ip_v6": "",
            "admin_pass": null,
            "all_metadata": {},
            "all_tags": [],
            "availability_zone": "ceph",
            "availability_zone_hints": null,
            "block_device": [],
            "config_drive": null,
            "flavor_id": "6cf0813c-1ba2-4999-b7eb-34d71a2a4199",
            "flavor_name": "c3.medium",
            "floating_ip": null,
            "force_delete": false,
            "id": "685670c4-7e3a-45b5-ab08-f0145edb7431",
            "image_id": "0eedaf19-2ead-44bf-84e4-3334ad772da1",
            "image_name": "ubuntu-focal-20.04-nogui",
            "key_pair": "vxw59196",
            "metadata": null,
            "name": "k0s-load-balancer",
            "network": [
              {
                "access_network": false,
                "fixed_ip_v4": "172.16.101.228",
                "fixed_ip_v6": "",
                "floating_ip": "",
                "mac": "fa:ca:ad:22:f1:f0",
                "name": "Internal",
                "port": "",
                "uuid": ""
              }
            ],
            "network_mode": null,
            "personality": [],
            "power_state": "active",
            "region": "RegionOne",
            "scheduler_hints": [],
            "security_groups": [
              "use-host-firewall"
            ],
            "stop_before_destroy": false,
            "tags": null,
            "timeouts": null,
            "user_data": null,
            "vendor_options": [],
            "volume": []
          },
          "sensitive_attributes": [],
          "private": "eyJlMmJmYjczMC1lY2FhLTExZTYtOGY4OC0zNDM2M2JjN2M0YzAiOnsiY3JlYXRlIjoxODAwMDAwMDAwMDAwLCJkZWxldGUiOjE4MDAwMDAwMDAwMDAsInVwZGF0ZSI6MTgwMDAwMDAwMDAwMH19",
          "dependencies": [
            "openstack_compute_keypair_v2.keypair"
          ]
        }
      ]
    },
    {
      "mode": "managed",
      "type": "openstack_compute_instance_v2",
      "name": "k0s-queue-workers",
      "provider": "provider[\"registry.terraform.io/terraform-provider-openstack/openstack\"]",
      "instances": [
        {
          "index_key": 0,
          "schema_version": 0,
          "attributes": {
            "access_ip_v4": "172.16.113.154",
            "access_ip_v6": "",
            "admin_pass": null,
            "all_metadata": {},
            "all_tags": [],
            "availability_zone": "ceph",
            "availability_zone_hints": null,
            "block_device": [],
            "config_drive": null,
            "flavor_id": "56786106-b241-4d27-893f-c81c8d57bd05",
            "flavor_name": "l2.small",
            "floating_ip": null,
            "force_delete": false,
            "id": "4382941d-e9da-4aea-9157-3fc102b00766",
            "image_id": "0eedaf19-2ead-44bf-84e4-3334ad772da1",
            "image_name": "ubuntu-focal-20.04-nogui",
            "key_pair": "vxw59196",
            "metadata": null,
            "name": "k0s-queue-worker-1",
            "network": [
              {
                "access_network": false,
                "fixed_ip_v4": "172.16.113.154",
                "fixed_ip_v6": "",
                "floating_ip": "",
                "mac": "fa:ca:ad:e4:7f:bc",
                "name": "Internal",
                "port": "",
                "uuid": "5be315b7-7ebd-4254-97fe-18c1df501538"
              }
            ],
            "network_mode": null,
            "personality": [],
            "power_state": "active",
            "region": "RegionOne",
            "scheduler_hints": [],
            "security_groups": [
              "use-host-firewall"
            ],
            "stop_before_destroy": false,
            "tags": [],
            "timeouts": null,
            "user_data": null,
            "vendor_options": [],
            "volume": []
          },
          "sensitive_attributes": [],
          "private": "eyJlMmJmYjczMC1lY2FhLTExZTYtOGY4OC0zNDM2M2JjN2M0YzAiOnsiY3JlYXRlIjoxODAwMDAwMDAwMDAwLCJkZWxldGUiOjE4MDAwMDAwMDAwMDAsInVwZGF0ZSI6MTgwMDAwMDAwMDAwMH19",
          "dependencies": [
            "openstack_compute_keypair_v2.keypair"
          ]
        },
        {
          "index_key": 1,
          "schema_version": 0,
          "attributes": {
            "access_ip_v4": "172.16.112.157",
            "access_ip_v6": "",
            "admin_pass": null,
            "all_metadata": {},
            "all_tags": [],
            "availability_zone": "ceph",
            "availability_zone_hints": null,
            "block_device": [],
            "config_drive": null,
            "flavor_id": "56786106-b241-4d27-893f-c81c8d57bd05",
            "flavor_name": "l2.small",
            "floating_ip": null,
            "force_delete": false,
            "id": "a697c067-3c8c-4467-98ea-9df7eb457378",
            "image_id": "0eedaf19-2ead-44bf-84e4-3334ad772da1",
            "image_name": "ubuntu-focal-20.04-nogui",
            "key_pair": "vxw59196",
            "metadata": null,
            "name": "k0s-queue-worker-2",
            "network": [
              {
                "access_network": false,
                "fixed_ip_v4": "172.16.112.157",
                "fixed_ip_v6": "",
                "floating_ip": "",
                "mac": "fa:ca:ad:de:dc:90",
                "name": "Internal",
                "port": "",
                "uuid": "5be315b7-7ebd-4254-97fe-18c1df501538"
              }
            ],
            "network_mode": null,
            "personality": [],
            "power_state": "active",
            "region": "RegionOne",
            "scheduler_hints": [],
            "security_groups": [
              "use-host-firewall"
            ],
            "stop_before_destroy": false,
            "tags": [],
            "timeouts": null,
            "user_data": null,
            "vendor_options": [],
            "volume": []
          },
          "sensitive_attributes": [],
          "private": "eyJlMmJmYjczMC1lY2FhLTExZTYtOGY4OC0zNDM2M2JjN2M0YzAiOnsiY3JlYXRlIjoxODAwMDAwMDAwMDAwLCJkZWxldGUiOjE4MDAwMDAwMDAwMDAsInVwZGF0ZSI6MTgwMDAwMDAwMDAwMH19",
          "dependencies": [
            "openstack_compute_keypair_v2.keypair"
          ]
        },
        {
          "index_key": 2,
          "schema_version": 0,
          "attributes": {
            "access_ip_v4": "172.16.113.242",
            "access_ip_v6": "",
            "admin_pass": null,
            "all_metadata": {},
            "all_tags": [],
            "availability_zone": "ceph",
            "availability_zone_hints": null,
            "block_device": [],
            "config_drive": null,
            "flavor_id": "56786106-b241-4d27-893f-c81c8d57bd05",
            "flavor_name": "l2.small",
            "floating_ip": null,
            "force_delete": false,
            "id": "273367a2-ef01-4659-9f59-eac81e7206b1",
            "image_id": "0eedaf19-2ead-44bf-84e4-3334ad772da1",
            "image_name": "ubuntu-focal-20.04-nogui",
            "key_pair": "vxw59196",
            "metadata": null,
            "name": "k0s-queue-worker-3",
            "network": [
              {
                "access_network": false,
                "fixed_ip_v4": "172.16.113.242",
                "fixed_ip_v6": "",
                "floating_ip": "",
                "mac": "fa:ca:ad:4e:17:dc",
                "name": "Internal",
                "port": "",
                "uuid": "5be315b7-7ebd-4254-97fe-18c1df501538"
              }
            ],
            "network_mode": null,
            "personality": [],
            "power_state": "active",
            "region": "RegionOne",
            "scheduler_hints": [],
            "security_groups": [
              "use-host-firewall"
            ],
            "stop_before_destroy": false,
            "tags": [],
            "timeouts": null,
            "user_data": null,
            "vendor_options": [],
            "volume": []
          },
          "sensitive_attributes": [],
          "private": "eyJlMmJmYjczMC1lY2FhLTExZTYtOGY4OC0zNDM2M2JjN2M0YzAiOnsiY3JlYXRlIjoxODAwMDAwMDAwMDAwLCJkZWxldGUiOjE4MDAwMDAwMDAwMDAsInVwZGF0ZSI6MTgwMDAwMDAwMDAwMH19",
          "dependencies": [
            "openstack_compute_keypair_v2.keypair"
          ]
        }
      ]
    },
    {
      "mode": "managed",
      "type": "openstack_compute_keypair_v2",
      "name": "keypair",
      "provider": "provider[\"registry.terraform.io/terraform-provider-openstack/openstack\"]",
      "instances": [
        {
          "schema_version": 0,
          "attributes": {
            "fingerprint": "74:39:90:f4:2c:f7:cf:80:e0:83:b7:7f:c0:21:6c:d4",
            "id": "vxw59196",
            "name": "vxw59196",
            "private_key": "",
            "public_key": "ssh-rsa AAAAB3NzaC1yc2EAAAADAQABAAABAQDE973x4riglYeO/8QRF2Pbr0rb7W4Q40apqJf1UUnBnKZ04wPmPq9R+20JDt/YpX4i+Nfxv8peFu6+wqrdHLbNWTnQoUq+jWGass5MzadWhaW8Bc8BRuMgCx3dBxLnHKAH9Lrr9PKhY99w2573B8sb5SdJKDJQMCqjpVlQKtgOaJEHZ3iE9eBKDj0z+FveIpA/huLFPXeLmYc3u/DpGgkc59x5xnLPuh4Va0IJ+9DEsru5NYFLVACVW8QsNozWYONs/2xUjO4uL1Ue5wfFoRWU87lgJ8YZNXj1aszrJD4i51cD8Zar1dbHc2CHMDF0oyJBpXd6IfN4F5R4MUVizmtD samuel.jones@stfc.ac.uk",
            "region": "RegionOne",
            "user_id": "",
            "value_specs": null
          },
          "sensitive_attributes": [],
          "private": "bnVsbA=="
        }
      ]
    }
  ],
  "check_results": null
}
